
Microsoft Visual Studio Solution File, Format Version 12.00
# Visual Studio Express 15 for Windows Desktop
VisualStudioVersion = 15.0.28307.1231
MinimumVisualStudioVersion = 10.0.40219.1
Project("{FAE04EC0-301F-11D3-BF4B-00C04F79EFBC}") = "ex5_16", "ex5_16.csproj", "{EE3CEC3B-C830-465A-A030-411C8A92DBB4}"
EndProject
Global
	GlobalSection(SolutionConfigurationPlatforms) = preSolution
		Debug|Any CPU = Debug|Any CPU
		Release|Any CPU = Release|Any CPU
	EndGlobalSection
	GlobalSection(ProjectConfigurationPlatforms) = postSolution
		{EE3CEC3B-C830-465A-A030-411C8A92DBB4}.Debug|Any CPU.ActiveCfg = Debug|Any CPU
		{EE3CEC3B-C830-465A-A030-411C8A92DBB4}.Debug|Any CPU.Build.0 = Debug|Any CPU
		{EE3CEC3B-C830-465A-A030-411C8A92DBB4}.Release|Any CPU.ActiveCfg = Release|Any CPU
		{EE3CEC3B-C830-465A-A030-411C8A92DBB4}.Release|Any CPU.Build.0 = Release|Any CPU
	EndGlobalSection
	GlobalSection(SolutionProperties) = preSolution
		HideSolutionNode = FALSE
	EndGlobalSection
	GlobalSection(ExtensibilityGlobals) = postSolution
		SolutionGuid = {5576B027-F58A-43F1-AC15-C5EA10B7ECC1}
	EndGlobalSection
EndGlobal
