
Microsoft Visual Studio Solution File, Format Version 12.00
# Visual Studio Express 15 for Windows Desktop
VisualStudioVersion = 15.0.28307.1231
MinimumVisualStudioVersion = 10.0.40219.1
Project("{FAE04EC0-301F-11D3-BF4B-00C04F79EFBC}") = "ex7_10", "ex7_10.csproj", "{2880B76A-C535-4B45-AADE-91F58A660707}"
EndProject
Global
	GlobalSection(SolutionConfigurationPlatforms) = preSolution
		Debug|Any CPU = Debug|Any CPU
		Release|Any CPU = Release|Any CPU
	EndGlobalSection
	GlobalSection(ProjectConfigurationPlatforms) = postSolution
		{2880B76A-C535-4B45-AADE-91F58A660707}.Debug|Any CPU.ActiveCfg = Debug|Any CPU
		{2880B76A-C535-4B45-AADE-91F58A660707}.Debug|Any CPU.Build.0 = Debug|Any CPU
		{2880B76A-C535-4B45-AADE-91F58A660707}.Release|Any CPU.ActiveCfg = Release|Any CPU
		{2880B76A-C535-4B45-AADE-91F58A660707}.Release|Any CPU.Build.0 = Release|Any CPU
	EndGlobalSection
	GlobalSection(SolutionProperties) = preSolution
		HideSolutionNode = FALSE
	EndGlobalSection
	GlobalSection(ExtensibilityGlobals) = postSolution
		SolutionGuid = {51367643-AA42-48F2-93C4-D93B814C07CD}
	EndGlobalSection
EndGlobal
