
Microsoft Visual Studio Solution File, Format Version 12.00
# Visual Studio Express 15 for Windows Desktop
VisualStudioVersion = 15.0.28307.1231
MinimumVisualStudioVersion = 10.0.40219.1
Project("{FAE04EC0-301F-11D3-BF4B-00C04F79EFBC}") = "ex8_7", "ex8_7.csproj", "{3847E2DD-77E7-41F8-9537-79CC4AF8453D}"
EndProject
Global
	GlobalSection(SolutionConfigurationPlatforms) = preSolution
		Debug|Any CPU = Debug|Any CPU
		Release|Any CPU = Release|Any CPU
	EndGlobalSection
	GlobalSection(ProjectConfigurationPlatforms) = postSolution
		{3847E2DD-77E7-41F8-9537-79CC4AF8453D}.Debug|Any CPU.ActiveCfg = Debug|Any CPU
		{3847E2DD-77E7-41F8-9537-79CC4AF8453D}.Debug|Any CPU.Build.0 = Debug|Any CPU
		{3847E2DD-77E7-41F8-9537-79CC4AF8453D}.Release|Any CPU.ActiveCfg = Release|Any CPU
		{3847E2DD-77E7-41F8-9537-79CC4AF8453D}.Release|Any CPU.Build.0 = Release|Any CPU
	EndGlobalSection
	GlobalSection(SolutionProperties) = preSolution
		HideSolutionNode = FALSE
	EndGlobalSection
	GlobalSection(ExtensibilityGlobals) = postSolution
		SolutionGuid = {8067F2C6-45E5-432A-8690-37F3103C9F74}
	EndGlobalSection
EndGlobal
