
Microsoft Visual Studio Solution File, Format Version 12.00
# Visual Studio Express 15 for Windows Desktop
VisualStudioVersion = 15.0.28307.1231
MinimumVisualStudioVersion = 10.0.40219.1
Project("{FAE04EC0-301F-11D3-BF4B-00C04F79EFBC}") = "ex_077", "ex_077.csproj", "{CC657BB1-1397-46DE-8521-B605B2BA79B7}"
EndProject
Global
	GlobalSection(SolutionConfigurationPlatforms) = preSolution
		Debug|Any CPU = Debug|Any CPU
		Release|Any CPU = Release|Any CPU
	EndGlobalSection
	GlobalSection(ProjectConfigurationPlatforms) = postSolution
		{CC657BB1-1397-46DE-8521-B605B2BA79B7}.Debug|Any CPU.ActiveCfg = Debug|Any CPU
		{CC657BB1-1397-46DE-8521-B605B2BA79B7}.Debug|Any CPU.Build.0 = Debug|Any CPU
		{CC657BB1-1397-46DE-8521-B605B2BA79B7}.Release|Any CPU.ActiveCfg = Release|Any CPU
		{CC657BB1-1397-46DE-8521-B605B2BA79B7}.Release|Any CPU.Build.0 = Release|Any CPU
	EndGlobalSection
	GlobalSection(SolutionProperties) = preSolution
		HideSolutionNode = FALSE
	EndGlobalSection
	GlobalSection(ExtensibilityGlobals) = postSolution
		SolutionGuid = {0F36299A-1544-4CD4-A5CF-18CBA4588EED}
	EndGlobalSection
EndGlobal
