
Microsoft Visual Studio Solution File, Format Version 12.00
# Visual Studio Express 15 for Windows Desktop
VisualStudioVersion = 15.0.28307.1231
MinimumVisualStudioVersion = 10.0.40219.1
Project("{FAE04EC0-301F-11D3-BF4B-00C04F79EFBC}") = "ex_112", "ex_112.csproj", "{118CF75A-71E5-44E5-B5B5-EC51DD0E8057}"
EndProject
Global
	GlobalSection(SolutionConfigurationPlatforms) = preSolution
		Debug|Any CPU = Debug|Any CPU
		Release|Any CPU = Release|Any CPU
	EndGlobalSection
	GlobalSection(ProjectConfigurationPlatforms) = postSolution
		{118CF75A-71E5-44E5-B5B5-EC51DD0E8057}.Debug|Any CPU.ActiveCfg = Debug|Any CPU
		{118CF75A-71E5-44E5-B5B5-EC51DD0E8057}.Debug|Any CPU.Build.0 = Debug|Any CPU
		{118CF75A-71E5-44E5-B5B5-EC51DD0E8057}.Release|Any CPU.ActiveCfg = Release|Any CPU
		{118CF75A-71E5-44E5-B5B5-EC51DD0E8057}.Release|Any CPU.Build.0 = Release|Any CPU
	EndGlobalSection
	GlobalSection(SolutionProperties) = preSolution
		HideSolutionNode = FALSE
	EndGlobalSection
	GlobalSection(ExtensibilityGlobals) = postSolution
		SolutionGuid = {914482B7-8E0F-4142-8793-C0CBB8901257}
	EndGlobalSection
EndGlobal
