
Microsoft Visual Studio Solution File, Format Version 12.00
# Visual Studio Express 15 for Windows Desktop
VisualStudioVersion = 15.0.28307.1231
MinimumVisualStudioVersion = 10.0.40219.1
Project("{FAE04EC0-301F-11D3-BF4B-00C04F79EFBC}") = "ex12_2", "ex12_2.csproj", "{35053508-DCF0-4A1A-AA3F-E15A100BA824}"
EndProject
Global
	GlobalSection(SolutionConfigurationPlatforms) = preSolution
		Debug|Any CPU = Debug|Any CPU
		Release|Any CPU = Release|Any CPU
	EndGlobalSection
	GlobalSection(ProjectConfigurationPlatforms) = postSolution
		{35053508-DCF0-4A1A-AA3F-E15A100BA824}.Debug|Any CPU.ActiveCfg = Debug|Any CPU
		{35053508-DCF0-4A1A-AA3F-E15A100BA824}.Debug|Any CPU.Build.0 = Debug|Any CPU
		{35053508-DCF0-4A1A-AA3F-E15A100BA824}.Release|Any CPU.ActiveCfg = Release|Any CPU
		{35053508-DCF0-4A1A-AA3F-E15A100BA824}.Release|Any CPU.Build.0 = Release|Any CPU
	EndGlobalSection
	GlobalSection(SolutionProperties) = preSolution
		HideSolutionNode = FALSE
	EndGlobalSection
	GlobalSection(ExtensibilityGlobals) = postSolution
		SolutionGuid = {049FADCA-38C7-4A95-8C91-809F85B22983}
	EndGlobalSection
EndGlobal
