
Microsoft Visual Studio Solution File, Format Version 12.00
# Visual Studio Express 15 for Windows Desktop
VisualStudioVersion = 15.0.28307.1231
MinimumVisualStudioVersion = 10.0.40219.1
Project("{FAE04EC0-301F-11D3-BF4B-00C04F79EFBC}") = "ex8_4", "ex8_4.csproj", "{A14DA3D7-0C64-4043-B1F8-B3BA83A1841E}"
EndProject
Global
	GlobalSection(SolutionConfigurationPlatforms) = preSolution
		Debug|Any CPU = Debug|Any CPU
		Release|Any CPU = Release|Any CPU
	EndGlobalSection
	GlobalSection(ProjectConfigurationPlatforms) = postSolution
		{A14DA3D7-0C64-4043-B1F8-B3BA83A1841E}.Debug|Any CPU.ActiveCfg = Debug|Any CPU
		{A14DA3D7-0C64-4043-B1F8-B3BA83A1841E}.Debug|Any CPU.Build.0 = Debug|Any CPU
		{A14DA3D7-0C64-4043-B1F8-B3BA83A1841E}.Release|Any CPU.ActiveCfg = Release|Any CPU
		{A14DA3D7-0C64-4043-B1F8-B3BA83A1841E}.Release|Any CPU.Build.0 = Release|Any CPU
	EndGlobalSection
	GlobalSection(SolutionProperties) = preSolution
		HideSolutionNode = FALSE
	EndGlobalSection
	GlobalSection(ExtensibilityGlobals) = postSolution
		SolutionGuid = {489E5426-6E0A-43F7-B0F1-C58721CA95BA}
	EndGlobalSection
EndGlobal
