
Microsoft Visual Studio Solution File, Format Version 12.00
# Visual Studio Express 15 for Windows Desktop
VisualStudioVersion = 15.0.28307.1231
MinimumVisualStudioVersion = 10.0.40219.1
Project("{FAE04EC0-301F-11D3-BF4B-00C04F79EFBC}") = "ex10_5", "ex10_5.csproj", "{40B2C033-1361-466C-B513-E7251B7F8019}"
EndProject
Global
	GlobalSection(SolutionConfigurationPlatforms) = preSolution
		Debug|Any CPU = Debug|Any CPU
		Release|Any CPU = Release|Any CPU
	EndGlobalSection
	GlobalSection(ProjectConfigurationPlatforms) = postSolution
		{40B2C033-1361-466C-B513-E7251B7F8019}.Debug|Any CPU.ActiveCfg = Debug|Any CPU
		{40B2C033-1361-466C-B513-E7251B7F8019}.Debug|Any CPU.Build.0 = Debug|Any CPU
		{40B2C033-1361-466C-B513-E7251B7F8019}.Release|Any CPU.ActiveCfg = Release|Any CPU
		{40B2C033-1361-466C-B513-E7251B7F8019}.Release|Any CPU.Build.0 = Release|Any CPU
	EndGlobalSection
	GlobalSection(SolutionProperties) = preSolution
		HideSolutionNode = FALSE
	EndGlobalSection
	GlobalSection(ExtensibilityGlobals) = postSolution
		SolutionGuid = {5B437C1A-A0B0-4A7D-B9A1-BACC9BCEA514}
	EndGlobalSection
EndGlobal
