
Microsoft Visual Studio Solution File, Format Version 12.00
# Visual Studio Version 16
VisualStudioVersion = 16.0.30011.22
MinimumVisualStudioVersion = 10.0.40219.1
Project("{FAE04EC0-301F-11D3-BF4B-00C04F79EFBC}") = "ex3_11", "ex3_11.csproj", "{F419AE30-1A8D-4305-ACFA-9E940DBEDAEF}"
EndProject
Global
	GlobalSection(SolutionConfigurationPlatforms) = preSolution
		Debug|Any CPU = Debug|Any CPU
		Release|Any CPU = Release|Any CPU
	EndGlobalSection
	GlobalSection(ProjectConfigurationPlatforms) = postSolution
		{F419AE30-1A8D-4305-ACFA-9E940DBEDAEF}.Debug|Any CPU.ActiveCfg = Debug|Any CPU
		{F419AE30-1A8D-4305-ACFA-9E940DBEDAEF}.Debug|Any CPU.Build.0 = Debug|Any CPU
		{F419AE30-1A8D-4305-ACFA-9E940DBEDAEF}.Release|Any CPU.ActiveCfg = Release|Any CPU
		{F419AE30-1A8D-4305-ACFA-9E940DBEDAEF}.Release|Any CPU.Build.0 = Release|Any CPU
	EndGlobalSection
	GlobalSection(SolutionProperties) = preSolution
		HideSolutionNode = FALSE
	EndGlobalSection
	GlobalSection(ExtensibilityGlobals) = postSolution
		SolutionGuid = {686D5BA7-DE3B-48EE-87E1-4D98E5A9D17F}
	EndGlobalSection
EndGlobal
