
Microsoft Visual Studio Solution File, Format Version 12.00
# Visual Studio Express 15 for Windows Desktop
VisualStudioVersion = 15.0.28307.1231
MinimumVisualStudioVersion = 10.0.40219.1
Project("{FAE04EC0-301F-11D3-BF4B-00C04F79EFBC}") = "ex_138", "ex_138.csproj", "{3DA7AFE2-5E75-42B3-B90B-FDCE341B97F9}"
EndProject
Global
	GlobalSection(SolutionConfigurationPlatforms) = preSolution
		Debug|Any CPU = Debug|Any CPU
		Release|Any CPU = Release|Any CPU
	EndGlobalSection
	GlobalSection(ProjectConfigurationPlatforms) = postSolution
		{3DA7AFE2-5E75-42B3-B90B-FDCE341B97F9}.Debug|Any CPU.ActiveCfg = Debug|Any CPU
		{3DA7AFE2-5E75-42B3-B90B-FDCE341B97F9}.Debug|Any CPU.Build.0 = Debug|Any CPU
		{3DA7AFE2-5E75-42B3-B90B-FDCE341B97F9}.Release|Any CPU.ActiveCfg = Release|Any CPU
		{3DA7AFE2-5E75-42B3-B90B-FDCE341B97F9}.Release|Any CPU.Build.0 = Release|Any CPU
	EndGlobalSection
	GlobalSection(SolutionProperties) = preSolution
		HideSolutionNode = FALSE
	EndGlobalSection
	GlobalSection(ExtensibilityGlobals) = postSolution
		SolutionGuid = {E0385355-FDD2-4A70-BD8B-4E69F42E13B5}
	EndGlobalSection
EndGlobal
