
Microsoft Visual Studio Solution File, Format Version 12.00
# Visual Studio Express 15 for Windows Desktop
VisualStudioVersion = 15.0.28307.1231
MinimumVisualStudioVersion = 10.0.40219.1
Project("{FAE04EC0-301F-11D3-BF4B-00C04F79EFBC}") = "ex_010", "ex_010.csproj", "{27EF8871-5894-49A0-8FD8-E9B6078A8CB0}"
EndProject
Global
	GlobalSection(SolutionConfigurationPlatforms) = preSolution
		Debug|Any CPU = Debug|Any CPU
		Release|Any CPU = Release|Any CPU
	EndGlobalSection
	GlobalSection(ProjectConfigurationPlatforms) = postSolution
		{27EF8871-5894-49A0-8FD8-E9B6078A8CB0}.Debug|Any CPU.ActiveCfg = Debug|Any CPU
		{27EF8871-5894-49A0-8FD8-E9B6078A8CB0}.Debug|Any CPU.Build.0 = Debug|Any CPU
		{27EF8871-5894-49A0-8FD8-E9B6078A8CB0}.Release|Any CPU.ActiveCfg = Release|Any CPU
		{27EF8871-5894-49A0-8FD8-E9B6078A8CB0}.Release|Any CPU.Build.0 = Release|Any CPU
	EndGlobalSection
	GlobalSection(SolutionProperties) = preSolution
		HideSolutionNode = FALSE
	EndGlobalSection
	GlobalSection(ExtensibilityGlobals) = postSolution
		SolutionGuid = {FDD293E5-CFEC-4538-96D5-E3A1C826EB0C}
	EndGlobalSection
EndGlobal
