
Microsoft Visual Studio Solution File, Format Version 12.00
# Visual Studio Express 15 for Windows Desktop
VisualStudioVersion = 15.0.28307.1231
MinimumVisualStudioVersion = 10.0.40219.1
Project("{FAE04EC0-301F-11D3-BF4B-00C04F79EFBC}") = "ex_141", "ex_141.csproj", "{C9B9D474-E9F9-4C0B-BB83-49E47551CB0E}"
EndProject
Global
	GlobalSection(SolutionConfigurationPlatforms) = preSolution
		Debug|Any CPU = Debug|Any CPU
		Release|Any CPU = Release|Any CPU
	EndGlobalSection
	GlobalSection(ProjectConfigurationPlatforms) = postSolution
		{C9B9D474-E9F9-4C0B-BB83-49E47551CB0E}.Debug|Any CPU.ActiveCfg = Debug|Any CPU
		{C9B9D474-E9F9-4C0B-BB83-49E47551CB0E}.Debug|Any CPU.Build.0 = Debug|Any CPU
		{C9B9D474-E9F9-4C0B-BB83-49E47551CB0E}.Release|Any CPU.ActiveCfg = Release|Any CPU
		{C9B9D474-E9F9-4C0B-BB83-49E47551CB0E}.Release|Any CPU.Build.0 = Release|Any CPU
	EndGlobalSection
	GlobalSection(SolutionProperties) = preSolution
		HideSolutionNode = FALSE
	EndGlobalSection
	GlobalSection(ExtensibilityGlobals) = postSolution
		SolutionGuid = {03ED5562-9784-44EE-8B84-E9B3B7D153CB}
	EndGlobalSection
EndGlobal
