
Microsoft Visual Studio Solution File, Format Version 12.00
# Visual Studio Express 15 for Windows Desktop
VisualStudioVersion = 15.0.28307.1231
MinimumVisualStudioVersion = 10.0.40219.1
Project("{FAE04EC0-301F-11D3-BF4B-00C04F79EFBC}") = "ex_116", "ex_116.csproj", "{D40D131A-F100-4DDF-99D2-2880F4D156FE}"
EndProject
Global
	GlobalSection(SolutionConfigurationPlatforms) = preSolution
		Debug|Any CPU = Debug|Any CPU
		Release|Any CPU = Release|Any CPU
	EndGlobalSection
	GlobalSection(ProjectConfigurationPlatforms) = postSolution
		{D40D131A-F100-4DDF-99D2-2880F4D156FE}.Debug|Any CPU.ActiveCfg = Debug|Any CPU
		{D40D131A-F100-4DDF-99D2-2880F4D156FE}.Debug|Any CPU.Build.0 = Debug|Any CPU
		{D40D131A-F100-4DDF-99D2-2880F4D156FE}.Release|Any CPU.ActiveCfg = Release|Any CPU
		{D40D131A-F100-4DDF-99D2-2880F4D156FE}.Release|Any CPU.Build.0 = Release|Any CPU
	EndGlobalSection
	GlobalSection(SolutionProperties) = preSolution
		HideSolutionNode = FALSE
	EndGlobalSection
	GlobalSection(ExtensibilityGlobals) = postSolution
		SolutionGuid = {E184364D-F8D7-4254-8318-55EC5E012E2A}
	EndGlobalSection
EndGlobal
