
Microsoft Visual Studio Solution File, Format Version 12.00
# Visual Studio Version 16
VisualStudioVersion = 16.0.30011.22
MinimumVisualStudioVersion = 10.0.40219.1
Project("{FAE04EC0-301F-11D3-BF4B-00C04F79EFBC}") = "ex4_20", "ex4_20.csproj", "{D94957AE-99E3-460A-96F7-2438FB008C8B}"
EndProject
Global
	GlobalSection(SolutionConfigurationPlatforms) = preSolution
		Debug|Any CPU = Debug|Any CPU
		Release|Any CPU = Release|Any CPU
	EndGlobalSection
	GlobalSection(ProjectConfigurationPlatforms) = postSolution
		{D94957AE-99E3-460A-96F7-2438FB008C8B}.Debug|Any CPU.ActiveCfg = Debug|Any CPU
		{D94957AE-99E3-460A-96F7-2438FB008C8B}.Debug|Any CPU.Build.0 = Debug|Any CPU
		{D94957AE-99E3-460A-96F7-2438FB008C8B}.Release|Any CPU.ActiveCfg = Release|Any CPU
		{D94957AE-99E3-460A-96F7-2438FB008C8B}.Release|Any CPU.Build.0 = Release|Any CPU
	EndGlobalSection
	GlobalSection(SolutionProperties) = preSolution
		HideSolutionNode = FALSE
	EndGlobalSection
	GlobalSection(ExtensibilityGlobals) = postSolution
		SolutionGuid = {97A8D6E7-1846-417F-8678-7B10AF48D3BE}
	EndGlobalSection
EndGlobal
