
Microsoft Visual Studio Solution File, Format Version 12.00
# Visual Studio Express 15 for Windows Desktop
VisualStudioVersion = 15.0.28307.1231
MinimumVisualStudioVersion = 10.0.40219.1
Project("{FAE04EC0-301F-11D3-BF4B-00C04F79EFBC}") = "ex_029", "ex_029.csproj", "{D17B0EAD-857B-4D65-830F-4B2A31ECD4F1}"
EndProject
Global
	GlobalSection(SolutionConfigurationPlatforms) = preSolution
		Debug|Any CPU = Debug|Any CPU
		Release|Any CPU = Release|Any CPU
	EndGlobalSection
	GlobalSection(ProjectConfigurationPlatforms) = postSolution
		{D17B0EAD-857B-4D65-830F-4B2A31ECD4F1}.Debug|Any CPU.ActiveCfg = Debug|Any CPU
		{D17B0EAD-857B-4D65-830F-4B2A31ECD4F1}.Debug|Any CPU.Build.0 = Debug|Any CPU
		{D17B0EAD-857B-4D65-830F-4B2A31ECD4F1}.Release|Any CPU.ActiveCfg = Release|Any CPU
		{D17B0EAD-857B-4D65-830F-4B2A31ECD4F1}.Release|Any CPU.Build.0 = Release|Any CPU
	EndGlobalSection
	GlobalSection(SolutionProperties) = preSolution
		HideSolutionNode = FALSE
	EndGlobalSection
	GlobalSection(ExtensibilityGlobals) = postSolution
		SolutionGuid = {0C5F0E8B-CD81-406E-9B6D-8F7D8B97FBB1}
	EndGlobalSection
EndGlobal
