
Microsoft Visual Studio Solution File, Format Version 12.00
# Visual Studio Version 16
VisualStudioVersion = 16.0.30011.22
MinimumVisualStudioVersion = 10.0.40219.1
Project("{FAE04EC0-301F-11D3-BF4B-00C04F79EFBC}") = "ex6_12", "ex6_12.csproj", "{F74A63BF-BC72-4ECB-89E1-D087B316CC72}"
EndProject
Global
	GlobalSection(SolutionConfigurationPlatforms) = preSolution
		Debug|Any CPU = Debug|Any CPU
		Release|Any CPU = Release|Any CPU
	EndGlobalSection
	GlobalSection(ProjectConfigurationPlatforms) = postSolution
		{F74A63BF-BC72-4ECB-89E1-D087B316CC72}.Debug|Any CPU.ActiveCfg = Debug|Any CPU
		{F74A63BF-BC72-4ECB-89E1-D087B316CC72}.Debug|Any CPU.Build.0 = Debug|Any CPU
		{F74A63BF-BC72-4ECB-89E1-D087B316CC72}.Release|Any CPU.ActiveCfg = Release|Any CPU
		{F74A63BF-BC72-4ECB-89E1-D087B316CC72}.Release|Any CPU.Build.0 = Release|Any CPU
	EndGlobalSection
	GlobalSection(SolutionProperties) = preSolution
		HideSolutionNode = FALSE
	EndGlobalSection
	GlobalSection(ExtensibilityGlobals) = postSolution
		SolutionGuid = {AE5271E8-C0AF-4689-91AB-AAA3D80E1359}
	EndGlobalSection
EndGlobal
