
Microsoft Visual Studio Solution File, Format Version 12.00
# Visual Studio Express 15 for Windows Desktop
VisualStudioVersion = 15.0.28307.1231
MinimumVisualStudioVersion = 10.0.40219.1
Project("{FAE04EC0-301F-11D3-BF4B-00C04F79EFBC}") = "ex3_6", "ex3_6.csproj", "{4146170C-BABE-476C-A365-FC223A793B41}"
EndProject
Global
	GlobalSection(SolutionConfigurationPlatforms) = preSolution
		Debug|Any CPU = Debug|Any CPU
		Release|Any CPU = Release|Any CPU
	EndGlobalSection
	GlobalSection(ProjectConfigurationPlatforms) = postSolution
		{4146170C-BABE-476C-A365-FC223A793B41}.Debug|Any CPU.ActiveCfg = Debug|Any CPU
		{4146170C-BABE-476C-A365-FC223A793B41}.Debug|Any CPU.Build.0 = Debug|Any CPU
		{4146170C-BABE-476C-A365-FC223A793B41}.Release|Any CPU.ActiveCfg = Release|Any CPU
		{4146170C-BABE-476C-A365-FC223A793B41}.Release|Any CPU.Build.0 = Release|Any CPU
	EndGlobalSection
	GlobalSection(SolutionProperties) = preSolution
		HideSolutionNode = FALSE
	EndGlobalSection
	GlobalSection(ExtensibilityGlobals) = postSolution
		SolutionGuid = {53DA5B3F-F886-480E-ABAE-9B47DE4D35E2}
	EndGlobalSection
EndGlobal
