
Microsoft Visual Studio Solution File, Format Version 12.00
# Visual Studio Express 15 for Windows Desktop
VisualStudioVersion = 15.0.28307.1231
MinimumVisualStudioVersion = 10.0.40219.1
Project("{FAE04EC0-301F-11D3-BF4B-00C04F79EFBC}") = "ex11_2", "ex11_2.csproj", "{A57B68EF-2FF1-4ABE-9F54-3EEA624A1F10}"
EndProject
Global
	GlobalSection(SolutionConfigurationPlatforms) = preSolution
		Debug|Any CPU = Debug|Any CPU
		Release|Any CPU = Release|Any CPU
	EndGlobalSection
	GlobalSection(ProjectConfigurationPlatforms) = postSolution
		{A57B68EF-2FF1-4ABE-9F54-3EEA624A1F10}.Debug|Any CPU.ActiveCfg = Debug|Any CPU
		{A57B68EF-2FF1-4ABE-9F54-3EEA624A1F10}.Debug|Any CPU.Build.0 = Debug|Any CPU
		{A57B68EF-2FF1-4ABE-9F54-3EEA624A1F10}.Release|Any CPU.ActiveCfg = Release|Any CPU
		{A57B68EF-2FF1-4ABE-9F54-3EEA624A1F10}.Release|Any CPU.Build.0 = Release|Any CPU
	EndGlobalSection
	GlobalSection(SolutionProperties) = preSolution
		HideSolutionNode = FALSE
	EndGlobalSection
	GlobalSection(ExtensibilityGlobals) = postSolution
		SolutionGuid = {599E1FEB-361A-43C3-8CB4-D4806F313D17}
	EndGlobalSection
EndGlobal
