
Microsoft Visual Studio Solution File, Format Version 12.00
# Visual Studio Express 15 for Windows Desktop
VisualStudioVersion = 15.0.28307.1231
MinimumVisualStudioVersion = 10.0.40219.1
Project("{FAE04EC0-301F-11D3-BF4B-00C04F79EFBC}") = "ex3_9", "ex3_9.csproj", "{B26113E3-3713-4A2D-948E-05175A800B07}"
EndProject
Global
	GlobalSection(SolutionConfigurationPlatforms) = preSolution
		Debug|Any CPU = Debug|Any CPU
		Release|Any CPU = Release|Any CPU
	EndGlobalSection
	GlobalSection(ProjectConfigurationPlatforms) = postSolution
		{B26113E3-3713-4A2D-948E-05175A800B07}.Debug|Any CPU.ActiveCfg = Debug|Any CPU
		{B26113E3-3713-4A2D-948E-05175A800B07}.Debug|Any CPU.Build.0 = Debug|Any CPU
		{B26113E3-3713-4A2D-948E-05175A800B07}.Release|Any CPU.ActiveCfg = Release|Any CPU
		{B26113E3-3713-4A2D-948E-05175A800B07}.Release|Any CPU.Build.0 = Release|Any CPU
	EndGlobalSection
	GlobalSection(SolutionProperties) = preSolution
		HideSolutionNode = FALSE
	EndGlobalSection
	GlobalSection(ExtensibilityGlobals) = postSolution
		SolutionGuid = {8F23B8C4-FC9A-46F7-9357-B642CE5729D3}
	EndGlobalSection
EndGlobal
