
Microsoft Visual Studio Solution File, Format Version 12.00
# Visual Studio Version 16
VisualStudioVersion = 16.0.30011.22
MinimumVisualStudioVersion = 10.0.40219.1
Project("{FAE04EC0-301F-11D3-BF4B-00C04F79EFBC}") = "ex6_10", "ex6_10.csproj", "{E26F9AE7-C686-4715-B58C-721A1A4BF18C}"
EndProject
Global
	GlobalSection(SolutionConfigurationPlatforms) = preSolution
		Debug|Any CPU = Debug|Any CPU
		Release|Any CPU = Release|Any CPU
	EndGlobalSection
	GlobalSection(ProjectConfigurationPlatforms) = postSolution
		{E26F9AE7-C686-4715-B58C-721A1A4BF18C}.Debug|Any CPU.ActiveCfg = Debug|Any CPU
		{E26F9AE7-C686-4715-B58C-721A1A4BF18C}.Debug|Any CPU.Build.0 = Debug|Any CPU
		{E26F9AE7-C686-4715-B58C-721A1A4BF18C}.Release|Any CPU.ActiveCfg = Release|Any CPU
		{E26F9AE7-C686-4715-B58C-721A1A4BF18C}.Release|Any CPU.Build.0 = Release|Any CPU
	EndGlobalSection
	GlobalSection(SolutionProperties) = preSolution
		HideSolutionNode = FALSE
	EndGlobalSection
	GlobalSection(ExtensibilityGlobals) = postSolution
		SolutionGuid = {C7343F60-1962-4270-B690-AAD179A3309F}
	EndGlobalSection
EndGlobal
