
Microsoft Visual Studio Solution File, Format Version 12.00
# Visual Studio Express 15 for Windows Desktop
VisualStudioVersion = 15.0.28307.1231
MinimumVisualStudioVersion = 10.0.40219.1
Project("{FAE04EC0-301F-11D3-BF4B-00C04F79EFBC}") = "ex_111", "ex_111.csproj", "{FE941DDD-3BDB-4B9D-9643-C2D0B7E577B7}"
EndProject
Global
	GlobalSection(SolutionConfigurationPlatforms) = preSolution
		Debug|Any CPU = Debug|Any CPU
		Release|Any CPU = Release|Any CPU
	EndGlobalSection
	GlobalSection(ProjectConfigurationPlatforms) = postSolution
		{FE941DDD-3BDB-4B9D-9643-C2D0B7E577B7}.Debug|Any CPU.ActiveCfg = Debug|Any CPU
		{FE941DDD-3BDB-4B9D-9643-C2D0B7E577B7}.Debug|Any CPU.Build.0 = Debug|Any CPU
		{FE941DDD-3BDB-4B9D-9643-C2D0B7E577B7}.Release|Any CPU.ActiveCfg = Release|Any CPU
		{FE941DDD-3BDB-4B9D-9643-C2D0B7E577B7}.Release|Any CPU.Build.0 = Release|Any CPU
	EndGlobalSection
	GlobalSection(SolutionProperties) = preSolution
		HideSolutionNode = FALSE
	EndGlobalSection
	GlobalSection(ExtensibilityGlobals) = postSolution
		SolutionGuid = {608CA65A-C311-43F8-982F-A10440C01A05}
	EndGlobalSection
EndGlobal
