
Microsoft Visual Studio Solution File, Format Version 12.00
# Visual Studio Express 15 for Windows Desktop
VisualStudioVersion = 15.0.28307.1231
MinimumVisualStudioVersion = 10.0.40219.1
Project("{FAE04EC0-301F-11D3-BF4B-00C04F79EFBC}") = "ex4_24", "ex4_24.csproj", "{A1268278-7036-424C-B1D6-D3147BA18FB6}"
EndProject
Global
	GlobalSection(SolutionConfigurationPlatforms) = preSolution
		Debug|Any CPU = Debug|Any CPU
		Release|Any CPU = Release|Any CPU
	EndGlobalSection
	GlobalSection(ProjectConfigurationPlatforms) = postSolution
		{A1268278-7036-424C-B1D6-D3147BA18FB6}.Debug|Any CPU.ActiveCfg = Debug|Any CPU
		{A1268278-7036-424C-B1D6-D3147BA18FB6}.Debug|Any CPU.Build.0 = Debug|Any CPU
		{A1268278-7036-424C-B1D6-D3147BA18FB6}.Release|Any CPU.ActiveCfg = Release|Any CPU
		{A1268278-7036-424C-B1D6-D3147BA18FB6}.Release|Any CPU.Build.0 = Release|Any CPU
	EndGlobalSection
	GlobalSection(SolutionProperties) = preSolution
		HideSolutionNode = FALSE
	EndGlobalSection
	GlobalSection(ExtensibilityGlobals) = postSolution
		SolutionGuid = {9C6E718B-631C-4ED4-B6A0-334D7F796876}
	EndGlobalSection
EndGlobal
