
Microsoft Visual Studio Solution File, Format Version 12.00
# Visual Studio Express 15 for Windows Desktop
VisualStudioVersion = 15.0.28307.1231
MinimumVisualStudioVersion = 10.0.40219.1
Project("{FAE04EC0-301F-11D3-BF4B-00C04F79EFBC}") = "ex_073", "ex_073.csproj", "{9C07D3D7-E597-4189-B7EC-42B323ACB8C5}"
EndProject
Global
	GlobalSection(SolutionConfigurationPlatforms) = preSolution
		Debug|Any CPU = Debug|Any CPU
		Release|Any CPU = Release|Any CPU
	EndGlobalSection
	GlobalSection(ProjectConfigurationPlatforms) = postSolution
		{9C07D3D7-E597-4189-B7EC-42B323ACB8C5}.Debug|Any CPU.ActiveCfg = Debug|Any CPU
		{9C07D3D7-E597-4189-B7EC-42B323ACB8C5}.Debug|Any CPU.Build.0 = Debug|Any CPU
		{9C07D3D7-E597-4189-B7EC-42B323ACB8C5}.Release|Any CPU.ActiveCfg = Release|Any CPU
		{9C07D3D7-E597-4189-B7EC-42B323ACB8C5}.Release|Any CPU.Build.0 = Release|Any CPU
	EndGlobalSection
	GlobalSection(SolutionProperties) = preSolution
		HideSolutionNode = FALSE
	EndGlobalSection
	GlobalSection(ExtensibilityGlobals) = postSolution
		SolutionGuid = {73BEA53A-99D2-4B93-8CD7-9644B6679D29}
	EndGlobalSection
EndGlobal
