
Microsoft Visual Studio Solution File, Format Version 12.00
# Visual Studio Express 15 for Windows Desktop
VisualStudioVersion = 15.0.28307.1231
MinimumVisualStudioVersion = 10.0.40219.1
Project("{FAE04EC0-301F-11D3-BF4B-00C04F79EFBC}") = "ex14_3", "ex14_3.csproj", "{2E0E5697-EAC4-4070-AE04-1FCF344498DD}"
EndProject
Global
	GlobalSection(SolutionConfigurationPlatforms) = preSolution
		Debug|Any CPU = Debug|Any CPU
		Release|Any CPU = Release|Any CPU
	EndGlobalSection
	GlobalSection(ProjectConfigurationPlatforms) = postSolution
		{2E0E5697-EAC4-4070-AE04-1FCF344498DD}.Debug|Any CPU.ActiveCfg = Debug|Any CPU
		{2E0E5697-EAC4-4070-AE04-1FCF344498DD}.Debug|Any CPU.Build.0 = Debug|Any CPU
		{2E0E5697-EAC4-4070-AE04-1FCF344498DD}.Release|Any CPU.ActiveCfg = Release|Any CPU
		{2E0E5697-EAC4-4070-AE04-1FCF344498DD}.Release|Any CPU.Build.0 = Release|Any CPU
	EndGlobalSection
	GlobalSection(SolutionProperties) = preSolution
		HideSolutionNode = FALSE
	EndGlobalSection
	GlobalSection(ExtensibilityGlobals) = postSolution
		SolutionGuid = {65C46627-4E42-40C1-9EAF-A1AE0734C37F}
	EndGlobalSection
EndGlobal
