
Microsoft Visual Studio Solution File, Format Version 12.00
# Visual Studio Express 15 for Windows Desktop
VisualStudioVersion = 15.0.28307.1231
MinimumVisualStudioVersion = 10.0.40219.1
Project("{FAE04EC0-301F-11D3-BF4B-00C04F79EFBC}") = "ex_134", "ex_134.csproj", "{D0CA0BDB-5237-41E9-9F99-97A8D1A3BABB}"
EndProject
Global
	GlobalSection(SolutionConfigurationPlatforms) = preSolution
		Debug|Any CPU = Debug|Any CPU
		Release|Any CPU = Release|Any CPU
	EndGlobalSection
	GlobalSection(ProjectConfigurationPlatforms) = postSolution
		{D0CA0BDB-5237-41E9-9F99-97A8D1A3BABB}.Debug|Any CPU.ActiveCfg = Debug|Any CPU
		{D0CA0BDB-5237-41E9-9F99-97A8D1A3BABB}.Debug|Any CPU.Build.0 = Debug|Any CPU
		{D0CA0BDB-5237-41E9-9F99-97A8D1A3BABB}.Release|Any CPU.ActiveCfg = Release|Any CPU
		{D0CA0BDB-5237-41E9-9F99-97A8D1A3BABB}.Release|Any CPU.Build.0 = Release|Any CPU
	EndGlobalSection
	GlobalSection(SolutionProperties) = preSolution
		HideSolutionNode = FALSE
	EndGlobalSection
	GlobalSection(ExtensibilityGlobals) = postSolution
		SolutionGuid = {8CD4FAC0-3125-4053-B690-65843C568714}
	EndGlobalSection
EndGlobal
