
Microsoft Visual Studio Solution File, Format Version 12.00
# Visual Studio Version 16
VisualStudioVersion = 16.0.30011.22
MinimumVisualStudioVersion = 10.0.40219.1
Project("{FAE04EC0-301F-11D3-BF4B-00C04F79EFBC}") = "ex6_26", "ex6_26.csproj", "{5DF1168D-3B80-4A11-893F-07D3779478D7}"
EndProject
Global
	GlobalSection(SolutionConfigurationPlatforms) = preSolution
		Debug|Any CPU = Debug|Any CPU
		Release|Any CPU = Release|Any CPU
	EndGlobalSection
	GlobalSection(ProjectConfigurationPlatforms) = postSolution
		{5DF1168D-3B80-4A11-893F-07D3779478D7}.Debug|Any CPU.ActiveCfg = Debug|Any CPU
		{5DF1168D-3B80-4A11-893F-07D3779478D7}.Debug|Any CPU.Build.0 = Debug|Any CPU
		{5DF1168D-3B80-4A11-893F-07D3779478D7}.Release|Any CPU.ActiveCfg = Release|Any CPU
		{5DF1168D-3B80-4A11-893F-07D3779478D7}.Release|Any CPU.Build.0 = Release|Any CPU
	EndGlobalSection
	GlobalSection(SolutionProperties) = preSolution
		HideSolutionNode = FALSE
	EndGlobalSection
	GlobalSection(ExtensibilityGlobals) = postSolution
		SolutionGuid = {E4755C93-9D66-488A-A7BB-8E3F9F61EAE5}
	EndGlobalSection
EndGlobal
