
Microsoft Visual Studio Solution File, Format Version 12.00
# Visual Studio Express 15 for Windows Desktop
VisualStudioVersion = 15.0.28307.1231
MinimumVisualStudioVersion = 10.0.40219.1
Project("{FAE04EC0-301F-11D3-BF4B-00C04F79EFBC}") = "ex8_7", "ex8_7.csproj", "{70B3A410-BC9C-44BE-9433-3EF3980318EC}"
EndProject
Global
	GlobalSection(SolutionConfigurationPlatforms) = preSolution
		Debug|Any CPU = Debug|Any CPU
		Release|Any CPU = Release|Any CPU
	EndGlobalSection
	GlobalSection(ProjectConfigurationPlatforms) = postSolution
		{70B3A410-BC9C-44BE-9433-3EF3980318EC}.Debug|Any CPU.ActiveCfg = Debug|Any CPU
		{70B3A410-BC9C-44BE-9433-3EF3980318EC}.Debug|Any CPU.Build.0 = Debug|Any CPU
		{70B3A410-BC9C-44BE-9433-3EF3980318EC}.Release|Any CPU.ActiveCfg = Release|Any CPU
		{70B3A410-BC9C-44BE-9433-3EF3980318EC}.Release|Any CPU.Build.0 = Release|Any CPU
	EndGlobalSection
	GlobalSection(SolutionProperties) = preSolution
		HideSolutionNode = FALSE
	EndGlobalSection
	GlobalSection(ExtensibilityGlobals) = postSolution
		SolutionGuid = {5541277F-3C99-4BE1-A42E-3C1AB50493A8}
	EndGlobalSection
EndGlobal
