
Microsoft Visual Studio Solution File, Format Version 12.00
# Visual Studio Express 15 for Windows Desktop
VisualStudioVersion = 15.0.28307.1231
MinimumVisualStudioVersion = 10.0.40219.1
Project("{FAE04EC0-301F-11D3-BF4B-00C04F79EFBC}") = "ex4_14", "ex4_14.csproj", "{0B596247-7E8B-4C5D-A1AD-CAFAD8A6924C}"
EndProject
Global
	GlobalSection(SolutionConfigurationPlatforms) = preSolution
		Debug|Any CPU = Debug|Any CPU
		Release|Any CPU = Release|Any CPU
	EndGlobalSection
	GlobalSection(ProjectConfigurationPlatforms) = postSolution
		{0B596247-7E8B-4C5D-A1AD-CAFAD8A6924C}.Debug|Any CPU.ActiveCfg = Debug|Any CPU
		{0B596247-7E8B-4C5D-A1AD-CAFAD8A6924C}.Debug|Any CPU.Build.0 = Debug|Any CPU
		{0B596247-7E8B-4C5D-A1AD-CAFAD8A6924C}.Release|Any CPU.ActiveCfg = Release|Any CPU
		{0B596247-7E8B-4C5D-A1AD-CAFAD8A6924C}.Release|Any CPU.Build.0 = Release|Any CPU
	EndGlobalSection
	GlobalSection(SolutionProperties) = preSolution
		HideSolutionNode = FALSE
	EndGlobalSection
	GlobalSection(ExtensibilityGlobals) = postSolution
		SolutionGuid = {6BE4D0E4-CFBA-4937-A6D8-F2DC1C7EEE66}
	EndGlobalSection
EndGlobal
