
Microsoft Visual Studio Solution File, Format Version 12.00
# Visual Studio Express 15 for Windows Desktop
VisualStudioVersion = 15.0.28307.1231
MinimumVisualStudioVersion = 10.0.40219.1
Project("{FAE04EC0-301F-11D3-BF4B-00C04F79EFBC}") = "ex4_8", "ex4_8.csproj", "{74C0EEFA-876E-44B0-BFDE-AB63A273F40D}"
EndProject
Global
	GlobalSection(SolutionConfigurationPlatforms) = preSolution
		Debug|Any CPU = Debug|Any CPU
		Release|Any CPU = Release|Any CPU
	EndGlobalSection
	GlobalSection(ProjectConfigurationPlatforms) = postSolution
		{74C0EEFA-876E-44B0-BFDE-AB63A273F40D}.Debug|Any CPU.ActiveCfg = Debug|Any CPU
		{74C0EEFA-876E-44B0-BFDE-AB63A273F40D}.Debug|Any CPU.Build.0 = Debug|Any CPU
		{74C0EEFA-876E-44B0-BFDE-AB63A273F40D}.Release|Any CPU.ActiveCfg = Release|Any CPU
		{74C0EEFA-876E-44B0-BFDE-AB63A273F40D}.Release|Any CPU.Build.0 = Release|Any CPU
	EndGlobalSection
	GlobalSection(SolutionProperties) = preSolution
		HideSolutionNode = FALSE
	EndGlobalSection
	GlobalSection(ExtensibilityGlobals) = postSolution
		SolutionGuid = {17EA09F4-D7B2-4F55-AC84-7D864D8E91EE}
	EndGlobalSection
EndGlobal
