
Microsoft Visual Studio Solution File, Format Version 12.00
# Visual Studio Express 15 for Windows Desktop
VisualStudioVersion = 15.0.28307.1231
MinimumVisualStudioVersion = 10.0.40219.1
Project("{FAE04EC0-301F-11D3-BF4B-00C04F79EFBC}") = "ex12_1", "ex12_1.csproj", "{D1E8C0A4-B089-409B-BFC5-25FF6C2CB97B}"
EndProject
Global
	GlobalSection(SolutionConfigurationPlatforms) = preSolution
		Debug|Any CPU = Debug|Any CPU
		Release|Any CPU = Release|Any CPU
	EndGlobalSection
	GlobalSection(ProjectConfigurationPlatforms) = postSolution
		{D1E8C0A4-B089-409B-BFC5-25FF6C2CB97B}.Debug|Any CPU.ActiveCfg = Debug|Any CPU
		{D1E8C0A4-B089-409B-BFC5-25FF6C2CB97B}.Debug|Any CPU.Build.0 = Debug|Any CPU
		{D1E8C0A4-B089-409B-BFC5-25FF6C2CB97B}.Release|Any CPU.ActiveCfg = Release|Any CPU
		{D1E8C0A4-B089-409B-BFC5-25FF6C2CB97B}.Release|Any CPU.Build.0 = Release|Any CPU
	EndGlobalSection
	GlobalSection(SolutionProperties) = preSolution
		HideSolutionNode = FALSE
	EndGlobalSection
	GlobalSection(ExtensibilityGlobals) = postSolution
		SolutionGuid = {684D3246-0F63-4095-9165-8993AF39BAE9}
	EndGlobalSection
EndGlobal
