
Microsoft Visual Studio Solution File, Format Version 12.00
# Visual Studio Express 15 for Windows Desktop
VisualStudioVersion = 15.0.28307.1231
MinimumVisualStudioVersion = 10.0.40219.1
Project("{FAE04EC0-301F-11D3-BF4B-00C04F79EFBC}") = "ex6_22", "ex6_22.csproj", "{CEA149C6-6466-4742-A758-84646FBD2AD1}"
EndProject
Global
	GlobalSection(SolutionConfigurationPlatforms) = preSolution
		Debug|Any CPU = Debug|Any CPU
		Release|Any CPU = Release|Any CPU
	EndGlobalSection
	GlobalSection(ProjectConfigurationPlatforms) = postSolution
		{CEA149C6-6466-4742-A758-84646FBD2AD1}.Debug|Any CPU.ActiveCfg = Debug|Any CPU
		{CEA149C6-6466-4742-A758-84646FBD2AD1}.Debug|Any CPU.Build.0 = Debug|Any CPU
		{CEA149C6-6466-4742-A758-84646FBD2AD1}.Release|Any CPU.ActiveCfg = Release|Any CPU
		{CEA149C6-6466-4742-A758-84646FBD2AD1}.Release|Any CPU.Build.0 = Release|Any CPU
	EndGlobalSection
	GlobalSection(SolutionProperties) = preSolution
		HideSolutionNode = FALSE
	EndGlobalSection
	GlobalSection(ExtensibilityGlobals) = postSolution
		SolutionGuid = {68AF67B8-C632-40C7-930D-3512D87C4D96}
	EndGlobalSection
EndGlobal
