
Microsoft Visual Studio Solution File, Format Version 12.00
# Visual Studio Express 15 for Windows Desktop
VisualStudioVersion = 15.0.28307.1231
MinimumVisualStudioVersion = 10.0.40219.1
Project("{FAE04EC0-301F-11D3-BF4B-00C04F79EFBC}") = "ex5_6", "ex5_6.csproj", "{C0BC7104-DC37-4D5F-A710-6871A3AF0ACE}"
EndProject
Global
	GlobalSection(SolutionConfigurationPlatforms) = preSolution
		Debug|Any CPU = Debug|Any CPU
		Release|Any CPU = Release|Any CPU
	EndGlobalSection
	GlobalSection(ProjectConfigurationPlatforms) = postSolution
		{C0BC7104-DC37-4D5F-A710-6871A3AF0ACE}.Debug|Any CPU.ActiveCfg = Debug|Any CPU
		{C0BC7104-DC37-4D5F-A710-6871A3AF0ACE}.Debug|Any CPU.Build.0 = Debug|Any CPU
		{C0BC7104-DC37-4D5F-A710-6871A3AF0ACE}.Release|Any CPU.ActiveCfg = Release|Any CPU
		{C0BC7104-DC37-4D5F-A710-6871A3AF0ACE}.Release|Any CPU.Build.0 = Release|Any CPU
	EndGlobalSection
	GlobalSection(SolutionProperties) = preSolution
		HideSolutionNode = FALSE
	EndGlobalSection
	GlobalSection(ExtensibilityGlobals) = postSolution
		SolutionGuid = {A1B2C596-043A-4D27-BB4F-BFB396C34D28}
	EndGlobalSection
EndGlobal
