
Microsoft Visual Studio Solution File, Format Version 12.00
# Visual Studio Express 15 for Windows Desktop
VisualStudioVersion = 15.0.28307.1231
MinimumVisualStudioVersion = 10.0.40219.1
Project("{FAE04EC0-301F-11D3-BF4B-00C04F79EFBC}") = "ex2_13", "ex2_13.csproj", "{02F23193-8160-4D77-AFD5-A3FCF52E5887}"
EndProject
Global
	GlobalSection(SolutionConfigurationPlatforms) = preSolution
		Debug|Any CPU = Debug|Any CPU
		Release|Any CPU = Release|Any CPU
	EndGlobalSection
	GlobalSection(ProjectConfigurationPlatforms) = postSolution
		{02F23193-8160-4D77-AFD5-A3FCF52E5887}.Debug|Any CPU.ActiveCfg = Debug|Any CPU
		{02F23193-8160-4D77-AFD5-A3FCF52E5887}.Debug|Any CPU.Build.0 = Debug|Any CPU
		{02F23193-8160-4D77-AFD5-A3FCF52E5887}.Release|Any CPU.ActiveCfg = Release|Any CPU
		{02F23193-8160-4D77-AFD5-A3FCF52E5887}.Release|Any CPU.Build.0 = Release|Any CPU
	EndGlobalSection
	GlobalSection(SolutionProperties) = preSolution
		HideSolutionNode = FALSE
	EndGlobalSection
	GlobalSection(ExtensibilityGlobals) = postSolution
		SolutionGuid = {5193DF96-A711-483E-B038-5960544A0B82}
	EndGlobalSection
EndGlobal
