
Microsoft Visual Studio Solution File, Format Version 12.00
# Visual Studio Express 15 for Windows Desktop
VisualStudioVersion = 15.0.28307.1231
MinimumVisualStudioVersion = 10.0.40219.1
Project("{FAE04EC0-301F-11D3-BF4B-00C04F79EFBC}") = "ex4_41", "ex4_41.csproj", "{DF260B70-115A-403F-BFD6-DD3EF232A371}"
EndProject
Global
	GlobalSection(SolutionConfigurationPlatforms) = preSolution
		Debug|Any CPU = Debug|Any CPU
		Release|Any CPU = Release|Any CPU
	EndGlobalSection
	GlobalSection(ProjectConfigurationPlatforms) = postSolution
		{DF260B70-115A-403F-BFD6-DD3EF232A371}.Debug|Any CPU.ActiveCfg = Debug|Any CPU
		{DF260B70-115A-403F-BFD6-DD3EF232A371}.Debug|Any CPU.Build.0 = Debug|Any CPU
		{DF260B70-115A-403F-BFD6-DD3EF232A371}.Release|Any CPU.ActiveCfg = Release|Any CPU
		{DF260B70-115A-403F-BFD6-DD3EF232A371}.Release|Any CPU.Build.0 = Release|Any CPU
	EndGlobalSection
	GlobalSection(SolutionProperties) = preSolution
		HideSolutionNode = FALSE
	EndGlobalSection
	GlobalSection(ExtensibilityGlobals) = postSolution
		SolutionGuid = {15C4DBEF-9C07-4CD5-A887-BE20BE1B7609}
	EndGlobalSection
EndGlobal
