
Microsoft Visual Studio Solution File, Format Version 12.00
# Visual Studio Express 15 for Windows Desktop
VisualStudioVersion = 15.0.28307.1231
MinimumVisualStudioVersion = 10.0.40219.1
Project("{FAE04EC0-301F-11D3-BF4B-00C04F79EFBC}") = "ex4_7", "ex4_7.csproj", "{0B121469-AA71-4E5F-B7EB-76E12FD6AE65}"
EndProject
Global
	GlobalSection(SolutionConfigurationPlatforms) = preSolution
		Debug|Any CPU = Debug|Any CPU
		Release|Any CPU = Release|Any CPU
	EndGlobalSection
	GlobalSection(ProjectConfigurationPlatforms) = postSolution
		{0B121469-AA71-4E5F-B7EB-76E12FD6AE65}.Debug|Any CPU.ActiveCfg = Debug|Any CPU
		{0B121469-AA71-4E5F-B7EB-76E12FD6AE65}.Debug|Any CPU.Build.0 = Debug|Any CPU
		{0B121469-AA71-4E5F-B7EB-76E12FD6AE65}.Release|Any CPU.ActiveCfg = Release|Any CPU
		{0B121469-AA71-4E5F-B7EB-76E12FD6AE65}.Release|Any CPU.Build.0 = Release|Any CPU
	EndGlobalSection
	GlobalSection(SolutionProperties) = preSolution
		HideSolutionNode = FALSE
	EndGlobalSection
	GlobalSection(ExtensibilityGlobals) = postSolution
		SolutionGuid = {A6F76E42-079B-4D03-8988-5BD71773F4CF}
	EndGlobalSection
EndGlobal
