
Microsoft Visual Studio Solution File, Format Version 12.00
# Visual Studio Express 15 for Windows Desktop
VisualStudioVersion = 15.0.28307.1231
MinimumVisualStudioVersion = 10.0.40219.1
Project("{FAE04EC0-301F-11D3-BF4B-00C04F79EFBC}") = "ex4_17", "ex4_17.csproj", "{5CCD7007-8095-437C-ADB4-E657F3078679}"
EndProject
Global
	GlobalSection(SolutionConfigurationPlatforms) = preSolution
		Debug|Any CPU = Debug|Any CPU
		Release|Any CPU = Release|Any CPU
	EndGlobalSection
	GlobalSection(ProjectConfigurationPlatforms) = postSolution
		{5CCD7007-8095-437C-ADB4-E657F3078679}.Debug|Any CPU.ActiveCfg = Debug|Any CPU
		{5CCD7007-8095-437C-ADB4-E657F3078679}.Debug|Any CPU.Build.0 = Debug|Any CPU
		{5CCD7007-8095-437C-ADB4-E657F3078679}.Release|Any CPU.ActiveCfg = Release|Any CPU
		{5CCD7007-8095-437C-ADB4-E657F3078679}.Release|Any CPU.Build.0 = Release|Any CPU
	EndGlobalSection
	GlobalSection(SolutionProperties) = preSolution
		HideSolutionNode = FALSE
	EndGlobalSection
	GlobalSection(ExtensibilityGlobals) = postSolution
		SolutionGuid = {ACCD079C-1F40-4F65-9106-FEB3A3CB0C7C}
	EndGlobalSection
EndGlobal
