
Microsoft Visual Studio Solution File, Format Version 12.00
# Visual Studio Express 15 for Windows Desktop
VisualStudioVersion = 15.0.28307.1231
MinimumVisualStudioVersion = 10.0.40219.1
Project("{FAE04EC0-301F-11D3-BF4B-00C04F79EFBC}") = "ex11_3", "ex11_3.csproj", "{8C60F8CC-54B0-484A-B535-13E5EC40365C}"
EndProject
Global
	GlobalSection(SolutionConfigurationPlatforms) = preSolution
		Debug|Any CPU = Debug|Any CPU
		Release|Any CPU = Release|Any CPU
	EndGlobalSection
	GlobalSection(ProjectConfigurationPlatforms) = postSolution
		{8C60F8CC-54B0-484A-B535-13E5EC40365C}.Debug|Any CPU.ActiveCfg = Debug|Any CPU
		{8C60F8CC-54B0-484A-B535-13E5EC40365C}.Debug|Any CPU.Build.0 = Debug|Any CPU
		{8C60F8CC-54B0-484A-B535-13E5EC40365C}.Release|Any CPU.ActiveCfg = Release|Any CPU
		{8C60F8CC-54B0-484A-B535-13E5EC40365C}.Release|Any CPU.Build.0 = Release|Any CPU
	EndGlobalSection
	GlobalSection(SolutionProperties) = preSolution
		HideSolutionNode = FALSE
	EndGlobalSection
	GlobalSection(ExtensibilityGlobals) = postSolution
		SolutionGuid = {828D7AD3-81B9-41E8-98BB-651A932AEBD4}
	EndGlobalSection
EndGlobal
