
Microsoft Visual Studio Solution File, Format Version 12.00
# Visual Studio Express 15 for Windows Desktop
VisualStudioVersion = 15.0.28307.1231
MinimumVisualStudioVersion = 10.0.40219.1
Project("{FAE04EC0-301F-11D3-BF4B-00C04F79EFBC}") = "ex8_6", "ex8_6.csproj", "{CF4223DE-6576-4A08-A623-4BBE2CF15006}"
EndProject
Global
	GlobalSection(SolutionConfigurationPlatforms) = preSolution
		Debug|Any CPU = Debug|Any CPU
		Release|Any CPU = Release|Any CPU
	EndGlobalSection
	GlobalSection(ProjectConfigurationPlatforms) = postSolution
		{CF4223DE-6576-4A08-A623-4BBE2CF15006}.Debug|Any CPU.ActiveCfg = Debug|Any CPU
		{CF4223DE-6576-4A08-A623-4BBE2CF15006}.Debug|Any CPU.Build.0 = Debug|Any CPU
		{CF4223DE-6576-4A08-A623-4BBE2CF15006}.Release|Any CPU.ActiveCfg = Release|Any CPU
		{CF4223DE-6576-4A08-A623-4BBE2CF15006}.Release|Any CPU.Build.0 = Release|Any CPU
	EndGlobalSection
	GlobalSection(SolutionProperties) = preSolution
		HideSolutionNode = FALSE
	EndGlobalSection
	GlobalSection(ExtensibilityGlobals) = postSolution
		SolutionGuid = {FB5B5CC0-6369-4271-89C0-05FA8B868355}
	EndGlobalSection
EndGlobal
