
Microsoft Visual Studio Solution File, Format Version 12.00
# Visual Studio Express 15 for Windows Desktop
VisualStudioVersion = 15.0.28307.1231
MinimumVisualStudioVersion = 10.0.40219.1
Project("{FAE04EC0-301F-11D3-BF4B-00C04F79EFBC}") = "ex_060", "ex_060.csproj", "{96D752C2-D8AF-4DB6-86D4-C6325433F6D7}"
EndProject
Global
	GlobalSection(SolutionConfigurationPlatforms) = preSolution
		Debug|Any CPU = Debug|Any CPU
		Release|Any CPU = Release|Any CPU
	EndGlobalSection
	GlobalSection(ProjectConfigurationPlatforms) = postSolution
		{96D752C2-D8AF-4DB6-86D4-C6325433F6D7}.Debug|Any CPU.ActiveCfg = Debug|Any CPU
		{96D752C2-D8AF-4DB6-86D4-C6325433F6D7}.Debug|Any CPU.Build.0 = Debug|Any CPU
		{96D752C2-D8AF-4DB6-86D4-C6325433F6D7}.Release|Any CPU.ActiveCfg = Release|Any CPU
		{96D752C2-D8AF-4DB6-86D4-C6325433F6D7}.Release|Any CPU.Build.0 = Release|Any CPU
	EndGlobalSection
	GlobalSection(SolutionProperties) = preSolution
		HideSolutionNode = FALSE
	EndGlobalSection
	GlobalSection(ExtensibilityGlobals) = postSolution
		SolutionGuid = {FDB1D018-EB01-41AD-9F23-066E770B073F}
	EndGlobalSection
EndGlobal
