
Microsoft Visual Studio Solution File, Format Version 12.00
# Visual Studio Express 15 for Windows Desktop
VisualStudioVersion = 15.0.28307.1231
MinimumVisualStudioVersion = 10.0.40219.1
Project("{FAE04EC0-301F-11D3-BF4B-00C04F79EFBC}") = "ex_158", "ex_158.csproj", "{ADA9B34B-84A4-4AFE-AA2B-7ED43496F889}"
EndProject
Global
	GlobalSection(SolutionConfigurationPlatforms) = preSolution
		Debug|Any CPU = Debug|Any CPU
		Release|Any CPU = Release|Any CPU
	EndGlobalSection
	GlobalSection(ProjectConfigurationPlatforms) = postSolution
		{ADA9B34B-84A4-4AFE-AA2B-7ED43496F889}.Debug|Any CPU.ActiveCfg = Debug|Any CPU
		{ADA9B34B-84A4-4AFE-AA2B-7ED43496F889}.Debug|Any CPU.Build.0 = Debug|Any CPU
		{ADA9B34B-84A4-4AFE-AA2B-7ED43496F889}.Release|Any CPU.ActiveCfg = Release|Any CPU
		{ADA9B34B-84A4-4AFE-AA2B-7ED43496F889}.Release|Any CPU.Build.0 = Release|Any CPU
	EndGlobalSection
	GlobalSection(SolutionProperties) = preSolution
		HideSolutionNode = FALSE
	EndGlobalSection
	GlobalSection(ExtensibilityGlobals) = postSolution
		SolutionGuid = {2D9B2A7B-953D-4C06-9CC0-CE3B1BE5D1E7}
	EndGlobalSection
EndGlobal
