
Microsoft Visual Studio Solution File, Format Version 12.00
# Visual Studio Express 15 for Windows Desktop
VisualStudioVersion = 15.0.28307.1231
MinimumVisualStudioVersion = 10.0.40219.1
Project("{FAE04EC0-301F-11D3-BF4B-00C04F79EFBC}") = "NTEC_Firmware_Test_App", "NTEC_Firmware_Test_App.csproj", "{24438D06-0129-4DE2-A9DD-7ECC0037B0D7}"
EndProject
Global
	GlobalSection(SolutionConfigurationPlatforms) = preSolution
		Debug|Any CPU = Debug|Any CPU
		Release|Any CPU = Release|Any CPU
	EndGlobalSection
	GlobalSection(ProjectConfigurationPlatforms) = postSolution
		{24438D06-0129-4DE2-A9DD-7ECC0037B0D7}.Debug|Any CPU.ActiveCfg = Debug|Any CPU
		{24438D06-0129-4DE2-A9DD-7ECC0037B0D7}.Debug|Any CPU.Build.0 = Debug|Any CPU
		{24438D06-0129-4DE2-A9DD-7ECC0037B0D7}.Release|Any CPU.ActiveCfg = Release|Any CPU
		{24438D06-0129-4DE2-A9DD-7ECC0037B0D7}.Release|Any CPU.Build.0 = Release|Any CPU
	EndGlobalSection
	GlobalSection(SolutionProperties) = preSolution
		HideSolutionNode = FALSE
	EndGlobalSection
	GlobalSection(ExtensibilityGlobals) = postSolution
		SolutionGuid = {F04F5156-2D0B-4ECB-BACB-81A9B26BA975}
	EndGlobalSection
EndGlobal
