
Microsoft Visual Studio Solution File, Format Version 12.00
# Visual Studio Express 15 for Windows Desktop
VisualStudioVersion = 15.0.28307.1231
MinimumVisualStudioVersion = 10.0.40219.1
Project("{FAE04EC0-301F-11D3-BF4B-00C04F79EFBC}") = "ex9_3", "ex9_3.csproj", "{B7805631-15C1-4A30-BF25-2A23B6935377}"
EndProject
Global
	GlobalSection(SolutionConfigurationPlatforms) = preSolution
		Debug|Any CPU = Debug|Any CPU
		Release|Any CPU = Release|Any CPU
	EndGlobalSection
	GlobalSection(ProjectConfigurationPlatforms) = postSolution
		{B7805631-15C1-4A30-BF25-2A23B6935377}.Debug|Any CPU.ActiveCfg = Debug|Any CPU
		{B7805631-15C1-4A30-BF25-2A23B6935377}.Debug|Any CPU.Build.0 = Debug|Any CPU
		{B7805631-15C1-4A30-BF25-2A23B6935377}.Release|Any CPU.ActiveCfg = Release|Any CPU
		{B7805631-15C1-4A30-BF25-2A23B6935377}.Release|Any CPU.Build.0 = Release|Any CPU
	EndGlobalSection
	GlobalSection(SolutionProperties) = preSolution
		HideSolutionNode = FALSE
	EndGlobalSection
	GlobalSection(ExtensibilityGlobals) = postSolution
		SolutionGuid = {2EE17F9E-A847-4BF1-A697-1C7756E5D201}
	EndGlobalSection
EndGlobal
