
Microsoft Visual Studio Solution File, Format Version 12.00
# Visual Studio Express 15 for Windows Desktop
VisualStudioVersion = 15.0.28307.1231
MinimumVisualStudioVersion = 10.0.40219.1
Project("{FAE04EC0-301F-11D3-BF4B-00C04F79EFBC}") = "ex15_2", "ex15_2.csproj", "{96D873DA-F160-4E29-9803-89F51F74F4E5}"
EndProject
Global
	GlobalSection(SolutionConfigurationPlatforms) = preSolution
		Debug|Any CPU = Debug|Any CPU
		Release|Any CPU = Release|Any CPU
	EndGlobalSection
	GlobalSection(ProjectConfigurationPlatforms) = postSolution
		{96D873DA-F160-4E29-9803-89F51F74F4E5}.Debug|Any CPU.ActiveCfg = Debug|Any CPU
		{96D873DA-F160-4E29-9803-89F51F74F4E5}.Debug|Any CPU.Build.0 = Debug|Any CPU
		{96D873DA-F160-4E29-9803-89F51F74F4E5}.Release|Any CPU.ActiveCfg = Release|Any CPU
		{96D873DA-F160-4E29-9803-89F51F74F4E5}.Release|Any CPU.Build.0 = Release|Any CPU
	EndGlobalSection
	GlobalSection(SolutionProperties) = preSolution
		HideSolutionNode = FALSE
	EndGlobalSection
	GlobalSection(ExtensibilityGlobals) = postSolution
		SolutionGuid = {3161A025-7254-4AF9-B1CF-3AADDE90436C}
	EndGlobalSection
EndGlobal
