
Microsoft Visual Studio Solution File, Format Version 12.00
# Visual Studio Express 15 for Windows Desktop
VisualStudioVersion = 15.0.28307.1231
MinimumVisualStudioVersion = 10.0.40219.1
Project("{FAE04EC0-301F-11D3-BF4B-00C04F79EFBC}") = "ex4_19", "ex4_19.csproj", "{5768398A-6E83-4DD2-A180-C5C732667BCB}"
EndProject
Global
	GlobalSection(SolutionConfigurationPlatforms) = preSolution
		Debug|Any CPU = Debug|Any CPU
		Release|Any CPU = Release|Any CPU
	EndGlobalSection
	GlobalSection(ProjectConfigurationPlatforms) = postSolution
		{5768398A-6E83-4DD2-A180-C5C732667BCB}.Debug|Any CPU.ActiveCfg = Debug|Any CPU
		{5768398A-6E83-4DD2-A180-C5C732667BCB}.Debug|Any CPU.Build.0 = Debug|Any CPU
		{5768398A-6E83-4DD2-A180-C5C732667BCB}.Release|Any CPU.ActiveCfg = Release|Any CPU
		{5768398A-6E83-4DD2-A180-C5C732667BCB}.Release|Any CPU.Build.0 = Release|Any CPU
	EndGlobalSection
	GlobalSection(SolutionProperties) = preSolution
		HideSolutionNode = FALSE
	EndGlobalSection
	GlobalSection(ExtensibilityGlobals) = postSolution
		SolutionGuid = {DED1739C-691E-4592-A4EF-54D53D2F6FDC}
	EndGlobalSection
EndGlobal
