
Microsoft Visual Studio Solution File, Format Version 12.00
# Visual Studio Express 15 for Windows Desktop
VisualStudioVersion = 15.0.28307.1231
MinimumVisualStudioVersion = 10.0.40219.1
Project("{FAE04EC0-301F-11D3-BF4B-00C04F79EFBC}") = "ex11_19", "ex11_19.csproj", "{14B1A66D-A95F-405C-80CC-F5EEE0E61CE3}"
EndProject
Global
	GlobalSection(SolutionConfigurationPlatforms) = preSolution
		Debug|Any CPU = Debug|Any CPU
		Release|Any CPU = Release|Any CPU
	EndGlobalSection
	GlobalSection(ProjectConfigurationPlatforms) = postSolution
		{14B1A66D-A95F-405C-80CC-F5EEE0E61CE3}.Debug|Any CPU.ActiveCfg = Debug|Any CPU
		{14B1A66D-A95F-405C-80CC-F5EEE0E61CE3}.Debug|Any CPU.Build.0 = Debug|Any CPU
		{14B1A66D-A95F-405C-80CC-F5EEE0E61CE3}.Release|Any CPU.ActiveCfg = Release|Any CPU
		{14B1A66D-A95F-405C-80CC-F5EEE0E61CE3}.Release|Any CPU.Build.0 = Release|Any CPU
	EndGlobalSection
	GlobalSection(SolutionProperties) = preSolution
		HideSolutionNode = FALSE
	EndGlobalSection
	GlobalSection(ExtensibilityGlobals) = postSolution
		SolutionGuid = {AE4B7E18-6456-448C-AC51-E3BC2012BF55}
	EndGlobalSection
EndGlobal
