
Microsoft Visual Studio Solution File, Format Version 12.00
# Visual Studio Express 15 for Windows Desktop
VisualStudioVersion = 15.0.28307.1231
MinimumVisualStudioVersion = 10.0.40219.1
Project("{FAE04EC0-301F-11D3-BF4B-00C04F79EFBC}") = "ex_082", "ex_082.csproj", "{DC3BDB40-EC8D-4DAB-A69E-7972D17C74E1}"
EndProject
Global
	GlobalSection(SolutionConfigurationPlatforms) = preSolution
		Debug|Any CPU = Debug|Any CPU
		Release|Any CPU = Release|Any CPU
	EndGlobalSection
	GlobalSection(ProjectConfigurationPlatforms) = postSolution
		{DC3BDB40-EC8D-4DAB-A69E-7972D17C74E1}.Debug|Any CPU.ActiveCfg = Debug|Any CPU
		{DC3BDB40-EC8D-4DAB-A69E-7972D17C74E1}.Debug|Any CPU.Build.0 = Debug|Any CPU
		{DC3BDB40-EC8D-4DAB-A69E-7972D17C74E1}.Release|Any CPU.ActiveCfg = Release|Any CPU
		{DC3BDB40-EC8D-4DAB-A69E-7972D17C74E1}.Release|Any CPU.Build.0 = Release|Any CPU
	EndGlobalSection
	GlobalSection(SolutionProperties) = preSolution
		HideSolutionNode = FALSE
	EndGlobalSection
	GlobalSection(ExtensibilityGlobals) = postSolution
		SolutionGuid = {E277BCB8-7981-409A-AAAB-D1305DE58A7A}
	EndGlobalSection
EndGlobal
