
Microsoft Visual Studio Solution File, Format Version 12.00
# Visual Studio Express 15 for Windows Desktop
VisualStudioVersion = 15.0.28307.1231
MinimumVisualStudioVersion = 10.0.40219.1
Project("{FAE04EC0-301F-11D3-BF4B-00C04F79EFBC}") = "ex2_19", "ex2_19.csproj", "{EAEF3CB3-09C3-4568-A359-EAF2AC017B56}"
EndProject
Global
	GlobalSection(SolutionConfigurationPlatforms) = preSolution
		Debug|Any CPU = Debug|Any CPU
		Release|Any CPU = Release|Any CPU
	EndGlobalSection
	GlobalSection(ProjectConfigurationPlatforms) = postSolution
		{EAEF3CB3-09C3-4568-A359-EAF2AC017B56}.Debug|Any CPU.ActiveCfg = Debug|Any CPU
		{EAEF3CB3-09C3-4568-A359-EAF2AC017B56}.Debug|Any CPU.Build.0 = Debug|Any CPU
		{EAEF3CB3-09C3-4568-A359-EAF2AC017B56}.Release|Any CPU.ActiveCfg = Release|Any CPU
		{EAEF3CB3-09C3-4568-A359-EAF2AC017B56}.Release|Any CPU.Build.0 = Release|Any CPU
	EndGlobalSection
	GlobalSection(SolutionProperties) = preSolution
		HideSolutionNode = FALSE
	EndGlobalSection
	GlobalSection(ExtensibilityGlobals) = postSolution
		SolutionGuid = {0B83F7AC-4F57-48EB-BF99-1CDCA85B2915}
	EndGlobalSection
EndGlobal
