
Microsoft Visual Studio Solution File, Format Version 12.00
# Visual Studio Express 15 for Windows Desktop
VisualStudioVersion = 15.0.28307.1231
MinimumVisualStudioVersion = 10.0.40219.1
Project("{FAE04EC0-301F-11D3-BF4B-00C04F79EFBC}") = "ex_004", "ex_004.csproj", "{DAC6062E-C044-4CFA-A3B5-F63348A59AF3}"
EndProject
Global
	GlobalSection(SolutionConfigurationPlatforms) = preSolution
		Debug|Any CPU = Debug|Any CPU
		Release|Any CPU = Release|Any CPU
	EndGlobalSection
	GlobalSection(ProjectConfigurationPlatforms) = postSolution
		{DAC6062E-C044-4CFA-A3B5-F63348A59AF3}.Debug|Any CPU.ActiveCfg = Debug|Any CPU
		{DAC6062E-C044-4CFA-A3B5-F63348A59AF3}.Debug|Any CPU.Build.0 = Debug|Any CPU
		{DAC6062E-C044-4CFA-A3B5-F63348A59AF3}.Release|Any CPU.ActiveCfg = Release|Any CPU
		{DAC6062E-C044-4CFA-A3B5-F63348A59AF3}.Release|Any CPU.Build.0 = Release|Any CPU
	EndGlobalSection
	GlobalSection(SolutionProperties) = preSolution
		HideSolutionNode = FALSE
	EndGlobalSection
	GlobalSection(ExtensibilityGlobals) = postSolution
		SolutionGuid = {FE85637D-A216-4583-A2E5-03FBD3DFCECA}
	EndGlobalSection
EndGlobal
