
Microsoft Visual Studio Solution File, Format Version 12.00
# Visual Studio Express 15 for Windows Desktop
VisualStudioVersion = 15.0.28307.1231
MinimumVisualStudioVersion = 10.0.40219.1
Project("{FAE04EC0-301F-11D3-BF4B-00C04F79EFBC}") = "ex_144", "ex_144.csproj", "{B7823091-A327-415A-8303-DFAE0B9A05C7}"
EndProject
Global
	GlobalSection(SolutionConfigurationPlatforms) = preSolution
		Debug|Any CPU = Debug|Any CPU
		Release|Any CPU = Release|Any CPU
	EndGlobalSection
	GlobalSection(ProjectConfigurationPlatforms) = postSolution
		{B7823091-A327-415A-8303-DFAE0B9A05C7}.Debug|Any CPU.ActiveCfg = Debug|Any CPU
		{B7823091-A327-415A-8303-DFAE0B9A05C7}.Debug|Any CPU.Build.0 = Debug|Any CPU
		{B7823091-A327-415A-8303-DFAE0B9A05C7}.Release|Any CPU.ActiveCfg = Release|Any CPU
		{B7823091-A327-415A-8303-DFAE0B9A05C7}.Release|Any CPU.Build.0 = Release|Any CPU
	EndGlobalSection
	GlobalSection(SolutionProperties) = preSolution
		HideSolutionNode = FALSE
	EndGlobalSection
	GlobalSection(ExtensibilityGlobals) = postSolution
		SolutionGuid = {AD572D17-4671-4E7E-9DEE-8A6526B815BD}
	EndGlobalSection
EndGlobal
