
Microsoft Visual Studio Solution File, Format Version 12.00
# Visual Studio Express 15 for Windows Desktop
VisualStudioVersion = 15.0.28307.1231
MinimumVisualStudioVersion = 10.0.40219.1
Project("{FAE04EC0-301F-11D3-BF4B-00C04F79EFBC}") = "ex4_44", "ex4_44.csproj", "{7E46F390-6A3A-4567-80C3-DF935E10EA80}"
EndProject
Global
	GlobalSection(SolutionConfigurationPlatforms) = preSolution
		Debug|Any CPU = Debug|Any CPU
		Release|Any CPU = Release|Any CPU
	EndGlobalSection
	GlobalSection(ProjectConfigurationPlatforms) = postSolution
		{7E46F390-6A3A-4567-80C3-DF935E10EA80}.Debug|Any CPU.ActiveCfg = Debug|Any CPU
		{7E46F390-6A3A-4567-80C3-DF935E10EA80}.Debug|Any CPU.Build.0 = Debug|Any CPU
		{7E46F390-6A3A-4567-80C3-DF935E10EA80}.Release|Any CPU.ActiveCfg = Release|Any CPU
		{7E46F390-6A3A-4567-80C3-DF935E10EA80}.Release|Any CPU.Build.0 = Release|Any CPU
	EndGlobalSection
	GlobalSection(SolutionProperties) = preSolution
		HideSolutionNode = FALSE
	EndGlobalSection
	GlobalSection(ExtensibilityGlobals) = postSolution
		SolutionGuid = {DBE36AF5-1423-444B-86B0-911817838B2D}
	EndGlobalSection
EndGlobal
