
Microsoft Visual Studio Solution File, Format Version 12.00
# Visual Studio Express 15 for Windows Desktop
VisualStudioVersion = 15.0.28307.1231
MinimumVisualStudioVersion = 10.0.40219.1
Project("{FAE04EC0-301F-11D3-BF4B-00C04F79EFBC}") = "ex2_3", "ex2_3.csproj", "{E97124F3-B7FF-48A4-935A-DE34BD00C543}"
EndProject
Global
	GlobalSection(SolutionConfigurationPlatforms) = preSolution
		Debug|Any CPU = Debug|Any CPU
		Release|Any CPU = Release|Any CPU
	EndGlobalSection
	GlobalSection(ProjectConfigurationPlatforms) = postSolution
		{E97124F3-B7FF-48A4-935A-DE34BD00C543}.Debug|Any CPU.ActiveCfg = Debug|Any CPU
		{E97124F3-B7FF-48A4-935A-DE34BD00C543}.Debug|Any CPU.Build.0 = Debug|Any CPU
		{E97124F3-B7FF-48A4-935A-DE34BD00C543}.Release|Any CPU.ActiveCfg = Release|Any CPU
		{E97124F3-B7FF-48A4-935A-DE34BD00C543}.Release|Any CPU.Build.0 = Release|Any CPU
	EndGlobalSection
	GlobalSection(SolutionProperties) = preSolution
		HideSolutionNode = FALSE
	EndGlobalSection
	GlobalSection(ExtensibilityGlobals) = postSolution
		SolutionGuid = {A33B9C54-7BD2-4B8E-A425-C07F55FC0ACE}
	EndGlobalSection
EndGlobal
