
Microsoft Visual Studio Solution File, Format Version 12.00
# Visual Studio Express 15 for Windows Desktop
VisualStudioVersion = 15.0.28307.1231
MinimumVisualStudioVersion = 10.0.40219.1
Project("{FAE04EC0-301F-11D3-BF4B-00C04F79EFBC}") = "ex5_12", "ex5_12.csproj", "{F980EE69-6A11-4732-B3F0-D30136993CF4}"
EndProject
Global
	GlobalSection(SolutionConfigurationPlatforms) = preSolution
		Debug|Any CPU = Debug|Any CPU
		Release|Any CPU = Release|Any CPU
	EndGlobalSection
	GlobalSection(ProjectConfigurationPlatforms) = postSolution
		{F980EE69-6A11-4732-B3F0-D30136993CF4}.Debug|Any CPU.ActiveCfg = Debug|Any CPU
		{F980EE69-6A11-4732-B3F0-D30136993CF4}.Debug|Any CPU.Build.0 = Debug|Any CPU
		{F980EE69-6A11-4732-B3F0-D30136993CF4}.Release|Any CPU.ActiveCfg = Release|Any CPU
		{F980EE69-6A11-4732-B3F0-D30136993CF4}.Release|Any CPU.Build.0 = Release|Any CPU
	EndGlobalSection
	GlobalSection(SolutionProperties) = preSolution
		HideSolutionNode = FALSE
	EndGlobalSection
	GlobalSection(ExtensibilityGlobals) = postSolution
		SolutionGuid = {3A6A54F8-0652-4A3F-A349-01C3DE721891}
	EndGlobalSection
EndGlobal
