
Microsoft Visual Studio Solution File, Format Version 12.00
# Visual Studio Version 16
VisualStudioVersion = 16.0.30011.22
MinimumVisualStudioVersion = 10.0.40219.1
Project("{FAE04EC0-301F-11D3-BF4B-00C04F79EFBC}") = "ex6_8", "ex6_8.csproj", "{D6263DAA-46A8-49C4-9709-C5D27726EBB5}"
EndProject
Global
	GlobalSection(SolutionConfigurationPlatforms) = preSolution
		Debug|Any CPU = Debug|Any CPU
		Release|Any CPU = Release|Any CPU
	EndGlobalSection
	GlobalSection(ProjectConfigurationPlatforms) = postSolution
		{D6263DAA-46A8-49C4-9709-C5D27726EBB5}.Debug|Any CPU.ActiveCfg = Debug|Any CPU
		{D6263DAA-46A8-49C4-9709-C5D27726EBB5}.Debug|Any CPU.Build.0 = Debug|Any CPU
		{D6263DAA-46A8-49C4-9709-C5D27726EBB5}.Release|Any CPU.ActiveCfg = Release|Any CPU
		{D6263DAA-46A8-49C4-9709-C5D27726EBB5}.Release|Any CPU.Build.0 = Release|Any CPU
	EndGlobalSection
	GlobalSection(SolutionProperties) = preSolution
		HideSolutionNode = FALSE
	EndGlobalSection
	GlobalSection(ExtensibilityGlobals) = postSolution
		SolutionGuid = {5998EA57-7F8E-4170-90B6-1C32B3E789C9}
	EndGlobalSection
EndGlobal
