
Microsoft Visual Studio Solution File, Format Version 12.00
# Visual Studio Express 15 for Windows Desktop
VisualStudioVersion = 15.0.28307.1231
MinimumVisualStudioVersion = 10.0.40219.1
Project("{FAE04EC0-301F-11D3-BF4B-00C04F79EFBC}") = "ex_045", "ex_045.csproj", "{CF859F69-2F39-4582-A91A-8D00E2F9976D}"
EndProject
Global
	GlobalSection(SolutionConfigurationPlatforms) = preSolution
		Debug|Any CPU = Debug|Any CPU
		Release|Any CPU = Release|Any CPU
	EndGlobalSection
	GlobalSection(ProjectConfigurationPlatforms) = postSolution
		{CF859F69-2F39-4582-A91A-8D00E2F9976D}.Debug|Any CPU.ActiveCfg = Debug|Any CPU
		{CF859F69-2F39-4582-A91A-8D00E2F9976D}.Debug|Any CPU.Build.0 = Debug|Any CPU
		{CF859F69-2F39-4582-A91A-8D00E2F9976D}.Release|Any CPU.ActiveCfg = Release|Any CPU
		{CF859F69-2F39-4582-A91A-8D00E2F9976D}.Release|Any CPU.Build.0 = Release|Any CPU
	EndGlobalSection
	GlobalSection(SolutionProperties) = preSolution
		HideSolutionNode = FALSE
	EndGlobalSection
	GlobalSection(ExtensibilityGlobals) = postSolution
		SolutionGuid = {457074FC-D450-4224-89A2-18BB6C34C863}
	EndGlobalSection
EndGlobal
