
Microsoft Visual Studio Solution File, Format Version 12.00
# Visual Studio Express 15 for Windows Desktop
VisualStudioVersion = 15.0.28307.1231
MinimumVisualStudioVersion = 10.0.40219.1
Project("{FAE04EC0-301F-11D3-BF4B-00C04F79EFBC}") = "ex_120", "ex_120.csproj", "{7B9D171E-92C7-43FE-BCD7-687FC5E3E759}"
EndProject
Global
	GlobalSection(SolutionConfigurationPlatforms) = preSolution
		Debug|Any CPU = Debug|Any CPU
		Release|Any CPU = Release|Any CPU
	EndGlobalSection
	GlobalSection(ProjectConfigurationPlatforms) = postSolution
		{7B9D171E-92C7-43FE-BCD7-687FC5E3E759}.Debug|Any CPU.ActiveCfg = Debug|Any CPU
		{7B9D171E-92C7-43FE-BCD7-687FC5E3E759}.Debug|Any CPU.Build.0 = Debug|Any CPU
		{7B9D171E-92C7-43FE-BCD7-687FC5E3E759}.Release|Any CPU.ActiveCfg = Release|Any CPU
		{7B9D171E-92C7-43FE-BCD7-687FC5E3E759}.Release|Any CPU.Build.0 = Release|Any CPU
	EndGlobalSection
	GlobalSection(SolutionProperties) = preSolution
		HideSolutionNode = FALSE
	EndGlobalSection
	GlobalSection(ExtensibilityGlobals) = postSolution
		SolutionGuid = {446C851D-35E7-43FE-820F-CE64770776DA}
	EndGlobalSection
EndGlobal
