
Microsoft Visual Studio Solution File, Format Version 12.00
# Visual Studio Express 15 for Windows Desktop
VisualStudioVersion = 15.0.28307.1231
MinimumVisualStudioVersion = 10.0.40219.1
Project("{FAE04EC0-301F-11D3-BF4B-00C04F79EFBC}") = "ex11_4", "ex11_4.csproj", "{4E831B78-2C9B-4298-992E-946271B0F21F}"
EndProject
Global
	GlobalSection(SolutionConfigurationPlatforms) = preSolution
		Debug|Any CPU = Debug|Any CPU
		Release|Any CPU = Release|Any CPU
	EndGlobalSection
	GlobalSection(ProjectConfigurationPlatforms) = postSolution
		{4E831B78-2C9B-4298-992E-946271B0F21F}.Debug|Any CPU.ActiveCfg = Debug|Any CPU
		{4E831B78-2C9B-4298-992E-946271B0F21F}.Debug|Any CPU.Build.0 = Debug|Any CPU
		{4E831B78-2C9B-4298-992E-946271B0F21F}.Release|Any CPU.ActiveCfg = Release|Any CPU
		{4E831B78-2C9B-4298-992E-946271B0F21F}.Release|Any CPU.Build.0 = Release|Any CPU
	EndGlobalSection
	GlobalSection(SolutionProperties) = preSolution
		HideSolutionNode = FALSE
	EndGlobalSection
	GlobalSection(ExtensibilityGlobals) = postSolution
		SolutionGuid = {F39D26E6-131F-491E-B226-2E3F2B0F3261}
	EndGlobalSection
EndGlobal
