
Microsoft Visual Studio Solution File, Format Version 12.00
# Visual Studio Express 15 for Windows Desktop
VisualStudioVersion = 15.0.28307.1231
MinimumVisualStudioVersion = 10.0.40219.1
Project("{FAE04EC0-301F-11D3-BF4B-00C04F79EFBC}") = "ex8_8", "ex8_8.csproj", "{0B561C94-8A26-4A22-873D-9B88E501E1A3}"
EndProject
Global
	GlobalSection(SolutionConfigurationPlatforms) = preSolution
		Debug|Any CPU = Debug|Any CPU
		Release|Any CPU = Release|Any CPU
	EndGlobalSection
	GlobalSection(ProjectConfigurationPlatforms) = postSolution
		{0B561C94-8A26-4A22-873D-9B88E501E1A3}.Debug|Any CPU.ActiveCfg = Debug|Any CPU
		{0B561C94-8A26-4A22-873D-9B88E501E1A3}.Debug|Any CPU.Build.0 = Debug|Any CPU
		{0B561C94-8A26-4A22-873D-9B88E501E1A3}.Release|Any CPU.ActiveCfg = Release|Any CPU
		{0B561C94-8A26-4A22-873D-9B88E501E1A3}.Release|Any CPU.Build.0 = Release|Any CPU
	EndGlobalSection
	GlobalSection(SolutionProperties) = preSolution
		HideSolutionNode = FALSE
	EndGlobalSection
	GlobalSection(ExtensibilityGlobals) = postSolution
		SolutionGuid = {BA0295BE-18BD-48FD-9F6E-AD8DD7B790CD}
	EndGlobalSection
EndGlobal
