
Microsoft Visual Studio Solution File, Format Version 12.00
# Visual Studio Express 15 for Windows Desktop
VisualStudioVersion = 15.0.28307.1231
MinimumVisualStudioVersion = 10.0.40219.1
Project("{FAE04EC0-301F-11D3-BF4B-00C04F79EFBC}") = "ex4_6", "ex4_6.csproj", "{666464A1-2D95-4C31-A2A0-416C6CDED9D3}"
EndProject
Global
	GlobalSection(SolutionConfigurationPlatforms) = preSolution
		Debug|Any CPU = Debug|Any CPU
		Release|Any CPU = Release|Any CPU
	EndGlobalSection
	GlobalSection(ProjectConfigurationPlatforms) = postSolution
		{666464A1-2D95-4C31-A2A0-416C6CDED9D3}.Debug|Any CPU.ActiveCfg = Debug|Any CPU
		{666464A1-2D95-4C31-A2A0-416C6CDED9D3}.Debug|Any CPU.Build.0 = Debug|Any CPU
		{666464A1-2D95-4C31-A2A0-416C6CDED9D3}.Release|Any CPU.ActiveCfg = Release|Any CPU
		{666464A1-2D95-4C31-A2A0-416C6CDED9D3}.Release|Any CPU.Build.0 = Release|Any CPU
	EndGlobalSection
	GlobalSection(SolutionProperties) = preSolution
		HideSolutionNode = FALSE
	EndGlobalSection
	GlobalSection(ExtensibilityGlobals) = postSolution
		SolutionGuid = {DF820609-B56B-49E3-9B26-23247D746D06}
	EndGlobalSection
EndGlobal
