
Microsoft Visual Studio Solution File, Format Version 12.00
# Visual Studio Express 15 for Windows Desktop
VisualStudioVersion = 15.0.28307.1231
MinimumVisualStudioVersion = 10.0.40219.1
Project("{FAE04EC0-301F-11D3-BF4B-00C04F79EFBC}") = "ex3_21", "ex3_21.csproj", "{4C76AD06-069A-4A30-9580-5BB2FF15E93E}"
EndProject
Global
	GlobalSection(SolutionConfigurationPlatforms) = preSolution
		Debug|Any CPU = Debug|Any CPU
		Release|Any CPU = Release|Any CPU
	EndGlobalSection
	GlobalSection(ProjectConfigurationPlatforms) = postSolution
		{4C76AD06-069A-4A30-9580-5BB2FF15E93E}.Debug|Any CPU.ActiveCfg = Debug|Any CPU
		{4C76AD06-069A-4A30-9580-5BB2FF15E93E}.Debug|Any CPU.Build.0 = Debug|Any CPU
		{4C76AD06-069A-4A30-9580-5BB2FF15E93E}.Release|Any CPU.ActiveCfg = Release|Any CPU
		{4C76AD06-069A-4A30-9580-5BB2FF15E93E}.Release|Any CPU.Build.0 = Release|Any CPU
	EndGlobalSection
	GlobalSection(SolutionProperties) = preSolution
		HideSolutionNode = FALSE
	EndGlobalSection
	GlobalSection(ExtensibilityGlobals) = postSolution
		SolutionGuid = {6A8B3794-4FC4-435D-BE97-A1BFE6E582CD}
	EndGlobalSection
EndGlobal
