
Microsoft Visual Studio Solution File, Format Version 12.00
# Visual Studio Express 15 for Windows Desktop
VisualStudioVersion = 15.0.28307.1231
MinimumVisualStudioVersion = 10.0.40219.1
Project("{FAE04EC0-301F-11D3-BF4B-00C04F79EFBC}") = "ex_123", "ex_123.csproj", "{F1FDE3B4-7B52-46E7-BA15-392C0124E2ED}"
EndProject
Global
	GlobalSection(SolutionConfigurationPlatforms) = preSolution
		Debug|Any CPU = Debug|Any CPU
		Release|Any CPU = Release|Any CPU
	EndGlobalSection
	GlobalSection(ProjectConfigurationPlatforms) = postSolution
		{F1FDE3B4-7B52-46E7-BA15-392C0124E2ED}.Debug|Any CPU.ActiveCfg = Debug|Any CPU
		{F1FDE3B4-7B52-46E7-BA15-392C0124E2ED}.Debug|Any CPU.Build.0 = Debug|Any CPU
		{F1FDE3B4-7B52-46E7-BA15-392C0124E2ED}.Release|Any CPU.ActiveCfg = Release|Any CPU
		{F1FDE3B4-7B52-46E7-BA15-392C0124E2ED}.Release|Any CPU.Build.0 = Release|Any CPU
	EndGlobalSection
	GlobalSection(SolutionProperties) = preSolution
		HideSolutionNode = FALSE
	EndGlobalSection
	GlobalSection(ExtensibilityGlobals) = postSolution
		SolutionGuid = {FC9FD811-17DE-4F5F-9A39-490B139189B7}
	EndGlobalSection
EndGlobal
