
Microsoft Visual Studio Solution File, Format Version 12.00
# Visual Studio Express 15 for Windows Desktop
VisualStudioVersion = 15.0.28307.1231
MinimumVisualStudioVersion = 10.0.40219.1
Project("{FAE04EC0-301F-11D3-BF4B-00C04F79EFBC}") = "ex10_2", "ex10_2.csproj", "{478460FF-CF74-4A22-9D9C-23AD405D8FDB}"
EndProject
Global
	GlobalSection(SolutionConfigurationPlatforms) = preSolution
		Debug|Any CPU = Debug|Any CPU
		Release|Any CPU = Release|Any CPU
	EndGlobalSection
	GlobalSection(ProjectConfigurationPlatforms) = postSolution
		{478460FF-CF74-4A22-9D9C-23AD405D8FDB}.Debug|Any CPU.ActiveCfg = Debug|Any CPU
		{478460FF-CF74-4A22-9D9C-23AD405D8FDB}.Debug|Any CPU.Build.0 = Debug|Any CPU
		{478460FF-CF74-4A22-9D9C-23AD405D8FDB}.Release|Any CPU.ActiveCfg = Release|Any CPU
		{478460FF-CF74-4A22-9D9C-23AD405D8FDB}.Release|Any CPU.Build.0 = Release|Any CPU
	EndGlobalSection
	GlobalSection(SolutionProperties) = preSolution
		HideSolutionNode = FALSE
	EndGlobalSection
	GlobalSection(ExtensibilityGlobals) = postSolution
		SolutionGuid = {CF689BD1-3189-4974-9AEB-50824BC8DACD}
	EndGlobalSection
EndGlobal
