
Microsoft Visual Studio Solution File, Format Version 12.00
# Visual Studio Express 15 for Windows Desktop
VisualStudioVersion = 15.0.28307.1231
MinimumVisualStudioVersion = 10.0.40219.1
Project("{FAE04EC0-301F-11D3-BF4B-00C04F79EFBC}") = "ex_059", "ex_059.csproj", "{E8F24035-4030-4ABC-9252-DB42811FA08E}"
EndProject
Global
	GlobalSection(SolutionConfigurationPlatforms) = preSolution
		Debug|Any CPU = Debug|Any CPU
		Release|Any CPU = Release|Any CPU
	EndGlobalSection
	GlobalSection(ProjectConfigurationPlatforms) = postSolution
		{E8F24035-4030-4ABC-9252-DB42811FA08E}.Debug|Any CPU.ActiveCfg = Debug|Any CPU
		{E8F24035-4030-4ABC-9252-DB42811FA08E}.Debug|Any CPU.Build.0 = Debug|Any CPU
		{E8F24035-4030-4ABC-9252-DB42811FA08E}.Release|Any CPU.ActiveCfg = Release|Any CPU
		{E8F24035-4030-4ABC-9252-DB42811FA08E}.Release|Any CPU.Build.0 = Release|Any CPU
	EndGlobalSection
	GlobalSection(SolutionProperties) = preSolution
		HideSolutionNode = FALSE
	EndGlobalSection
	GlobalSection(ExtensibilityGlobals) = postSolution
		SolutionGuid = {8D2B2AFB-4AF5-411D-859C-0A5064795C1C}
	EndGlobalSection
EndGlobal
