
Microsoft Visual Studio Solution File, Format Version 12.00
# Visual Studio Express 15 for Windows Desktop
VisualStudioVersion = 15.0.28307.1231
MinimumVisualStudioVersion = 10.0.40219.1
Project("{FAE04EC0-301F-11D3-BF4B-00C04F79EFBC}") = "ex11_5", "ex11_5.csproj", "{A641369B-1C0E-44B3-BE48-61E350550A4D}"
EndProject
Global
	GlobalSection(SolutionConfigurationPlatforms) = preSolution
		Debug|Any CPU = Debug|Any CPU
		Release|Any CPU = Release|Any CPU
	EndGlobalSection
	GlobalSection(ProjectConfigurationPlatforms) = postSolution
		{A641369B-1C0E-44B3-BE48-61E350550A4D}.Debug|Any CPU.ActiveCfg = Debug|Any CPU
		{A641369B-1C0E-44B3-BE48-61E350550A4D}.Debug|Any CPU.Build.0 = Debug|Any CPU
		{A641369B-1C0E-44B3-BE48-61E350550A4D}.Release|Any CPU.ActiveCfg = Release|Any CPU
		{A641369B-1C0E-44B3-BE48-61E350550A4D}.Release|Any CPU.Build.0 = Release|Any CPU
	EndGlobalSection
	GlobalSection(SolutionProperties) = preSolution
		HideSolutionNode = FALSE
	EndGlobalSection
	GlobalSection(ExtensibilityGlobals) = postSolution
		SolutionGuid = {83127FE8-F5C4-4BFE-BCEC-CB7A91D4B133}
	EndGlobalSection
EndGlobal
