
Microsoft Visual Studio Solution File, Format Version 12.00
# Visual Studio Express 15 for Windows Desktop
VisualStudioVersion = 15.0.28307.1231
MinimumVisualStudioVersion = 10.0.40219.1
Project("{FAE04EC0-301F-11D3-BF4B-00C04F79EFBC}") = "ex6_16", "ex6_16.csproj", "{44E97880-8F61-4525-9750-16E287CBE9BE}"
EndProject
Global
	GlobalSection(SolutionConfigurationPlatforms) = preSolution
		Debug|Any CPU = Debug|Any CPU
		Release|Any CPU = Release|Any CPU
	EndGlobalSection
	GlobalSection(ProjectConfigurationPlatforms) = postSolution
		{44E97880-8F61-4525-9750-16E287CBE9BE}.Debug|Any CPU.ActiveCfg = Debug|Any CPU
		{44E97880-8F61-4525-9750-16E287CBE9BE}.Debug|Any CPU.Build.0 = Debug|Any CPU
		{44E97880-8F61-4525-9750-16E287CBE9BE}.Release|Any CPU.ActiveCfg = Release|Any CPU
		{44E97880-8F61-4525-9750-16E287CBE9BE}.Release|Any CPU.Build.0 = Release|Any CPU
	EndGlobalSection
	GlobalSection(SolutionProperties) = preSolution
		HideSolutionNode = FALSE
	EndGlobalSection
	GlobalSection(ExtensibilityGlobals) = postSolution
		SolutionGuid = {2670C13B-BE56-46EC-A59B-5A2BDDA20904}
	EndGlobalSection
EndGlobal
