
Microsoft Visual Studio Solution File, Format Version 12.00
# Visual Studio Express 15 for Windows Desktop
VisualStudioVersion = 15.0.28307.1231
MinimumVisualStudioVersion = 10.0.40219.1
Project("{FAE04EC0-301F-11D3-BF4B-00C04F79EFBC}") = "ex_118", "ex_118.csproj", "{D7C0BE17-DC60-4B12-A06B-3B8ADF1B6E9A}"
EndProject
Global
	GlobalSection(SolutionConfigurationPlatforms) = preSolution
		Debug|Any CPU = Debug|Any CPU
		Release|Any CPU = Release|Any CPU
	EndGlobalSection
	GlobalSection(ProjectConfigurationPlatforms) = postSolution
		{D7C0BE17-DC60-4B12-A06B-3B8ADF1B6E9A}.Debug|Any CPU.ActiveCfg = Debug|Any CPU
		{D7C0BE17-DC60-4B12-A06B-3B8ADF1B6E9A}.Debug|Any CPU.Build.0 = Debug|Any CPU
		{D7C0BE17-DC60-4B12-A06B-3B8ADF1B6E9A}.Release|Any CPU.ActiveCfg = Release|Any CPU
		{D7C0BE17-DC60-4B12-A06B-3B8ADF1B6E9A}.Release|Any CPU.Build.0 = Release|Any CPU
	EndGlobalSection
	GlobalSection(SolutionProperties) = preSolution
		HideSolutionNode = FALSE
	EndGlobalSection
	GlobalSection(ExtensibilityGlobals) = postSolution
		SolutionGuid = {F56BE035-CFEE-45DB-8449-CFFA7B1C6BB1}
	EndGlobalSection
EndGlobal
