
Microsoft Visual Studio Solution File, Format Version 12.00
# Visual Studio Express 15 for Windows Desktop
VisualStudioVersion = 15.0.28307.1231
MinimumVisualStudioVersion = 10.0.40219.1
Project("{FAE04EC0-301F-11D3-BF4B-00C04F79EFBC}") = "ex_032", "ex_032.csproj", "{06DF1B93-A305-452B-834F-FCA8D312665B}"
EndProject
Global
	GlobalSection(SolutionConfigurationPlatforms) = preSolution
		Debug|Any CPU = Debug|Any CPU
		Release|Any CPU = Release|Any CPU
	EndGlobalSection
	GlobalSection(ProjectConfigurationPlatforms) = postSolution
		{06DF1B93-A305-452B-834F-FCA8D312665B}.Debug|Any CPU.ActiveCfg = Debug|Any CPU
		{06DF1B93-A305-452B-834F-FCA8D312665B}.Debug|Any CPU.Build.0 = Debug|Any CPU
		{06DF1B93-A305-452B-834F-FCA8D312665B}.Release|Any CPU.ActiveCfg = Release|Any CPU
		{06DF1B93-A305-452B-834F-FCA8D312665B}.Release|Any CPU.Build.0 = Release|Any CPU
	EndGlobalSection
	GlobalSection(SolutionProperties) = preSolution
		HideSolutionNode = FALSE
	EndGlobalSection
	GlobalSection(ExtensibilityGlobals) = postSolution
		SolutionGuid = {FAB88D7B-57B2-4603-BE40-BB79E01A109F}
	EndGlobalSection
EndGlobal
