
Microsoft Visual Studio Solution File, Format Version 12.00
# Visual Studio Version 16
VisualStudioVersion = 16.0.30011.22
MinimumVisualStudioVersion = 10.0.40219.1
Project("{FAE04EC0-301F-11D3-BF4B-00C04F79EFBC}") = "ex3_20", "ex3_20.csproj", "{E2811C36-5FFE-48EA-B171-BB46513FC7FD}"
EndProject
Global
	GlobalSection(SolutionConfigurationPlatforms) = preSolution
		Debug|Any CPU = Debug|Any CPU
		Release|Any CPU = Release|Any CPU
	EndGlobalSection
	GlobalSection(ProjectConfigurationPlatforms) = postSolution
		{E2811C36-5FFE-48EA-B171-BB46513FC7FD}.Debug|Any CPU.ActiveCfg = Debug|Any CPU
		{E2811C36-5FFE-48EA-B171-BB46513FC7FD}.Debug|Any CPU.Build.0 = Debug|Any CPU
		{E2811C36-5FFE-48EA-B171-BB46513FC7FD}.Release|Any CPU.ActiveCfg = Release|Any CPU
		{E2811C36-5FFE-48EA-B171-BB46513FC7FD}.Release|Any CPU.Build.0 = Release|Any CPU
	EndGlobalSection
	GlobalSection(SolutionProperties) = preSolution
		HideSolutionNode = FALSE
	EndGlobalSection
	GlobalSection(ExtensibilityGlobals) = postSolution
		SolutionGuid = {688F254A-FF13-4236-9E0A-77F7219E556A}
	EndGlobalSection
EndGlobal
