
Microsoft Visual Studio Solution File, Format Version 12.00
# Visual Studio Express 15 for Windows Desktop
VisualStudioVersion = 15.0.28307.1231
MinimumVisualStudioVersion = 10.0.40219.1
Project("{FAE04EC0-301F-11D3-BF4B-00C04F79EFBC}") = "ex4_5", "ex4_5.csproj", "{8F77A270-D04C-4657-8C59-349BF01417E8}"
EndProject
Global
	GlobalSection(SolutionConfigurationPlatforms) = preSolution
		Debug|Any CPU = Debug|Any CPU
		Release|Any CPU = Release|Any CPU
	EndGlobalSection
	GlobalSection(ProjectConfigurationPlatforms) = postSolution
		{8F77A270-D04C-4657-8C59-349BF01417E8}.Debug|Any CPU.ActiveCfg = Debug|Any CPU
		{8F77A270-D04C-4657-8C59-349BF01417E8}.Debug|Any CPU.Build.0 = Debug|Any CPU
		{8F77A270-D04C-4657-8C59-349BF01417E8}.Release|Any CPU.ActiveCfg = Release|Any CPU
		{8F77A270-D04C-4657-8C59-349BF01417E8}.Release|Any CPU.Build.0 = Release|Any CPU
	EndGlobalSection
	GlobalSection(SolutionProperties) = preSolution
		HideSolutionNode = FALSE
	EndGlobalSection
	GlobalSection(ExtensibilityGlobals) = postSolution
		SolutionGuid = {F54C07AC-A3A2-4F6B-8F4A-37F96DE9199D}
	EndGlobalSection
EndGlobal
