
Microsoft Visual Studio Solution File, Format Version 12.00
# Visual Studio Express 15 for Windows Desktop
VisualStudioVersion = 15.0.28307.1231
MinimumVisualStudioVersion = 10.0.40219.1
Project("{FAE04EC0-301F-11D3-BF4B-00C04F79EFBC}") = "ex2_6", "ex2_6.csproj", "{D412FF11-5DB1-4A8C-B65A-F7D007AEAC9E}"
EndProject
Global
	GlobalSection(SolutionConfigurationPlatforms) = preSolution
		Debug|Any CPU = Debug|Any CPU
		Release|Any CPU = Release|Any CPU
	EndGlobalSection
	GlobalSection(ProjectConfigurationPlatforms) = postSolution
		{D412FF11-5DB1-4A8C-B65A-F7D007AEAC9E}.Debug|Any CPU.ActiveCfg = Debug|Any CPU
		{D412FF11-5DB1-4A8C-B65A-F7D007AEAC9E}.Debug|Any CPU.Build.0 = Debug|Any CPU
		{D412FF11-5DB1-4A8C-B65A-F7D007AEAC9E}.Release|Any CPU.ActiveCfg = Release|Any CPU
		{D412FF11-5DB1-4A8C-B65A-F7D007AEAC9E}.Release|Any CPU.Build.0 = Release|Any CPU
	EndGlobalSection
	GlobalSection(SolutionProperties) = preSolution
		HideSolutionNode = FALSE
	EndGlobalSection
	GlobalSection(ExtensibilityGlobals) = postSolution
		SolutionGuid = {521FD4C9-8AF0-4CFA-A9C9-CEB499759333}
	EndGlobalSection
EndGlobal
