
Microsoft Visual Studio Solution File, Format Version 12.00
# Visual Studio Express 15 for Windows Desktop
VisualStudioVersion = 15.0.28307.1231
MinimumVisualStudioVersion = 10.0.40219.1
Project("{FAE04EC0-301F-11D3-BF4B-00C04F79EFBC}") = "ex3_8", "ex3_8.csproj", "{147D5579-23B2-48CB-A920-7A35CE4E77D3}"
EndProject
Global
	GlobalSection(SolutionConfigurationPlatforms) = preSolution
		Debug|Any CPU = Debug|Any CPU
		Release|Any CPU = Release|Any CPU
	EndGlobalSection
	GlobalSection(ProjectConfigurationPlatforms) = postSolution
		{147D5579-23B2-48CB-A920-7A35CE4E77D3}.Debug|Any CPU.ActiveCfg = Debug|Any CPU
		{147D5579-23B2-48CB-A920-7A35CE4E77D3}.Debug|Any CPU.Build.0 = Debug|Any CPU
		{147D5579-23B2-48CB-A920-7A35CE4E77D3}.Release|Any CPU.ActiveCfg = Release|Any CPU
		{147D5579-23B2-48CB-A920-7A35CE4E77D3}.Release|Any CPU.Build.0 = Release|Any CPU
	EndGlobalSection
	GlobalSection(SolutionProperties) = preSolution
		HideSolutionNode = FALSE
	EndGlobalSection
	GlobalSection(ExtensibilityGlobals) = postSolution
		SolutionGuid = {766A369F-A5D6-43D8-B858-9177C2EA3C83}
	EndGlobalSection
EndGlobal
