
Microsoft Visual Studio Solution File, Format Version 12.00
# Visual Studio Express 15 for Windows Desktop
VisualStudioVersion = 15.0.28307.1231
MinimumVisualStudioVersion = 10.0.40219.1
Project("{FAE04EC0-301F-11D3-BF4B-00C04F79EFBC}") = "ex4_53", "ex4_53.csproj", "{0AE09099-C952-447B-B9FF-57052A6722E6}"
EndProject
Global
	GlobalSection(SolutionConfigurationPlatforms) = preSolution
		Debug|Any CPU = Debug|Any CPU
		Release|Any CPU = Release|Any CPU
	EndGlobalSection
	GlobalSection(ProjectConfigurationPlatforms) = postSolution
		{0AE09099-C952-447B-B9FF-57052A6722E6}.Debug|Any CPU.ActiveCfg = Debug|Any CPU
		{0AE09099-C952-447B-B9FF-57052A6722E6}.Debug|Any CPU.Build.0 = Debug|Any CPU
		{0AE09099-C952-447B-B9FF-57052A6722E6}.Release|Any CPU.ActiveCfg = Release|Any CPU
		{0AE09099-C952-447B-B9FF-57052A6722E6}.Release|Any CPU.Build.0 = Release|Any CPU
	EndGlobalSection
	GlobalSection(SolutionProperties) = preSolution
		HideSolutionNode = FALSE
	EndGlobalSection
	GlobalSection(ExtensibilityGlobals) = postSolution
		SolutionGuid = {D2D3DFBA-69DB-4070-B4EE-12C5CEACAB1D}
	EndGlobalSection
EndGlobal
