
Microsoft Visual Studio Solution File, Format Version 12.00
# Visual Studio Express 15 for Windows Desktop
VisualStudioVersion = 15.0.28307.1231
MinimumVisualStudioVersion = 10.0.40219.1
Project("{FAE04EC0-301F-11D3-BF4B-00C04F79EFBC}") = "ex4_22", "ex4_22.csproj", "{F922B60E-11A8-40C1-8864-A390C6648AF7}"
EndProject
Global
	GlobalSection(SolutionConfigurationPlatforms) = preSolution
		Debug|Any CPU = Debug|Any CPU
		Release|Any CPU = Release|Any CPU
	EndGlobalSection
	GlobalSection(ProjectConfigurationPlatforms) = postSolution
		{F922B60E-11A8-40C1-8864-A390C6648AF7}.Debug|Any CPU.ActiveCfg = Debug|Any CPU
		{F922B60E-11A8-40C1-8864-A390C6648AF7}.Debug|Any CPU.Build.0 = Debug|Any CPU
		{F922B60E-11A8-40C1-8864-A390C6648AF7}.Release|Any CPU.ActiveCfg = Release|Any CPU
		{F922B60E-11A8-40C1-8864-A390C6648AF7}.Release|Any CPU.Build.0 = Release|Any CPU
	EndGlobalSection
	GlobalSection(SolutionProperties) = preSolution
		HideSolutionNode = FALSE
	EndGlobalSection
	GlobalSection(ExtensibilityGlobals) = postSolution
		SolutionGuid = {2BBB49A0-0D78-4766-9BFD-F6E2CA0B695D}
	EndGlobalSection
EndGlobal
