
Microsoft Visual Studio Solution File, Format Version 12.00
# Visual Studio Express 15 for Windows Desktop
VisualStudioVersion = 15.0.28307.1231
MinimumVisualStudioVersion = 10.0.40219.1
Project("{FAE04EC0-301F-11D3-BF4B-00C04F79EFBC}") = "ex5_9", "ex5_9.csproj", "{3E2BB628-6BA5-49C3-A28D-4B9339BDB0F8}"
EndProject
Global
	GlobalSection(SolutionConfigurationPlatforms) = preSolution
		Debug|Any CPU = Debug|Any CPU
		Release|Any CPU = Release|Any CPU
	EndGlobalSection
	GlobalSection(ProjectConfigurationPlatforms) = postSolution
		{3E2BB628-6BA5-49C3-A28D-4B9339BDB0F8}.Debug|Any CPU.ActiveCfg = Debug|Any CPU
		{3E2BB628-6BA5-49C3-A28D-4B9339BDB0F8}.Debug|Any CPU.Build.0 = Debug|Any CPU
		{3E2BB628-6BA5-49C3-A28D-4B9339BDB0F8}.Release|Any CPU.ActiveCfg = Release|Any CPU
		{3E2BB628-6BA5-49C3-A28D-4B9339BDB0F8}.Release|Any CPU.Build.0 = Release|Any CPU
	EndGlobalSection
	GlobalSection(SolutionProperties) = preSolution
		HideSolutionNode = FALSE
	EndGlobalSection
	GlobalSection(ExtensibilityGlobals) = postSolution
		SolutionGuid = {A24AEC44-32E9-434A-B627-C6CDD5F46772}
	EndGlobalSection
EndGlobal
