
Microsoft Visual Studio Solution File, Format Version 12.00
# Visual Studio Express 15 for Windows Desktop
VisualStudioVersion = 15.0.28307.1231
MinimumVisualStudioVersion = 10.0.40219.1
Project("{FAE04EC0-301F-11D3-BF4B-00C04F79EFBC}") = "ex3_4", "ex3_4.csproj", "{105AEF38-A32A-48F8-94F3-D6515762DF3B}"
EndProject
Global
	GlobalSection(SolutionConfigurationPlatforms) = preSolution
		Debug|Any CPU = Debug|Any CPU
		Release|Any CPU = Release|Any CPU
	EndGlobalSection
	GlobalSection(ProjectConfigurationPlatforms) = postSolution
		{105AEF38-A32A-48F8-94F3-D6515762DF3B}.Debug|Any CPU.ActiveCfg = Debug|Any CPU
		{105AEF38-A32A-48F8-94F3-D6515762DF3B}.Debug|Any CPU.Build.0 = Debug|Any CPU
		{105AEF38-A32A-48F8-94F3-D6515762DF3B}.Release|Any CPU.ActiveCfg = Release|Any CPU
		{105AEF38-A32A-48F8-94F3-D6515762DF3B}.Release|Any CPU.Build.0 = Release|Any CPU
	EndGlobalSection
	GlobalSection(SolutionProperties) = preSolution
		HideSolutionNode = FALSE
	EndGlobalSection
	GlobalSection(ExtensibilityGlobals) = postSolution
		SolutionGuid = {18ED69D5-AEBE-44B5-919E-676EAB5A4CCA}
	EndGlobalSection
EndGlobal
