
Microsoft Visual Studio Solution File, Format Version 12.00
# Visual Studio Express 15 for Windows Desktop
VisualStudioVersion = 15.0.28307.1231
MinimumVisualStudioVersion = 10.0.40219.1
Project("{FAE04EC0-301F-11D3-BF4B-00C04F79EFBC}") = "ex4_46", "ex4_46.csproj", "{D055AD20-6065-4F16-AA12-E276271E56C7}"
EndProject
Global
	GlobalSection(SolutionConfigurationPlatforms) = preSolution
		Debug|Any CPU = Debug|Any CPU
		Release|Any CPU = Release|Any CPU
	EndGlobalSection
	GlobalSection(ProjectConfigurationPlatforms) = postSolution
		{D055AD20-6065-4F16-AA12-E276271E56C7}.Debug|Any CPU.ActiveCfg = Debug|Any CPU
		{D055AD20-6065-4F16-AA12-E276271E56C7}.Debug|Any CPU.Build.0 = Debug|Any CPU
		{D055AD20-6065-4F16-AA12-E276271E56C7}.Release|Any CPU.ActiveCfg = Release|Any CPU
		{D055AD20-6065-4F16-AA12-E276271E56C7}.Release|Any CPU.Build.0 = Release|Any CPU
	EndGlobalSection
	GlobalSection(SolutionProperties) = preSolution
		HideSolutionNode = FALSE
	EndGlobalSection
	GlobalSection(ExtensibilityGlobals) = postSolution
		SolutionGuid = {AF261383-C29C-4B9B-9294-8FA948BF1C4C}
	EndGlobalSection
EndGlobal
