
Microsoft Visual Studio Solution File, Format Version 12.00
# Visual Studio Express 15 for Windows Desktop
VisualStudioVersion = 15.0.28307.1231
MinimumVisualStudioVersion = 10.0.40219.1
Project("{FAE04EC0-301F-11D3-BF4B-00C04F79EFBC}") = "ex_179", "ex_179.csproj", "{10DDA18E-155F-4A14-B275-E28B27A00997}"
EndProject
Global
	GlobalSection(SolutionConfigurationPlatforms) = preSolution
		Debug|Any CPU = Debug|Any CPU
		Release|Any CPU = Release|Any CPU
	EndGlobalSection
	GlobalSection(ProjectConfigurationPlatforms) = postSolution
		{10DDA18E-155F-4A14-B275-E28B27A00997}.Debug|Any CPU.ActiveCfg = Debug|Any CPU
		{10DDA18E-155F-4A14-B275-E28B27A00997}.Debug|Any CPU.Build.0 = Debug|Any CPU
		{10DDA18E-155F-4A14-B275-E28B27A00997}.Release|Any CPU.ActiveCfg = Release|Any CPU
		{10DDA18E-155F-4A14-B275-E28B27A00997}.Release|Any CPU.Build.0 = Release|Any CPU
	EndGlobalSection
	GlobalSection(SolutionProperties) = preSolution
		HideSolutionNode = FALSE
	EndGlobalSection
	GlobalSection(ExtensibilityGlobals) = postSolution
		SolutionGuid = {ED3BD11A-EE36-42FE-9422-953971FF17F6}
	EndGlobalSection
EndGlobal
