
Microsoft Visual Studio Solution File, Format Version 12.00
# Visual Studio Express 15 for Windows Desktop
VisualStudioVersion = 15.0.28307.1231
MinimumVisualStudioVersion = 10.0.40219.1
Project("{FAE04EC0-301F-11D3-BF4B-00C04F79EFBC}") = "ex6_48", "ex6_48.csproj", "{F51B1F94-BA7C-4B2C-89D9-39B5ACE4C7F0}"
EndProject
Global
	GlobalSection(SolutionConfigurationPlatforms) = preSolution
		Debug|Any CPU = Debug|Any CPU
		Release|Any CPU = Release|Any CPU
	EndGlobalSection
	GlobalSection(ProjectConfigurationPlatforms) = postSolution
		{F51B1F94-BA7C-4B2C-89D9-39B5ACE4C7F0}.Debug|Any CPU.ActiveCfg = Debug|Any CPU
		{F51B1F94-BA7C-4B2C-89D9-39B5ACE4C7F0}.Debug|Any CPU.Build.0 = Debug|Any CPU
		{F51B1F94-BA7C-4B2C-89D9-39B5ACE4C7F0}.Release|Any CPU.ActiveCfg = Release|Any CPU
		{F51B1F94-BA7C-4B2C-89D9-39B5ACE4C7F0}.Release|Any CPU.Build.0 = Release|Any CPU
	EndGlobalSection
	GlobalSection(SolutionProperties) = preSolution
		HideSolutionNode = FALSE
	EndGlobalSection
	GlobalSection(ExtensibilityGlobals) = postSolution
		SolutionGuid = {B89867FF-5A17-4DFF-99F7-88CB1505D997}
	EndGlobalSection
EndGlobal
