
Microsoft Visual Studio Solution File, Format Version 12.00
# Visual Studio Express 15 for Windows Desktop
VisualStudioVersion = 15.0.28307.1231
MinimumVisualStudioVersion = 10.0.40219.1
Project("{FAE04EC0-301F-11D3-BF4B-00C04F79EFBC}") = "ex9_6", "ex9_6.csproj", "{A982B097-7CD5-490F-8F32-1DB12946736E}"
EndProject
Global
	GlobalSection(SolutionConfigurationPlatforms) = preSolution
		Debug|Any CPU = Debug|Any CPU
		Release|Any CPU = Release|Any CPU
	EndGlobalSection
	GlobalSection(ProjectConfigurationPlatforms) = postSolution
		{A982B097-7CD5-490F-8F32-1DB12946736E}.Debug|Any CPU.ActiveCfg = Debug|Any CPU
		{A982B097-7CD5-490F-8F32-1DB12946736E}.Debug|Any CPU.Build.0 = Debug|Any CPU
		{A982B097-7CD5-490F-8F32-1DB12946736E}.Release|Any CPU.ActiveCfg = Release|Any CPU
		{A982B097-7CD5-490F-8F32-1DB12946736E}.Release|Any CPU.Build.0 = Release|Any CPU
	EndGlobalSection
	GlobalSection(SolutionProperties) = preSolution
		HideSolutionNode = FALSE
	EndGlobalSection
	GlobalSection(ExtensibilityGlobals) = postSolution
		SolutionGuid = {0FAB6BD2-1106-49ED-A27B-70CBEAC3EF4D}
	EndGlobalSection
EndGlobal
