
Microsoft Visual Studio Solution File, Format Version 12.00
# Visual Studio Express 15 for Windows Desktop
VisualStudioVersion = 15.0.28307.1231
MinimumVisualStudioVersion = 10.0.40219.1
Project("{FAE04EC0-301F-11D3-BF4B-00C04F79EFBC}") = "ex_154", "ex_154.csproj", "{97A7380A-F991-4AA6-899A-E61889B26BD8}"
EndProject
Global
	GlobalSection(SolutionConfigurationPlatforms) = preSolution
		Debug|Any CPU = Debug|Any CPU
		Release|Any CPU = Release|Any CPU
	EndGlobalSection
	GlobalSection(ProjectConfigurationPlatforms) = postSolution
		{97A7380A-F991-4AA6-899A-E61889B26BD8}.Debug|Any CPU.ActiveCfg = Debug|Any CPU
		{97A7380A-F991-4AA6-899A-E61889B26BD8}.Debug|Any CPU.Build.0 = Debug|Any CPU
		{97A7380A-F991-4AA6-899A-E61889B26BD8}.Release|Any CPU.ActiveCfg = Release|Any CPU
		{97A7380A-F991-4AA6-899A-E61889B26BD8}.Release|Any CPU.Build.0 = Release|Any CPU
	EndGlobalSection
	GlobalSection(SolutionProperties) = preSolution
		HideSolutionNode = FALSE
	EndGlobalSection
	GlobalSection(ExtensibilityGlobals) = postSolution
		SolutionGuid = {E6D56991-C9F1-47F5-BF99-0E1C1DDCD1C8}
	EndGlobalSection
EndGlobal
