
Microsoft Visual Studio Solution File, Format Version 12.00
# Visual Studio Express 15 for Windows Desktop
VisualStudioVersion = 15.0.28307.1231
MinimumVisualStudioVersion = 10.0.40219.1
Project("{FAE04EC0-301F-11D3-BF4B-00C04F79EFBC}") = "ex_108", "ex_108.csproj", "{5EE31D24-4111-44F0-87F4-7A9F1BE0C1E5}"
EndProject
Global
	GlobalSection(SolutionConfigurationPlatforms) = preSolution
		Debug|Any CPU = Debug|Any CPU
		Release|Any CPU = Release|Any CPU
	EndGlobalSection
	GlobalSection(ProjectConfigurationPlatforms) = postSolution
		{5EE31D24-4111-44F0-87F4-7A9F1BE0C1E5}.Debug|Any CPU.ActiveCfg = Debug|Any CPU
		{5EE31D24-4111-44F0-87F4-7A9F1BE0C1E5}.Debug|Any CPU.Build.0 = Debug|Any CPU
		{5EE31D24-4111-44F0-87F4-7A9F1BE0C1E5}.Release|Any CPU.ActiveCfg = Release|Any CPU
		{5EE31D24-4111-44F0-87F4-7A9F1BE0C1E5}.Release|Any CPU.Build.0 = Release|Any CPU
	EndGlobalSection
	GlobalSection(SolutionProperties) = preSolution
		HideSolutionNode = FALSE
	EndGlobalSection
	GlobalSection(ExtensibilityGlobals) = postSolution
		SolutionGuid = {E4A457FB-5762-460C-A3B3-E6835DFD54E1}
	EndGlobalSection
EndGlobal
