
Microsoft Visual Studio Solution File, Format Version 12.00
# Visual Studio Express 15 for Windows Desktop
VisualStudioVersion = 15.0.28307.1231
MinimumVisualStudioVersion = 10.0.40219.1
Project("{FAE04EC0-301F-11D3-BF4B-00C04F79EFBC}") = "ex10_3", "ex10_3.csproj", "{CE0FCDFB-C73A-4BC0-AABD-58F95CE0018C}"
EndProject
Global
	GlobalSection(SolutionConfigurationPlatforms) = preSolution
		Debug|Any CPU = Debug|Any CPU
		Release|Any CPU = Release|Any CPU
	EndGlobalSection
	GlobalSection(ProjectConfigurationPlatforms) = postSolution
		{CE0FCDFB-C73A-4BC0-AABD-58F95CE0018C}.Debug|Any CPU.ActiveCfg = Debug|Any CPU
		{CE0FCDFB-C73A-4BC0-AABD-58F95CE0018C}.Debug|Any CPU.Build.0 = Debug|Any CPU
		{CE0FCDFB-C73A-4BC0-AABD-58F95CE0018C}.Release|Any CPU.ActiveCfg = Release|Any CPU
		{CE0FCDFB-C73A-4BC0-AABD-58F95CE0018C}.Release|Any CPU.Build.0 = Release|Any CPU
	EndGlobalSection
	GlobalSection(SolutionProperties) = preSolution
		HideSolutionNode = FALSE
	EndGlobalSection
	GlobalSection(ExtensibilityGlobals) = postSolution
		SolutionGuid = {B2F22463-5D33-4F60-A432-746EB965398B}
	EndGlobalSection
EndGlobal
