
Microsoft Visual Studio Solution File, Format Version 12.00
# Visual Studio Express 15 for Windows Desktop
VisualStudioVersion = 15.0.28307.1231
MinimumVisualStudioVersion = 10.0.40219.1
Project("{FAE04EC0-301F-11D3-BF4B-00C04F79EFBC}") = "ex2_25", "ex2_25.csproj", "{97CD5C1B-CE79-44B8-B3C4-F9E749232E1B}"
EndProject
Global
	GlobalSection(SolutionConfigurationPlatforms) = preSolution
		Debug|Any CPU = Debug|Any CPU
		Release|Any CPU = Release|Any CPU
	EndGlobalSection
	GlobalSection(ProjectConfigurationPlatforms) = postSolution
		{97CD5C1B-CE79-44B8-B3C4-F9E749232E1B}.Debug|Any CPU.ActiveCfg = Debug|Any CPU
		{97CD5C1B-CE79-44B8-B3C4-F9E749232E1B}.Debug|Any CPU.Build.0 = Debug|Any CPU
		{97CD5C1B-CE79-44B8-B3C4-F9E749232E1B}.Release|Any CPU.ActiveCfg = Release|Any CPU
		{97CD5C1B-CE79-44B8-B3C4-F9E749232E1B}.Release|Any CPU.Build.0 = Release|Any CPU
	EndGlobalSection
	GlobalSection(SolutionProperties) = preSolution
		HideSolutionNode = FALSE
	EndGlobalSection
	GlobalSection(ExtensibilityGlobals) = postSolution
		SolutionGuid = {B5209451-BD9E-42C8-8DC4-4B13DFB2F496}
	EndGlobalSection
EndGlobal
