
Microsoft Visual Studio Solution File, Format Version 12.00
# Visual Studio Express 15 for Windows Desktop
VisualStudioVersion = 15.0.28307.1231
MinimumVisualStudioVersion = 10.0.40219.1
Project("{FAE04EC0-301F-11D3-BF4B-00C04F79EFBC}") = "ex6_24", "ex6_24.csproj", "{C95C1562-9469-49CB-B6B7-65ADC292C4DF}"
EndProject
Global
	GlobalSection(SolutionConfigurationPlatforms) = preSolution
		Debug|Any CPU = Debug|Any CPU
		Release|Any CPU = Release|Any CPU
	EndGlobalSection
	GlobalSection(ProjectConfigurationPlatforms) = postSolution
		{C95C1562-9469-49CB-B6B7-65ADC292C4DF}.Debug|Any CPU.ActiveCfg = Debug|Any CPU
		{C95C1562-9469-49CB-B6B7-65ADC292C4DF}.Debug|Any CPU.Build.0 = Debug|Any CPU
		{C95C1562-9469-49CB-B6B7-65ADC292C4DF}.Release|Any CPU.ActiveCfg = Release|Any CPU
		{C95C1562-9469-49CB-B6B7-65ADC292C4DF}.Release|Any CPU.Build.0 = Release|Any CPU
	EndGlobalSection
	GlobalSection(SolutionProperties) = preSolution
		HideSolutionNode = FALSE
	EndGlobalSection
	GlobalSection(ExtensibilityGlobals) = postSolution
		SolutionGuid = {83E140D2-0B94-4FB3-8BCF-06D27DB98669}
	EndGlobalSection
EndGlobal
