
Microsoft Visual Studio Solution File, Format Version 12.00
# Visual Studio Express 15 for Windows Desktop
VisualStudioVersion = 15.0.28307.1231
MinimumVisualStudioVersion = 10.0.40219.1
Project("{FAE04EC0-301F-11D3-BF4B-00C04F79EFBC}") = "ex_011", "ex_011.csproj", "{52EDA25F-4549-4D3C-AFF5-CBF9DE3CD9BA}"
EndProject
Global
	GlobalSection(SolutionConfigurationPlatforms) = preSolution
		Debug|Any CPU = Debug|Any CPU
		Release|Any CPU = Release|Any CPU
	EndGlobalSection
	GlobalSection(ProjectConfigurationPlatforms) = postSolution
		{52EDA25F-4549-4D3C-AFF5-CBF9DE3CD9BA}.Debug|Any CPU.ActiveCfg = Debug|Any CPU
		{52EDA25F-4549-4D3C-AFF5-CBF9DE3CD9BA}.Debug|Any CPU.Build.0 = Debug|Any CPU
		{52EDA25F-4549-4D3C-AFF5-CBF9DE3CD9BA}.Release|Any CPU.ActiveCfg = Release|Any CPU
		{52EDA25F-4549-4D3C-AFF5-CBF9DE3CD9BA}.Release|Any CPU.Build.0 = Release|Any CPU
	EndGlobalSection
	GlobalSection(SolutionProperties) = preSolution
		HideSolutionNode = FALSE
	EndGlobalSection
	GlobalSection(ExtensibilityGlobals) = postSolution
		SolutionGuid = {01BB779E-0555-4545-B3BE-C8E042661851}
	EndGlobalSection
EndGlobal
