
Microsoft Visual Studio Solution File, Format Version 12.00
# Visual Studio Express 15 for Windows Desktop
VisualStudioVersion = 15.0.28307.1231
MinimumVisualStudioVersion = 10.0.40219.1
Project("{FAE04EC0-301F-11D3-BF4B-00C04F79EFBC}") = "ex_149", "ex_149.csproj", "{122B6043-E8C7-475E-9679-E0E2DCE761D7}"
EndProject
Global
	GlobalSection(SolutionConfigurationPlatforms) = preSolution
		Debug|Any CPU = Debug|Any CPU
		Release|Any CPU = Release|Any CPU
	EndGlobalSection
	GlobalSection(ProjectConfigurationPlatforms) = postSolution
		{122B6043-E8C7-475E-9679-E0E2DCE761D7}.Debug|Any CPU.ActiveCfg = Debug|Any CPU
		{122B6043-E8C7-475E-9679-E0E2DCE761D7}.Debug|Any CPU.Build.0 = Debug|Any CPU
		{122B6043-E8C7-475E-9679-E0E2DCE761D7}.Release|Any CPU.ActiveCfg = Release|Any CPU
		{122B6043-E8C7-475E-9679-E0E2DCE761D7}.Release|Any CPU.Build.0 = Release|Any CPU
	EndGlobalSection
	GlobalSection(SolutionProperties) = preSolution
		HideSolutionNode = FALSE
	EndGlobalSection
	GlobalSection(ExtensibilityGlobals) = postSolution
		SolutionGuid = {757DDBC3-6F05-46B7-AAB8-3B07CB588E42}
	EndGlobalSection
EndGlobal
