
Microsoft Visual Studio Solution File, Format Version 12.00
# Visual Studio Express 15 for Windows Desktop
VisualStudioVersion = 15.0.28307.1231
MinimumVisualStudioVersion = 10.0.40219.1
Project("{FAE04EC0-301F-11D3-BF4B-00C04F79EFBC}") = "ex15_9", "ex15_9.csproj", "{AD3BE712-ECA4-4540-AF86-7CB8F22F9BD1}"
EndProject
Global
	GlobalSection(SolutionConfigurationPlatforms) = preSolution
		Debug|Any CPU = Debug|Any CPU
		Release|Any CPU = Release|Any CPU
	EndGlobalSection
	GlobalSection(ProjectConfigurationPlatforms) = postSolution
		{AD3BE712-ECA4-4540-AF86-7CB8F22F9BD1}.Debug|Any CPU.ActiveCfg = Debug|Any CPU
		{AD3BE712-ECA4-4540-AF86-7CB8F22F9BD1}.Debug|Any CPU.Build.0 = Debug|Any CPU
		{AD3BE712-ECA4-4540-AF86-7CB8F22F9BD1}.Release|Any CPU.ActiveCfg = Release|Any CPU
		{AD3BE712-ECA4-4540-AF86-7CB8F22F9BD1}.Release|Any CPU.Build.0 = Release|Any CPU
	EndGlobalSection
	GlobalSection(SolutionProperties) = preSolution
		HideSolutionNode = FALSE
	EndGlobalSection
	GlobalSection(ExtensibilityGlobals) = postSolution
		SolutionGuid = {0E2C7267-E75B-428C-85F7-B37346870866}
	EndGlobalSection
EndGlobal
