
Microsoft Visual Studio Solution File, Format Version 12.00
# Visual Studio Express 15 for Windows Desktop
VisualStudioVersion = 15.0.28307.1231
MinimumVisualStudioVersion = 10.0.40219.1
Project("{FAE04EC0-301F-11D3-BF4B-00C04F79EFBC}") = "ex4_39", "ex4_39.csproj", "{2CD4F429-5335-47BA-BBB7-A13A3DB718D7}"
EndProject
Global
	GlobalSection(SolutionConfigurationPlatforms) = preSolution
		Debug|Any CPU = Debug|Any CPU
		Release|Any CPU = Release|Any CPU
	EndGlobalSection
	GlobalSection(ProjectConfigurationPlatforms) = postSolution
		{2CD4F429-5335-47BA-BBB7-A13A3DB718D7}.Debug|Any CPU.ActiveCfg = Debug|Any CPU
		{2CD4F429-5335-47BA-BBB7-A13A3DB718D7}.Debug|Any CPU.Build.0 = Debug|Any CPU
		{2CD4F429-5335-47BA-BBB7-A13A3DB718D7}.Release|Any CPU.ActiveCfg = Release|Any CPU
		{2CD4F429-5335-47BA-BBB7-A13A3DB718D7}.Release|Any CPU.Build.0 = Release|Any CPU
	EndGlobalSection
	GlobalSection(SolutionProperties) = preSolution
		HideSolutionNode = FALSE
	EndGlobalSection
	GlobalSection(ExtensibilityGlobals) = postSolution
		SolutionGuid = {1F2A5170-66F6-4A35-8B70-A16675D520BD}
	EndGlobalSection
EndGlobal
