
Microsoft Visual Studio Solution File, Format Version 12.00
# Visual Studio Express 15 for Windows Desktop
VisualStudioVersion = 15.0.28307.1231
MinimumVisualStudioVersion = 10.0.40219.1
Project("{FAE04EC0-301F-11D3-BF4B-00C04F79EFBC}") = "ex3_2", "ex3_2.csproj", "{06C5B328-3272-40B6-AE4C-13FDDB4BEC51}"
EndProject
Global
	GlobalSection(SolutionConfigurationPlatforms) = preSolution
		Debug|Any CPU = Debug|Any CPU
		Release|Any CPU = Release|Any CPU
	EndGlobalSection
	GlobalSection(ProjectConfigurationPlatforms) = postSolution
		{06C5B328-3272-40B6-AE4C-13FDDB4BEC51}.Debug|Any CPU.ActiveCfg = Debug|Any CPU
		{06C5B328-3272-40B6-AE4C-13FDDB4BEC51}.Debug|Any CPU.Build.0 = Debug|Any CPU
		{06C5B328-3272-40B6-AE4C-13FDDB4BEC51}.Release|Any CPU.ActiveCfg = Release|Any CPU
		{06C5B328-3272-40B6-AE4C-13FDDB4BEC51}.Release|Any CPU.Build.0 = Release|Any CPU
	EndGlobalSection
	GlobalSection(SolutionProperties) = preSolution
		HideSolutionNode = FALSE
	EndGlobalSection
	GlobalSection(ExtensibilityGlobals) = postSolution
		SolutionGuid = {2C576F2C-14C5-4D0B-AB41-7EC74D36FCF8}
	EndGlobalSection
EndGlobal
