
Microsoft Visual Studio Solution File, Format Version 12.00
# Visual Studio Express 15 for Windows Desktop
VisualStudioVersion = 15.0.28307.1231
MinimumVisualStudioVersion = 10.0.40219.1
Project("{FAE04EC0-301F-11D3-BF4B-00C04F79EFBC}") = "ex11_17", "ex11_17.csproj", "{A78071C7-CA36-4B74-8267-E2C7F02E7811}"
EndProject
Global
	GlobalSection(SolutionConfigurationPlatforms) = preSolution
		Debug|Any CPU = Debug|Any CPU
		Release|Any CPU = Release|Any CPU
	EndGlobalSection
	GlobalSection(ProjectConfigurationPlatforms) = postSolution
		{A78071C7-CA36-4B74-8267-E2C7F02E7811}.Debug|Any CPU.ActiveCfg = Debug|Any CPU
		{A78071C7-CA36-4B74-8267-E2C7F02E7811}.Debug|Any CPU.Build.0 = Debug|Any CPU
		{A78071C7-CA36-4B74-8267-E2C7F02E7811}.Release|Any CPU.ActiveCfg = Release|Any CPU
		{A78071C7-CA36-4B74-8267-E2C7F02E7811}.Release|Any CPU.Build.0 = Release|Any CPU
	EndGlobalSection
	GlobalSection(SolutionProperties) = preSolution
		HideSolutionNode = FALSE
	EndGlobalSection
	GlobalSection(ExtensibilityGlobals) = postSolution
		SolutionGuid = {1CC0943E-D80E-4109-98D6-5D0FA4627A6E}
	EndGlobalSection
EndGlobal
