
Microsoft Visual Studio Solution File, Format Version 12.00
# Visual Studio Express 15 for Windows Desktop
VisualStudioVersion = 15.0.28307.1231
MinimumVisualStudioVersion = 10.0.40219.1
Project("{FAE04EC0-301F-11D3-BF4B-00C04F79EFBC}") = "ex4_15", "ex4_15.csproj", "{BADCCA90-789F-49AC-B8A8-59219AF8C0DD}"
EndProject
Global
	GlobalSection(SolutionConfigurationPlatforms) = preSolution
		Debug|Any CPU = Debug|Any CPU
		Release|Any CPU = Release|Any CPU
	EndGlobalSection
	GlobalSection(ProjectConfigurationPlatforms) = postSolution
		{BADCCA90-789F-49AC-B8A8-59219AF8C0DD}.Debug|Any CPU.ActiveCfg = Debug|Any CPU
		{BADCCA90-789F-49AC-B8A8-59219AF8C0DD}.Debug|Any CPU.Build.0 = Debug|Any CPU
		{BADCCA90-789F-49AC-B8A8-59219AF8C0DD}.Release|Any CPU.ActiveCfg = Release|Any CPU
		{BADCCA90-789F-49AC-B8A8-59219AF8C0DD}.Release|Any CPU.Build.0 = Release|Any CPU
	EndGlobalSection
	GlobalSection(SolutionProperties) = preSolution
		HideSolutionNode = FALSE
	EndGlobalSection
	GlobalSection(ExtensibilityGlobals) = postSolution
		SolutionGuid = {4C96A059-B3DE-4E68-8234-F78F2809BE1A}
	EndGlobalSection
EndGlobal
