
Microsoft Visual Studio Solution File, Format Version 12.00
# Visual Studio Express 15 for Windows Desktop
VisualStudioVersion = 15.0.28307.1231
MinimumVisualStudioVersion = 10.0.40219.1
Project("{FAE04EC0-301F-11D3-BF4B-00C04F79EFBC}") = "ex6_38_2", "ex6_38_2.csproj", "{0AC5B38E-F10F-4896-BE90-DFAEE723434B}"
EndProject
Global
	GlobalSection(SolutionConfigurationPlatforms) = preSolution
		Debug|Any CPU = Debug|Any CPU
		Release|Any CPU = Release|Any CPU
	EndGlobalSection
	GlobalSection(ProjectConfigurationPlatforms) = postSolution
		{0AC5B38E-F10F-4896-BE90-DFAEE723434B}.Debug|Any CPU.ActiveCfg = Debug|Any CPU
		{0AC5B38E-F10F-4896-BE90-DFAEE723434B}.Debug|Any CPU.Build.0 = Debug|Any CPU
		{0AC5B38E-F10F-4896-BE90-DFAEE723434B}.Release|Any CPU.ActiveCfg = Release|Any CPU
		{0AC5B38E-F10F-4896-BE90-DFAEE723434B}.Release|Any CPU.Build.0 = Release|Any CPU
	EndGlobalSection
	GlobalSection(SolutionProperties) = preSolution
		HideSolutionNode = FALSE
	EndGlobalSection
	GlobalSection(ExtensibilityGlobals) = postSolution
		SolutionGuid = {F0C46349-D036-42DA-BF58-B8B90C2FEDA1}
	EndGlobalSection
EndGlobal
