
Microsoft Visual Studio Solution File, Format Version 12.00
# Visual Studio Express 15 for Windows Desktop
VisualStudioVersion = 15.0.28307.1231
MinimumVisualStudioVersion = 10.0.40219.1
Project("{FAE04EC0-301F-11D3-BF4B-00C04F79EFBC}") = "ex_103", "ex_103.csproj", "{F4793B64-2B70-49D1-81B0-9FF21594142C}"
EndProject
Global
	GlobalSection(SolutionConfigurationPlatforms) = preSolution
		Debug|Any CPU = Debug|Any CPU
		Release|Any CPU = Release|Any CPU
	EndGlobalSection
	GlobalSection(ProjectConfigurationPlatforms) = postSolution
		{F4793B64-2B70-49D1-81B0-9FF21594142C}.Debug|Any CPU.ActiveCfg = Debug|Any CPU
		{F4793B64-2B70-49D1-81B0-9FF21594142C}.Debug|Any CPU.Build.0 = Debug|Any CPU
		{F4793B64-2B70-49D1-81B0-9FF21594142C}.Release|Any CPU.ActiveCfg = Release|Any CPU
		{F4793B64-2B70-49D1-81B0-9FF21594142C}.Release|Any CPU.Build.0 = Release|Any CPU
	EndGlobalSection
	GlobalSection(SolutionProperties) = preSolution
		HideSolutionNode = FALSE
	EndGlobalSection
	GlobalSection(ExtensibilityGlobals) = postSolution
		SolutionGuid = {32DC983A-7C7A-4C5C-A315-1F41355433F9}
	EndGlobalSection
EndGlobal
