
Microsoft Visual Studio Solution File, Format Version 12.00
# Visual Studio Express 15 for Windows Desktop
VisualStudioVersion = 15.0.28307.1231
MinimumVisualStudioVersion = 10.0.40219.1
Project("{FAE04EC0-301F-11D3-BF4B-00C04F79EFBC}") = "ex_088", "ex_088.csproj", "{FB2D4AEA-9EBB-4286-8149-8497AAA720FF}"
EndProject
Global
	GlobalSection(SolutionConfigurationPlatforms) = preSolution
		Debug|Any CPU = Debug|Any CPU
		Release|Any CPU = Release|Any CPU
	EndGlobalSection
	GlobalSection(ProjectConfigurationPlatforms) = postSolution
		{FB2D4AEA-9EBB-4286-8149-8497AAA720FF}.Debug|Any CPU.ActiveCfg = Debug|Any CPU
		{FB2D4AEA-9EBB-4286-8149-8497AAA720FF}.Debug|Any CPU.Build.0 = Debug|Any CPU
		{FB2D4AEA-9EBB-4286-8149-8497AAA720FF}.Release|Any CPU.ActiveCfg = Release|Any CPU
		{FB2D4AEA-9EBB-4286-8149-8497AAA720FF}.Release|Any CPU.Build.0 = Release|Any CPU
	EndGlobalSection
	GlobalSection(SolutionProperties) = preSolution
		HideSolutionNode = FALSE
	EndGlobalSection
	GlobalSection(ExtensibilityGlobals) = postSolution
		SolutionGuid = {5B4F5C5E-F056-40CD-B7B0-50CF1DB8CCF0}
	EndGlobalSection
EndGlobal
