
Microsoft Visual Studio Solution File, Format Version 12.00
# Visual Studio Express 15 for Windows Desktop
VisualStudioVersion = 15.0.28307.1231
MinimumVisualStudioVersion = 10.0.40219.1
Project("{FAE04EC0-301F-11D3-BF4B-00C04F79EFBC}") = "ex4_3", "ex4_3.csproj", "{AE414C21-32AF-453D-8930-983BFF128C5B}"
EndProject
Global
	GlobalSection(SolutionConfigurationPlatforms) = preSolution
		Debug|Any CPU = Debug|Any CPU
		Release|Any CPU = Release|Any CPU
	EndGlobalSection
	GlobalSection(ProjectConfigurationPlatforms) = postSolution
		{AE414C21-32AF-453D-8930-983BFF128C5B}.Debug|Any CPU.ActiveCfg = Debug|Any CPU
		{AE414C21-32AF-453D-8930-983BFF128C5B}.Debug|Any CPU.Build.0 = Debug|Any CPU
		{AE414C21-32AF-453D-8930-983BFF128C5B}.Release|Any CPU.ActiveCfg = Release|Any CPU
		{AE414C21-32AF-453D-8930-983BFF128C5B}.Release|Any CPU.Build.0 = Release|Any CPU
	EndGlobalSection
	GlobalSection(SolutionProperties) = preSolution
		HideSolutionNode = FALSE
	EndGlobalSection
	GlobalSection(ExtensibilityGlobals) = postSolution
		SolutionGuid = {9BFC2CBA-4613-4DF3-8D3E-2BAC92A313ED}
	EndGlobalSection
EndGlobal
