
Microsoft Visual Studio Solution File, Format Version 12.00
# Visual Studio Express 15 for Windows Desktop
VisualStudioVersion = 15.0.28307.1231
MinimumVisualStudioVersion = 10.0.40219.1
Project("{FAE04EC0-301F-11D3-BF4B-00C04F79EFBC}") = "ex2_1", "ex2_1.csproj", "{83499D8F-5733-4683-84BD-9246B9F06C55}"
EndProject
Global
	GlobalSection(SolutionConfigurationPlatforms) = preSolution
		Debug|Any CPU = Debug|Any CPU
		Release|Any CPU = Release|Any CPU
	EndGlobalSection
	GlobalSection(ProjectConfigurationPlatforms) = postSolution
		{83499D8F-5733-4683-84BD-9246B9F06C55}.Debug|Any CPU.ActiveCfg = Debug|Any CPU
		{83499D8F-5733-4683-84BD-9246B9F06C55}.Debug|Any CPU.Build.0 = Debug|Any CPU
		{83499D8F-5733-4683-84BD-9246B9F06C55}.Release|Any CPU.ActiveCfg = Release|Any CPU
		{83499D8F-5733-4683-84BD-9246B9F06C55}.Release|Any CPU.Build.0 = Release|Any CPU
	EndGlobalSection
	GlobalSection(SolutionProperties) = preSolution
		HideSolutionNode = FALSE
	EndGlobalSection
	GlobalSection(ExtensibilityGlobals) = postSolution
		SolutionGuid = {8FF90727-E6D5-4C06-8CF1-A2BA37A13A28}
	EndGlobalSection
EndGlobal
