
Microsoft Visual Studio Solution File, Format Version 12.00
# Visual Studio Express 15 for Windows Desktop
VisualStudioVersion = 15.0.28307.1231
MinimumVisualStudioVersion = 10.0.40219.1
Project("{FAE04EC0-301F-11D3-BF4B-00C04F79EFBC}") = "ex4_33", "ex4_33.csproj", "{58415A5C-1365-42C1-A769-B824E185A178}"
EndProject
Global
	GlobalSection(SolutionConfigurationPlatforms) = preSolution
		Debug|Any CPU = Debug|Any CPU
		Release|Any CPU = Release|Any CPU
	EndGlobalSection
	GlobalSection(ProjectConfigurationPlatforms) = postSolution
		{58415A5C-1365-42C1-A769-B824E185A178}.Debug|Any CPU.ActiveCfg = Debug|Any CPU
		{58415A5C-1365-42C1-A769-B824E185A178}.Debug|Any CPU.Build.0 = Debug|Any CPU
		{58415A5C-1365-42C1-A769-B824E185A178}.Release|Any CPU.ActiveCfg = Release|Any CPU
		{58415A5C-1365-42C1-A769-B824E185A178}.Release|Any CPU.Build.0 = Release|Any CPU
	EndGlobalSection
	GlobalSection(SolutionProperties) = preSolution
		HideSolutionNode = FALSE
	EndGlobalSection
	GlobalSection(ExtensibilityGlobals) = postSolution
		SolutionGuid = {10193D87-C0D7-420A-8ABA-7EA68CC2F358}
	EndGlobalSection
EndGlobal
