
Microsoft Visual Studio Solution File, Format Version 12.00
# Visual Studio Express 15 for Windows Desktop
VisualStudioVersion = 15.0.28307.1231
MinimumVisualStudioVersion = 10.0.40219.1
Project("{FAE04EC0-301F-11D3-BF4B-00C04F79EFBC}") = "ex6_30", "ex6_30.csproj", "{BA21C207-EC9F-4522-A9D5-167646DACCA7}"
EndProject
Global
	GlobalSection(SolutionConfigurationPlatforms) = preSolution
		Debug|Any CPU = Debug|Any CPU
		Release|Any CPU = Release|Any CPU
	EndGlobalSection
	GlobalSection(ProjectConfigurationPlatforms) = postSolution
		{BA21C207-EC9F-4522-A9D5-167646DACCA7}.Debug|Any CPU.ActiveCfg = Debug|Any CPU
		{BA21C207-EC9F-4522-A9D5-167646DACCA7}.Debug|Any CPU.Build.0 = Debug|Any CPU
		{BA21C207-EC9F-4522-A9D5-167646DACCA7}.Release|Any CPU.ActiveCfg = Release|Any CPU
		{BA21C207-EC9F-4522-A9D5-167646DACCA7}.Release|Any CPU.Build.0 = Release|Any CPU
	EndGlobalSection
	GlobalSection(SolutionProperties) = preSolution
		HideSolutionNode = FALSE
	EndGlobalSection
	GlobalSection(ExtensibilityGlobals) = postSolution
		SolutionGuid = {3A07B3A4-BD4A-4445-BC1F-AFC089125BE5}
	EndGlobalSection
EndGlobal
