
Microsoft Visual Studio Solution File, Format Version 12.00
# Visual Studio Express 15 for Windows Desktop
VisualStudioVersion = 15.0.28307.1231
MinimumVisualStudioVersion = 10.0.40219.1
Project("{FAE04EC0-301F-11D3-BF4B-00C04F79EFBC}") = "ex8_5", "ex8_5.csproj", "{6E4E4F5B-4159-40AF-8B25-9C062E2DA634}"
EndProject
Global
	GlobalSection(SolutionConfigurationPlatforms) = preSolution
		Debug|Any CPU = Debug|Any CPU
		Release|Any CPU = Release|Any CPU
	EndGlobalSection
	GlobalSection(ProjectConfigurationPlatforms) = postSolution
		{6E4E4F5B-4159-40AF-8B25-9C062E2DA634}.Debug|Any CPU.ActiveCfg = Debug|Any CPU
		{6E4E4F5B-4159-40AF-8B25-9C062E2DA634}.Debug|Any CPU.Build.0 = Debug|Any CPU
		{6E4E4F5B-4159-40AF-8B25-9C062E2DA634}.Release|Any CPU.ActiveCfg = Release|Any CPU
		{6E4E4F5B-4159-40AF-8B25-9C062E2DA634}.Release|Any CPU.Build.0 = Release|Any CPU
	EndGlobalSection
	GlobalSection(SolutionProperties) = preSolution
		HideSolutionNode = FALSE
	EndGlobalSection
	GlobalSection(ExtensibilityGlobals) = postSolution
		SolutionGuid = {F920A1A5-D70F-4777-8EFC-1DC92E566795}
	EndGlobalSection
EndGlobal
