
Microsoft Visual Studio Solution File, Format Version 12.00
# Visual Studio Express 15 for Windows Desktop
VisualStudioVersion = 15.0.28307.1231
MinimumVisualStudioVersion = 10.0.40219.1
Project("{FAE04EC0-301F-11D3-BF4B-00C04F79EFBC}") = "ex5_15", "ex5_15.csproj", "{96BD1AF2-C6B4-45CA-B6B6-DBD2B8073C23}"
EndProject
Global
	GlobalSection(SolutionConfigurationPlatforms) = preSolution
		Debug|Any CPU = Debug|Any CPU
		Release|Any CPU = Release|Any CPU
	EndGlobalSection
	GlobalSection(ProjectConfigurationPlatforms) = postSolution
		{96BD1AF2-C6B4-45CA-B6B6-DBD2B8073C23}.Debug|Any CPU.ActiveCfg = Debug|Any CPU
		{96BD1AF2-C6B4-45CA-B6B6-DBD2B8073C23}.Debug|Any CPU.Build.0 = Debug|Any CPU
		{96BD1AF2-C6B4-45CA-B6B6-DBD2B8073C23}.Release|Any CPU.ActiveCfg = Release|Any CPU
		{96BD1AF2-C6B4-45CA-B6B6-DBD2B8073C23}.Release|Any CPU.Build.0 = Release|Any CPU
	EndGlobalSection
	GlobalSection(SolutionProperties) = preSolution
		HideSolutionNode = FALSE
	EndGlobalSection
	GlobalSection(ExtensibilityGlobals) = postSolution
		SolutionGuid = {701707F4-705A-441E-8D46-4CDC0B6F5200}
	EndGlobalSection
EndGlobal
