
Microsoft Visual Studio Solution File, Format Version 12.00
# Visual Studio Express 15 for Windows Desktop
VisualStudioVersion = 15.0.28307.1231
MinimumVisualStudioVersion = 10.0.40219.1
Project("{FAE04EC0-301F-11D3-BF4B-00C04F79EFBC}") = "ex3_11", "ex3_11.csproj", "{0B35243F-F53F-4713-BBEE-A41FFA674A13}"
EndProject
Global
	GlobalSection(SolutionConfigurationPlatforms) = preSolution
		Debug|Any CPU = Debug|Any CPU
		Release|Any CPU = Release|Any CPU
	EndGlobalSection
	GlobalSection(ProjectConfigurationPlatforms) = postSolution
		{0B35243F-F53F-4713-BBEE-A41FFA674A13}.Debug|Any CPU.ActiveCfg = Debug|Any CPU
		{0B35243F-F53F-4713-BBEE-A41FFA674A13}.Debug|Any CPU.Build.0 = Debug|Any CPU
		{0B35243F-F53F-4713-BBEE-A41FFA674A13}.Release|Any CPU.ActiveCfg = Release|Any CPU
		{0B35243F-F53F-4713-BBEE-A41FFA674A13}.Release|Any CPU.Build.0 = Release|Any CPU
	EndGlobalSection
	GlobalSection(SolutionProperties) = preSolution
		HideSolutionNode = FALSE
	EndGlobalSection
	GlobalSection(ExtensibilityGlobals) = postSolution
		SolutionGuid = {16239E17-03F5-4909-9C33-2B8A1754DD46}
	EndGlobalSection
EndGlobal
