
Microsoft Visual Studio Solution File, Format Version 12.00
# Visual Studio Express 15 for Windows Desktop
VisualStudioVersion = 15.0.28307.1231
MinimumVisualStudioVersion = 10.0.40219.1
Project("{FAE04EC0-301F-11D3-BF4B-00C04F79EFBC}") = "ex_052", "ex_052.csproj", "{F489D39E-DFFC-4541-91E2-9FBE8CD14F24}"
EndProject
Global
	GlobalSection(SolutionConfigurationPlatforms) = preSolution
		Debug|Any CPU = Debug|Any CPU
		Release|Any CPU = Release|Any CPU
	EndGlobalSection
	GlobalSection(ProjectConfigurationPlatforms) = postSolution
		{F489D39E-DFFC-4541-91E2-9FBE8CD14F24}.Debug|Any CPU.ActiveCfg = Debug|Any CPU
		{F489D39E-DFFC-4541-91E2-9FBE8CD14F24}.Debug|Any CPU.Build.0 = Debug|Any CPU
		{F489D39E-DFFC-4541-91E2-9FBE8CD14F24}.Release|Any CPU.ActiveCfg = Release|Any CPU
		{F489D39E-DFFC-4541-91E2-9FBE8CD14F24}.Release|Any CPU.Build.0 = Release|Any CPU
	EndGlobalSection
	GlobalSection(SolutionProperties) = preSolution
		HideSolutionNode = FALSE
	EndGlobalSection
	GlobalSection(ExtensibilityGlobals) = postSolution
		SolutionGuid = {B04EF0AA-6AE4-447B-935A-B96E20E8EA91}
	EndGlobalSection
EndGlobal
