
Microsoft Visual Studio Solution File, Format Version 12.00
# Visual Studio Express 15 for Windows Desktop
VisualStudioVersion = 15.0.28307.1231
MinimumVisualStudioVersion = 10.0.40219.1
Project("{FAE04EC0-301F-11D3-BF4B-00C04F79EFBC}") = "ex6_39", "ex6_39.csproj", "{AC02922F-997C-4785-9DF7-BDBDB9C270B3}"
EndProject
Global
	GlobalSection(SolutionConfigurationPlatforms) = preSolution
		Debug|Any CPU = Debug|Any CPU
		Release|Any CPU = Release|Any CPU
	EndGlobalSection
	GlobalSection(ProjectConfigurationPlatforms) = postSolution
		{AC02922F-997C-4785-9DF7-BDBDB9C270B3}.Debug|Any CPU.ActiveCfg = Debug|Any CPU
		{AC02922F-997C-4785-9DF7-BDBDB9C270B3}.Debug|Any CPU.Build.0 = Debug|Any CPU
		{AC02922F-997C-4785-9DF7-BDBDB9C270B3}.Release|Any CPU.ActiveCfg = Release|Any CPU
		{AC02922F-997C-4785-9DF7-BDBDB9C270B3}.Release|Any CPU.Build.0 = Release|Any CPU
	EndGlobalSection
	GlobalSection(SolutionProperties) = preSolution
		HideSolutionNode = FALSE
	EndGlobalSection
	GlobalSection(ExtensibilityGlobals) = postSolution
		SolutionGuid = {A947BB10-F715-4E09-84A2-29F81272D2FA}
	EndGlobalSection
EndGlobal
