
Microsoft Visual Studio Solution File, Format Version 12.00
# Visual Studio Express 15 for Windows Desktop
VisualStudioVersion = 15.0.28307.1231
MinimumVisualStudioVersion = 10.0.40219.1
Project("{FAE04EC0-301F-11D3-BF4B-00C04F79EFBC}") = "ex11_4", "ex11_4.csproj", "{64AA7219-4698-4701-A411-A4874A911722}"
EndProject
Global
	GlobalSection(SolutionConfigurationPlatforms) = preSolution
		Debug|Any CPU = Debug|Any CPU
		Release|Any CPU = Release|Any CPU
	EndGlobalSection
	GlobalSection(ProjectConfigurationPlatforms) = postSolution
		{64AA7219-4698-4701-A411-A4874A911722}.Debug|Any CPU.ActiveCfg = Debug|Any CPU
		{64AA7219-4698-4701-A411-A4874A911722}.Debug|Any CPU.Build.0 = Debug|Any CPU
		{64AA7219-4698-4701-A411-A4874A911722}.Release|Any CPU.ActiveCfg = Release|Any CPU
		{64AA7219-4698-4701-A411-A4874A911722}.Release|Any CPU.Build.0 = Release|Any CPU
	EndGlobalSection
	GlobalSection(SolutionProperties) = preSolution
		HideSolutionNode = FALSE
	EndGlobalSection
	GlobalSection(ExtensibilityGlobals) = postSolution
		SolutionGuid = {BE6D181B-4EC5-45A5-8456-A354058EF942}
	EndGlobalSection
EndGlobal
