
Microsoft Visual Studio Solution File, Format Version 12.00
# Visual Studio Express 15 for Windows Desktop
VisualStudioVersion = 15.0.28307.1231
MinimumVisualStudioVersion = 10.0.40219.1
Project("{FAE04EC0-301F-11D3-BF4B-00C04F79EFBC}") = "ex3_4", "ex3_4.csproj", "{2548D2BC-6B48-403C-8E47-A319E53F61E1}"
EndProject
Global
	GlobalSection(SolutionConfigurationPlatforms) = preSolution
		Debug|Any CPU = Debug|Any CPU
		Release|Any CPU = Release|Any CPU
	EndGlobalSection
	GlobalSection(ProjectConfigurationPlatforms) = postSolution
		{2548D2BC-6B48-403C-8E47-A319E53F61E1}.Debug|Any CPU.ActiveCfg = Debug|Any CPU
		{2548D2BC-6B48-403C-8E47-A319E53F61E1}.Debug|Any CPU.Build.0 = Debug|Any CPU
		{2548D2BC-6B48-403C-8E47-A319E53F61E1}.Release|Any CPU.ActiveCfg = Release|Any CPU
		{2548D2BC-6B48-403C-8E47-A319E53F61E1}.Release|Any CPU.Build.0 = Release|Any CPU
	EndGlobalSection
	GlobalSection(SolutionProperties) = preSolution
		HideSolutionNode = FALSE
	EndGlobalSection
	GlobalSection(ExtensibilityGlobals) = postSolution
		SolutionGuid = {80A9FDB6-52BB-4F18-A4C1-59667A277885}
	EndGlobalSection
EndGlobal
