
Microsoft Visual Studio Solution File, Format Version 12.00
# Visual Studio Express 15 for Windows Desktop
VisualStudioVersion = 15.0.28307.1231
MinimumVisualStudioVersion = 10.0.40219.1
Project("{FAE04EC0-301F-11D3-BF4B-00C04F79EFBC}") = "ex_018", "ex_018.csproj", "{66CC29AA-A8BB-441D-8D44-8080767384F4}"
EndProject
Global
	GlobalSection(SolutionConfigurationPlatforms) = preSolution
		Debug|Any CPU = Debug|Any CPU
		Release|Any CPU = Release|Any CPU
	EndGlobalSection
	GlobalSection(ProjectConfigurationPlatforms) = postSolution
		{66CC29AA-A8BB-441D-8D44-8080767384F4}.Debug|Any CPU.ActiveCfg = Debug|Any CPU
		{66CC29AA-A8BB-441D-8D44-8080767384F4}.Debug|Any CPU.Build.0 = Debug|Any CPU
		{66CC29AA-A8BB-441D-8D44-8080767384F4}.Release|Any CPU.ActiveCfg = Release|Any CPU
		{66CC29AA-A8BB-441D-8D44-8080767384F4}.Release|Any CPU.Build.0 = Release|Any CPU
	EndGlobalSection
	GlobalSection(SolutionProperties) = preSolution
		HideSolutionNode = FALSE
	EndGlobalSection
	GlobalSection(ExtensibilityGlobals) = postSolution
		SolutionGuid = {50368B89-62D6-456B-9740-76E493DC93D5}
	EndGlobalSection
EndGlobal
