
Microsoft Visual Studio Solution File, Format Version 12.00
# Visual Studio Express 15 for Windows Desktop
VisualStudioVersion = 15.0.28307.1231
MinimumVisualStudioVersion = 10.0.40219.1
Project("{FAE04EC0-301F-11D3-BF4B-00C04F79EFBC}") = "ex4_13", "ex4_13.csproj", "{BE46AB7C-C285-418C-B937-177C7B1A39A0}"
EndProject
Global
	GlobalSection(SolutionConfigurationPlatforms) = preSolution
		Debug|Any CPU = Debug|Any CPU
		Release|Any CPU = Release|Any CPU
	EndGlobalSection
	GlobalSection(ProjectConfigurationPlatforms) = postSolution
		{BE46AB7C-C285-418C-B937-177C7B1A39A0}.Debug|Any CPU.ActiveCfg = Debug|Any CPU
		{BE46AB7C-C285-418C-B937-177C7B1A39A0}.Debug|Any CPU.Build.0 = Debug|Any CPU
		{BE46AB7C-C285-418C-B937-177C7B1A39A0}.Release|Any CPU.ActiveCfg = Release|Any CPU
		{BE46AB7C-C285-418C-B937-177C7B1A39A0}.Release|Any CPU.Build.0 = Release|Any CPU
	EndGlobalSection
	GlobalSection(SolutionProperties) = preSolution
		HideSolutionNode = FALSE
	EndGlobalSection
	GlobalSection(ExtensibilityGlobals) = postSolution
		SolutionGuid = {2677B345-714B-432D-A9E2-19807C829AB2}
	EndGlobalSection
EndGlobal
