
Microsoft Visual Studio Solution File, Format Version 12.00
# Visual Studio Version 16
VisualStudioVersion = 16.0.30011.22
MinimumVisualStudioVersion = 10.0.40219.1
Project("{FAE04EC0-301F-11D3-BF4B-00C04F79EFBC}") = "ex4_18", "ex4_18.csproj", "{F7556586-3E46-4D43-A150-3816967D679A}"
EndProject
Global
	GlobalSection(SolutionConfigurationPlatforms) = preSolution
		Debug|Any CPU = Debug|Any CPU
		Release|Any CPU = Release|Any CPU
	EndGlobalSection
	GlobalSection(ProjectConfigurationPlatforms) = postSolution
		{F7556586-3E46-4D43-A150-3816967D679A}.Debug|Any CPU.ActiveCfg = Debug|Any CPU
		{F7556586-3E46-4D43-A150-3816967D679A}.Debug|Any CPU.Build.0 = Debug|Any CPU
		{F7556586-3E46-4D43-A150-3816967D679A}.Release|Any CPU.ActiveCfg = Release|Any CPU
		{F7556586-3E46-4D43-A150-3816967D679A}.Release|Any CPU.Build.0 = Release|Any CPU
	EndGlobalSection
	GlobalSection(SolutionProperties) = preSolution
		HideSolutionNode = FALSE
	EndGlobalSection
	GlobalSection(ExtensibilityGlobals) = postSolution
		SolutionGuid = {CBB58039-4039-49CB-B36E-77C7E061AC88}
	EndGlobalSection
EndGlobal
