
Microsoft Visual Studio Solution File, Format Version 12.00
# Visual Studio Express 15 for Windows Desktop
VisualStudioVersion = 15.0.28307.1231
MinimumVisualStudioVersion = 10.0.40219.1
Project("{FAE04EC0-301F-11D3-BF4B-00C04F79EFBC}") = "ex4_9", "ex4_9.csproj", "{00F2A5F2-D6F0-4DBE-9D0F-04CE188C8C76}"
EndProject
Global
	GlobalSection(SolutionConfigurationPlatforms) = preSolution
		Debug|Any CPU = Debug|Any CPU
		Release|Any CPU = Release|Any CPU
	EndGlobalSection
	GlobalSection(ProjectConfigurationPlatforms) = postSolution
		{00F2A5F2-D6F0-4DBE-9D0F-04CE188C8C76}.Debug|Any CPU.ActiveCfg = Debug|Any CPU
		{00F2A5F2-D6F0-4DBE-9D0F-04CE188C8C76}.Debug|Any CPU.Build.0 = Debug|Any CPU
		{00F2A5F2-D6F0-4DBE-9D0F-04CE188C8C76}.Release|Any CPU.ActiveCfg = Release|Any CPU
		{00F2A5F2-D6F0-4DBE-9D0F-04CE188C8C76}.Release|Any CPU.Build.0 = Release|Any CPU
	EndGlobalSection
	GlobalSection(SolutionProperties) = preSolution
		HideSolutionNode = FALSE
	EndGlobalSection
	GlobalSection(ExtensibilityGlobals) = postSolution
		SolutionGuid = {DC10C07D-A3C1-40D4-9655-EC93468F9D74}
	EndGlobalSection
EndGlobal
