
Microsoft Visual Studio Solution File, Format Version 12.00
# Visual Studio Version 16
VisualStudioVersion = 16.0.30011.22
MinimumVisualStudioVersion = 10.0.40219.1
Project("{FAE04EC0-301F-11D3-BF4B-00C04F79EFBC}") = "ex8_4", "ex8_4.csproj", "{8B562B4A-1C85-4ECC-B1D0-7B88F03C1B16}"
EndProject
Global
	GlobalSection(SolutionConfigurationPlatforms) = preSolution
		Debug|Any CPU = Debug|Any CPU
		Release|Any CPU = Release|Any CPU
	EndGlobalSection
	GlobalSection(ProjectConfigurationPlatforms) = postSolution
		{8B562B4A-1C85-4ECC-B1D0-7B88F03C1B16}.Debug|Any CPU.ActiveCfg = Debug|Any CPU
		{8B562B4A-1C85-4ECC-B1D0-7B88F03C1B16}.Debug|Any CPU.Build.0 = Debug|Any CPU
		{8B562B4A-1C85-4ECC-B1D0-7B88F03C1B16}.Release|Any CPU.ActiveCfg = Release|Any CPU
		{8B562B4A-1C85-4ECC-B1D0-7B88F03C1B16}.Release|Any CPU.Build.0 = Release|Any CPU
	EndGlobalSection
	GlobalSection(SolutionProperties) = preSolution
		HideSolutionNode = FALSE
	EndGlobalSection
	GlobalSection(ExtensibilityGlobals) = postSolution
		SolutionGuid = {14054FC7-C910-4490-8493-FC0A7ED54F1B}
	EndGlobalSection
EndGlobal
