
Microsoft Visual Studio Solution File, Format Version 12.00
# Visual Studio Version 16
VisualStudioVersion = 16.0.30011.22
MinimumVisualStudioVersion = 10.0.40219.1
Project("{FAE04EC0-301F-11D3-BF4B-00C04F79EFBC}") = "ex4_26", "ex4_26.csproj", "{FB30AB3C-152C-4F1A-AA87-6A1D3774229F}"
EndProject
Global
	GlobalSection(SolutionConfigurationPlatforms) = preSolution
		Debug|Any CPU = Debug|Any CPU
		Release|Any CPU = Release|Any CPU
	EndGlobalSection
	GlobalSection(ProjectConfigurationPlatforms) = postSolution
		{FB30AB3C-152C-4F1A-AA87-6A1D3774229F}.Debug|Any CPU.ActiveCfg = Debug|Any CPU
		{FB30AB3C-152C-4F1A-AA87-6A1D3774229F}.Debug|Any CPU.Build.0 = Debug|Any CPU
		{FB30AB3C-152C-4F1A-AA87-6A1D3774229F}.Release|Any CPU.ActiveCfg = Release|Any CPU
		{FB30AB3C-152C-4F1A-AA87-6A1D3774229F}.Release|Any CPU.Build.0 = Release|Any CPU
	EndGlobalSection
	GlobalSection(SolutionProperties) = preSolution
		HideSolutionNode = FALSE
	EndGlobalSection
	GlobalSection(ExtensibilityGlobals) = postSolution
		SolutionGuid = {9E86A32D-E46D-4F5C-9E85-5E4066175666}
	EndGlobalSection
EndGlobal
