
Microsoft Visual Studio Solution File, Format Version 12.00
# Visual Studio Express 15 for Windows Desktop
VisualStudioVersion = 15.0.28307.1231
MinimumVisualStudioVersion = 10.0.40219.1
Project("{FAE04EC0-301F-11D3-BF4B-00C04F79EFBC}") = "ex5_7", "ex5_7.csproj", "{A5F65C5B-E393-40AB-A0D2-1BEB582ECC22}"
EndProject
Global
	GlobalSection(SolutionConfigurationPlatforms) = preSolution
		Debug|Any CPU = Debug|Any CPU
		Release|Any CPU = Release|Any CPU
	EndGlobalSection
	GlobalSection(ProjectConfigurationPlatforms) = postSolution
		{A5F65C5B-E393-40AB-A0D2-1BEB582ECC22}.Debug|Any CPU.ActiveCfg = Debug|Any CPU
		{A5F65C5B-E393-40AB-A0D2-1BEB582ECC22}.Debug|Any CPU.Build.0 = Debug|Any CPU
		{A5F65C5B-E393-40AB-A0D2-1BEB582ECC22}.Release|Any CPU.ActiveCfg = Release|Any CPU
		{A5F65C5B-E393-40AB-A0D2-1BEB582ECC22}.Release|Any CPU.Build.0 = Release|Any CPU
	EndGlobalSection
	GlobalSection(SolutionProperties) = preSolution
		HideSolutionNode = FALSE
	EndGlobalSection
	GlobalSection(ExtensibilityGlobals) = postSolution
		SolutionGuid = {D52C42D7-948E-4161-B0CC-4DFF1FBA3726}
	EndGlobalSection
EndGlobal
