
Microsoft Visual Studio Solution File, Format Version 12.00
# Visual Studio Express 15 for Windows Desktop
VisualStudioVersion = 15.0.28307.1231
MinimumVisualStudioVersion = 10.0.40219.1
Project("{FAE04EC0-301F-11D3-BF4B-00C04F79EFBC}") = "ex11_6", "ex11_6.csproj", "{ECB81EF2-B815-4E48-A592-FD811B562C21}"
EndProject
Global
	GlobalSection(SolutionConfigurationPlatforms) = preSolution
		Debug|Any CPU = Debug|Any CPU
		Release|Any CPU = Release|Any CPU
	EndGlobalSection
	GlobalSection(ProjectConfigurationPlatforms) = postSolution
		{ECB81EF2-B815-4E48-A592-FD811B562C21}.Debug|Any CPU.ActiveCfg = Debug|Any CPU
		{ECB81EF2-B815-4E48-A592-FD811B562C21}.Debug|Any CPU.Build.0 = Debug|Any CPU
		{ECB81EF2-B815-4E48-A592-FD811B562C21}.Release|Any CPU.ActiveCfg = Release|Any CPU
		{ECB81EF2-B815-4E48-A592-FD811B562C21}.Release|Any CPU.Build.0 = Release|Any CPU
	EndGlobalSection
	GlobalSection(SolutionProperties) = preSolution
		HideSolutionNode = FALSE
	EndGlobalSection
	GlobalSection(ExtensibilityGlobals) = postSolution
		SolutionGuid = {5F710A8E-A00C-44B9-ACC9-16BDB1B5EBAA}
	EndGlobalSection
EndGlobal
