
Microsoft Visual Studio Solution File, Format Version 12.00
# Visual Studio Version 16
VisualStudioVersion = 16.0.30011.22
MinimumVisualStudioVersion = 10.0.40219.1
Project("{FAE04EC0-301F-11D3-BF4B-00C04F79EFBC}") = "ex4_24", "ex4_24.csproj", "{4FE09051-A0DF-4695-B622-C5C833F0C999}"
EndProject
Global
	GlobalSection(SolutionConfigurationPlatforms) = preSolution
		Debug|Any CPU = Debug|Any CPU
		Release|Any CPU = Release|Any CPU
	EndGlobalSection
	GlobalSection(ProjectConfigurationPlatforms) = postSolution
		{4FE09051-A0DF-4695-B622-C5C833F0C999}.Debug|Any CPU.ActiveCfg = Debug|Any CPU
		{4FE09051-A0DF-4695-B622-C5C833F0C999}.Debug|Any CPU.Build.0 = Debug|Any CPU
		{4FE09051-A0DF-4695-B622-C5C833F0C999}.Release|Any CPU.ActiveCfg = Release|Any CPU
		{4FE09051-A0DF-4695-B622-C5C833F0C999}.Release|Any CPU.Build.0 = Release|Any CPU
	EndGlobalSection
	GlobalSection(SolutionProperties) = preSolution
		HideSolutionNode = FALSE
	EndGlobalSection
	GlobalSection(ExtensibilityGlobals) = postSolution
		SolutionGuid = {3C2704F2-429E-4F3E-8D00-5EEBB12E634F}
	EndGlobalSection
EndGlobal
