
Microsoft Visual Studio Solution File, Format Version 12.00
# Visual Studio Express 15 for Windows Desktop
VisualStudioVersion = 15.0.28307.1231
MinimumVisualStudioVersion = 10.0.40219.1
Project("{FAE04EC0-301F-11D3-BF4B-00C04F79EFBC}") = "ex7_5", "ex7_5.csproj", "{B47A6B26-1BD0-43D8-89B1-198F33FC53CC}"
EndProject
Global
	GlobalSection(SolutionConfigurationPlatforms) = preSolution
		Debug|Any CPU = Debug|Any CPU
		Release|Any CPU = Release|Any CPU
	EndGlobalSection
	GlobalSection(ProjectConfigurationPlatforms) = postSolution
		{B47A6B26-1BD0-43D8-89B1-198F33FC53CC}.Debug|Any CPU.ActiveCfg = Debug|Any CPU
		{B47A6B26-1BD0-43D8-89B1-198F33FC53CC}.Debug|Any CPU.Build.0 = Debug|Any CPU
		{B47A6B26-1BD0-43D8-89B1-198F33FC53CC}.Release|Any CPU.ActiveCfg = Release|Any CPU
		{B47A6B26-1BD0-43D8-89B1-198F33FC53CC}.Release|Any CPU.Build.0 = Release|Any CPU
	EndGlobalSection
	GlobalSection(SolutionProperties) = preSolution
		HideSolutionNode = FALSE
	EndGlobalSection
	GlobalSection(ExtensibilityGlobals) = postSolution
		SolutionGuid = {F819F613-EF21-4BC6-930F-BA1E858657EE}
	EndGlobalSection
EndGlobal
