
Microsoft Visual Studio Solution File, Format Version 12.00
# Visual Studio Express 15 for Windows Desktop
VisualStudioVersion = 15.0.28307.1231
MinimumVisualStudioVersion = 10.0.40219.1
Project("{FAE04EC0-301F-11D3-BF4B-00C04F79EFBC}") = "ex4_37", "ex4_37.csproj", "{A0B62948-8B1B-448B-BF5D-220DBFC5D6AF}"
EndProject
Global
	GlobalSection(SolutionConfigurationPlatforms) = preSolution
		Debug|Any CPU = Debug|Any CPU
		Release|Any CPU = Release|Any CPU
	EndGlobalSection
	GlobalSection(ProjectConfigurationPlatforms) = postSolution
		{A0B62948-8B1B-448B-BF5D-220DBFC5D6AF}.Debug|Any CPU.ActiveCfg = Debug|Any CPU
		{A0B62948-8B1B-448B-BF5D-220DBFC5D6AF}.Debug|Any CPU.Build.0 = Debug|Any CPU
		{A0B62948-8B1B-448B-BF5D-220DBFC5D6AF}.Release|Any CPU.ActiveCfg = Release|Any CPU
		{A0B62948-8B1B-448B-BF5D-220DBFC5D6AF}.Release|Any CPU.Build.0 = Release|Any CPU
	EndGlobalSection
	GlobalSection(SolutionProperties) = preSolution
		HideSolutionNode = FALSE
	EndGlobalSection
	GlobalSection(ExtensibilityGlobals) = postSolution
		SolutionGuid = {3035EC94-C907-44B8-8512-E1A1D76E2D3D}
	EndGlobalSection
EndGlobal
