
Microsoft Visual Studio Solution File, Format Version 12.00
# Visual Studio Express 15 for Windows Desktop
VisualStudioVersion = 15.0.28307.1231
MinimumVisualStudioVersion = 10.0.40219.1
Project("{FAE04EC0-301F-11D3-BF4B-00C04F79EFBC}") = "ex11_14", "ex11_14.csproj", "{F4EF935C-F4F9-4AA2-A8E1-9FF4FA1C6B5D}"
EndProject
Global
	GlobalSection(SolutionConfigurationPlatforms) = preSolution
		Debug|Any CPU = Debug|Any CPU
		Release|Any CPU = Release|Any CPU
	EndGlobalSection
	GlobalSection(ProjectConfigurationPlatforms) = postSolution
		{F4EF935C-F4F9-4AA2-A8E1-9FF4FA1C6B5D}.Debug|Any CPU.ActiveCfg = Debug|Any CPU
		{F4EF935C-F4F9-4AA2-A8E1-9FF4FA1C6B5D}.Debug|Any CPU.Build.0 = Debug|Any CPU
		{F4EF935C-F4F9-4AA2-A8E1-9FF4FA1C6B5D}.Release|Any CPU.ActiveCfg = Release|Any CPU
		{F4EF935C-F4F9-4AA2-A8E1-9FF4FA1C6B5D}.Release|Any CPU.Build.0 = Release|Any CPU
	EndGlobalSection
	GlobalSection(SolutionProperties) = preSolution
		HideSolutionNode = FALSE
	EndGlobalSection
	GlobalSection(ExtensibilityGlobals) = postSolution
		SolutionGuid = {72BCFEF5-A656-4C53-925D-F63006038515}
	EndGlobalSection
EndGlobal
