
Microsoft Visual Studio Solution File, Format Version 12.00
# Visual Studio Express 15 for Windows Desktop
VisualStudioVersion = 15.0.28307.1231
MinimumVisualStudioVersion = 10.0.40219.1
Project("{FAE04EC0-301F-11D3-BF4B-00C04F79EFBC}") = "ex3_7", "ex3_7.csproj", "{B05D3389-012F-4D56-9E91-309C49E15C7C}"
EndProject
Global
	GlobalSection(SolutionConfigurationPlatforms) = preSolution
		Debug|Any CPU = Debug|Any CPU
		Release|Any CPU = Release|Any CPU
	EndGlobalSection
	GlobalSection(ProjectConfigurationPlatforms) = postSolution
		{B05D3389-012F-4D56-9E91-309C49E15C7C}.Debug|Any CPU.ActiveCfg = Debug|Any CPU
		{B05D3389-012F-4D56-9E91-309C49E15C7C}.Debug|Any CPU.Build.0 = Debug|Any CPU
		{B05D3389-012F-4D56-9E91-309C49E15C7C}.Release|Any CPU.ActiveCfg = Release|Any CPU
		{B05D3389-012F-4D56-9E91-309C49E15C7C}.Release|Any CPU.Build.0 = Release|Any CPU
	EndGlobalSection
	GlobalSection(SolutionProperties) = preSolution
		HideSolutionNode = FALSE
	EndGlobalSection
	GlobalSection(ExtensibilityGlobals) = postSolution
		SolutionGuid = {203B1855-111B-4B12-A2F1-3BD6174A8608}
	EndGlobalSection
EndGlobal
