
Microsoft Visual Studio Solution File, Format Version 12.00
# Visual Studio Express 15 for Windows Desktop
VisualStudioVersion = 15.0.28307.1231
MinimumVisualStudioVersion = 10.0.40219.1
Project("{FAE04EC0-301F-11D3-BF4B-00C04F79EFBC}") = "ex_019", "ex_019.csproj", "{10E23C15-5AE1-4E03-8E6F-A0DC671F3576}"
EndProject
Global
	GlobalSection(SolutionConfigurationPlatforms) = preSolution
		Debug|Any CPU = Debug|Any CPU
		Release|Any CPU = Release|Any CPU
	EndGlobalSection
	GlobalSection(ProjectConfigurationPlatforms) = postSolution
		{10E23C15-5AE1-4E03-8E6F-A0DC671F3576}.Debug|Any CPU.ActiveCfg = Debug|Any CPU
		{10E23C15-5AE1-4E03-8E6F-A0DC671F3576}.Debug|Any CPU.Build.0 = Debug|Any CPU
		{10E23C15-5AE1-4E03-8E6F-A0DC671F3576}.Release|Any CPU.ActiveCfg = Release|Any CPU
		{10E23C15-5AE1-4E03-8E6F-A0DC671F3576}.Release|Any CPU.Build.0 = Release|Any CPU
	EndGlobalSection
	GlobalSection(SolutionProperties) = preSolution
		HideSolutionNode = FALSE
	EndGlobalSection
	GlobalSection(ExtensibilityGlobals) = postSolution
		SolutionGuid = {8A540B65-D768-4A4E-ADD7-2A0AEDD3F5D8}
	EndGlobalSection
EndGlobal
