
Microsoft Visual Studio Solution File, Format Version 12.00
# Visual Studio Express 15 for Windows Desktop
VisualStudioVersion = 15.0.28307.1231
MinimumVisualStudioVersion = 10.0.40219.1
Project("{FAE04EC0-301F-11D3-BF4B-00C04F79EFBC}") = "ex6_52", "ex6_52.csproj", "{589A37F6-F647-46E7-85D4-C0D44371A640}"
EndProject
Global
	GlobalSection(SolutionConfigurationPlatforms) = preSolution
		Debug|Any CPU = Debug|Any CPU
		Release|Any CPU = Release|Any CPU
	EndGlobalSection
	GlobalSection(ProjectConfigurationPlatforms) = postSolution
		{589A37F6-F647-46E7-85D4-C0D44371A640}.Debug|Any CPU.ActiveCfg = Debug|Any CPU
		{589A37F6-F647-46E7-85D4-C0D44371A640}.Debug|Any CPU.Build.0 = Debug|Any CPU
		{589A37F6-F647-46E7-85D4-C0D44371A640}.Release|Any CPU.ActiveCfg = Release|Any CPU
		{589A37F6-F647-46E7-85D4-C0D44371A640}.Release|Any CPU.Build.0 = Release|Any CPU
	EndGlobalSection
	GlobalSection(SolutionProperties) = preSolution
		HideSolutionNode = FALSE
	EndGlobalSection
	GlobalSection(ExtensibilityGlobals) = postSolution
		SolutionGuid = {01963A42-1B9E-4F04-92B1-C5F7970E58BC}
	EndGlobalSection
EndGlobal
