
Microsoft Visual Studio Solution File, Format Version 12.00
# Visual Studio Express 15 for Windows Desktop
VisualStudioVersion = 15.0.28307.1231
MinimumVisualStudioVersion = 10.0.40219.1
Project("{FAE04EC0-301F-11D3-BF4B-00C04F79EFBC}") = "ex_090", "ex_090.csproj", "{3775EAC4-615B-4FD0-8839-2374479A21C7}"
EndProject
Global
	GlobalSection(SolutionConfigurationPlatforms) = preSolution
		Debug|Any CPU = Debug|Any CPU
		Release|Any CPU = Release|Any CPU
	EndGlobalSection
	GlobalSection(ProjectConfigurationPlatforms) = postSolution
		{3775EAC4-615B-4FD0-8839-2374479A21C7}.Debug|Any CPU.ActiveCfg = Debug|Any CPU
		{3775EAC4-615B-4FD0-8839-2374479A21C7}.Debug|Any CPU.Build.0 = Debug|Any CPU
		{3775EAC4-615B-4FD0-8839-2374479A21C7}.Release|Any CPU.ActiveCfg = Release|Any CPU
		{3775EAC4-615B-4FD0-8839-2374479A21C7}.Release|Any CPU.Build.0 = Release|Any CPU
	EndGlobalSection
	GlobalSection(SolutionProperties) = preSolution
		HideSolutionNode = FALSE
	EndGlobalSection
	GlobalSection(ExtensibilityGlobals) = postSolution
		SolutionGuid = {F35563B1-B111-42D8-8706-EC48D8827E15}
	EndGlobalSection
EndGlobal
