
Microsoft Visual Studio Solution File, Format Version 12.00
# Visual Studio Express 15 for Windows Desktop
VisualStudioVersion = 15.0.28307.1231
MinimumVisualStudioVersion = 10.0.40219.1
Project("{FAE04EC0-301F-11D3-BF4B-00C04F79EFBC}") = "ex2_8", "ex2_8.csproj", "{8A491DBD-5A98-4D1A-99B4-E7DC035D0352}"
EndProject
Global
	GlobalSection(SolutionConfigurationPlatforms) = preSolution
		Debug|Any CPU = Debug|Any CPU
		Release|Any CPU = Release|Any CPU
	EndGlobalSection
	GlobalSection(ProjectConfigurationPlatforms) = postSolution
		{8A491DBD-5A98-4D1A-99B4-E7DC035D0352}.Debug|Any CPU.ActiveCfg = Debug|Any CPU
		{8A491DBD-5A98-4D1A-99B4-E7DC035D0352}.Debug|Any CPU.Build.0 = Debug|Any CPU
		{8A491DBD-5A98-4D1A-99B4-E7DC035D0352}.Release|Any CPU.ActiveCfg = Release|Any CPU
		{8A491DBD-5A98-4D1A-99B4-E7DC035D0352}.Release|Any CPU.Build.0 = Release|Any CPU
	EndGlobalSection
	GlobalSection(SolutionProperties) = preSolution
		HideSolutionNode = FALSE
	EndGlobalSection
	GlobalSection(ExtensibilityGlobals) = postSolution
		SolutionGuid = {D1804613-D575-4E18-A41B-BE3EDDACF294}
	EndGlobalSection
EndGlobal
