
Microsoft Visual Studio Solution File, Format Version 12.00
# Visual Studio Express 15 for Windows Desktop
VisualStudioVersion = 15.0.28307.1231
MinimumVisualStudioVersion = 10.0.40219.1
Project("{FAE04EC0-301F-11D3-BF4B-00C04F79EFBC}") = "ex9_10", "ex9_10.csproj", "{39421062-CC8B-442A-8BD3-59FBDB0616BF}"
EndProject
Global
	GlobalSection(SolutionConfigurationPlatforms) = preSolution
		Debug|Any CPU = Debug|Any CPU
		Release|Any CPU = Release|Any CPU
	EndGlobalSection
	GlobalSection(ProjectConfigurationPlatforms) = postSolution
		{39421062-CC8B-442A-8BD3-59FBDB0616BF}.Debug|Any CPU.ActiveCfg = Debug|Any CPU
		{39421062-CC8B-442A-8BD3-59FBDB0616BF}.Debug|Any CPU.Build.0 = Debug|Any CPU
		{39421062-CC8B-442A-8BD3-59FBDB0616BF}.Release|Any CPU.ActiveCfg = Release|Any CPU
		{39421062-CC8B-442A-8BD3-59FBDB0616BF}.Release|Any CPU.Build.0 = Release|Any CPU
	EndGlobalSection
	GlobalSection(SolutionProperties) = preSolution
		HideSolutionNode = FALSE
	EndGlobalSection
	GlobalSection(ExtensibilityGlobals) = postSolution
		SolutionGuid = {4B7F7339-901A-42EF-8DC6-AC77663E7830}
	EndGlobalSection
EndGlobal
