
Microsoft Visual Studio Solution File, Format Version 12.00
# Visual Studio Express 15 for Windows Desktop
VisualStudioVersion = 15.0.28307.1231
MinimumVisualStudioVersion = 10.0.40219.1
Project("{FAE04EC0-301F-11D3-BF4B-00C04F79EFBC}") = "ex_184", "ex_184.csproj", "{0DA785B3-2E3F-4EDC-A667-EF4B96BAE93D}"
EndProject
Global
	GlobalSection(SolutionConfigurationPlatforms) = preSolution
		Debug|Any CPU = Debug|Any CPU
		Release|Any CPU = Release|Any CPU
	EndGlobalSection
	GlobalSection(ProjectConfigurationPlatforms) = postSolution
		{0DA785B3-2E3F-4EDC-A667-EF4B96BAE93D}.Debug|Any CPU.ActiveCfg = Debug|Any CPU
		{0DA785B3-2E3F-4EDC-A667-EF4B96BAE93D}.Debug|Any CPU.Build.0 = Debug|Any CPU
		{0DA785B3-2E3F-4EDC-A667-EF4B96BAE93D}.Release|Any CPU.ActiveCfg = Release|Any CPU
		{0DA785B3-2E3F-4EDC-A667-EF4B96BAE93D}.Release|Any CPU.Build.0 = Release|Any CPU
	EndGlobalSection
	GlobalSection(SolutionProperties) = preSolution
		HideSolutionNode = FALSE
	EndGlobalSection
	GlobalSection(ExtensibilityGlobals) = postSolution
		SolutionGuid = {D3A251FD-2A59-45A8-9E6C-11765E85F8DA}
	EndGlobalSection
EndGlobal
