
Microsoft Visual Studio Solution File, Format Version 12.00
# Visual Studio Express 15 for Windows Desktop
VisualStudioVersion = 15.0.28307.1231
MinimumVisualStudioVersion = 10.0.40219.1
Project("{FAE04EC0-301F-11D3-BF4B-00C04F79EFBC}") = "ex6_13", "ex6_13.csproj", "{6D11B217-1835-4E11-9B92-033BFE250E77}"
EndProject
Global
	GlobalSection(SolutionConfigurationPlatforms) = preSolution
		Debug|Any CPU = Debug|Any CPU
		Release|Any CPU = Release|Any CPU
	EndGlobalSection
	GlobalSection(ProjectConfigurationPlatforms) = postSolution
		{6D11B217-1835-4E11-9B92-033BFE250E77}.Debug|Any CPU.ActiveCfg = Debug|Any CPU
		{6D11B217-1835-4E11-9B92-033BFE250E77}.Debug|Any CPU.Build.0 = Debug|Any CPU
		{6D11B217-1835-4E11-9B92-033BFE250E77}.Release|Any CPU.ActiveCfg = Release|Any CPU
		{6D11B217-1835-4E11-9B92-033BFE250E77}.Release|Any CPU.Build.0 = Release|Any CPU
	EndGlobalSection
	GlobalSection(SolutionProperties) = preSolution
		HideSolutionNode = FALSE
	EndGlobalSection
	GlobalSection(ExtensibilityGlobals) = postSolution
		SolutionGuid = {5F0D7F48-C103-4A70-B345-6132F632DAA1}
	EndGlobalSection
EndGlobal
