
Microsoft Visual Studio Solution File, Format Version 12.00
# Visual Studio Express 15 for Windows Desktop
VisualStudioVersion = 15.0.28307.1231
MinimumVisualStudioVersion = 10.0.40219.1
Project("{FAE04EC0-301F-11D3-BF4B-00C04F79EFBC}") = "ex_135", "ex_135.csproj", "{3D787924-9654-469B-A4CB-939262C1E640}"
EndProject
Global
	GlobalSection(SolutionConfigurationPlatforms) = preSolution
		Debug|Any CPU = Debug|Any CPU
		Release|Any CPU = Release|Any CPU
	EndGlobalSection
	GlobalSection(ProjectConfigurationPlatforms) = postSolution
		{3D787924-9654-469B-A4CB-939262C1E640}.Debug|Any CPU.ActiveCfg = Debug|Any CPU
		{3D787924-9654-469B-A4CB-939262C1E640}.Debug|Any CPU.Build.0 = Debug|Any CPU
		{3D787924-9654-469B-A4CB-939262C1E640}.Release|Any CPU.ActiveCfg = Release|Any CPU
		{3D787924-9654-469B-A4CB-939262C1E640}.Release|Any CPU.Build.0 = Release|Any CPU
	EndGlobalSection
	GlobalSection(SolutionProperties) = preSolution
		HideSolutionNode = FALSE
	EndGlobalSection
	GlobalSection(ExtensibilityGlobals) = postSolution
		SolutionGuid = {324C45B5-A207-4272-873A-1344DAD3BB36}
	EndGlobalSection
EndGlobal
