
Microsoft Visual Studio Solution File, Format Version 12.00
# Visual Studio Express 15 for Windows Desktop
VisualStudioVersion = 15.0.28307.1231
MinimumVisualStudioVersion = 10.0.40219.1
Project("{FAE04EC0-301F-11D3-BF4B-00C04F79EFBC}") = "ClassLibrary1", "ClassLibrary1.csproj", "{BC8467BB-55AF-4DA3-B01D-0A0D7123A6D6}"
EndProject
Project("{FAE04EC0-301F-11D3-BF4B-00C04F79EFBC}") = "ConsoleApp1", "..\ConsoleApp1\ConsoleApp1.csproj", "{B36431D4-750D-4902-A424-3708FB93D2BC}"
EndProject
Global
	GlobalSection(SolutionConfigurationPlatforms) = preSolution
		Debug|Any CPU = Debug|Any CPU
		Release|Any CPU = Release|Any CPU
	EndGlobalSection
	GlobalSection(ProjectConfigurationPlatforms) = postSolution
		{BC8467BB-55AF-4DA3-B01D-0A0D7123A6D6}.Debug|Any CPU.ActiveCfg = Debug|Any CPU
		{BC8467BB-55AF-4DA3-B01D-0A0D7123A6D6}.Debug|Any CPU.Build.0 = Debug|Any CPU
		{BC8467BB-55AF-4DA3-B01D-0A0D7123A6D6}.Release|Any CPU.ActiveCfg = Release|Any CPU
		{BC8467BB-55AF-4DA3-B01D-0A0D7123A6D6}.Release|Any CPU.Build.0 = Release|Any CPU
		{B36431D4-750D-4902-A424-3708FB93D2BC}.Debug|Any CPU.ActiveCfg = Debug|Any CPU
		{B36431D4-750D-4902-A424-3708FB93D2BC}.Debug|Any CPU.Build.0 = Debug|Any CPU
		{B36431D4-750D-4902-A424-3708FB93D2BC}.Release|Any CPU.ActiveCfg = Release|Any CPU
		{B36431D4-750D-4902-A424-3708FB93D2BC}.Release|Any CPU.Build.0 = Release|Any CPU
	EndGlobalSection
	GlobalSection(SolutionProperties) = preSolution
		HideSolutionNode = FALSE
	EndGlobalSection
	GlobalSection(ExtensibilityGlobals) = postSolution
		SolutionGuid = {1321DD4D-7AF4-4206-A8BA-1B39CE063D72}
	EndGlobalSection
EndGlobal
