
Microsoft Visual Studio Solution File, Format Version 12.00
# Visual Studio Express 15 for Windows Desktop
VisualStudioVersion = 15.0.28307.1231
MinimumVisualStudioVersion = 10.0.40219.1
Project("{FAE04EC0-301F-11D3-BF4B-00C04F79EFBC}") = "ex8_3", "ex8_3.csproj", "{A67D5FE9-E8FB-4970-8725-754101881273}"
EndProject
Global
	GlobalSection(SolutionConfigurationPlatforms) = preSolution
		Debug|Any CPU = Debug|Any CPU
		Release|Any CPU = Release|Any CPU
	EndGlobalSection
	GlobalSection(ProjectConfigurationPlatforms) = postSolution
		{A67D5FE9-E8FB-4970-8725-754101881273}.Debug|Any CPU.ActiveCfg = Debug|Any CPU
		{A67D5FE9-E8FB-4970-8725-754101881273}.Debug|Any CPU.Build.0 = Debug|Any CPU
		{A67D5FE9-E8FB-4970-8725-754101881273}.Release|Any CPU.ActiveCfg = Release|Any CPU
		{A67D5FE9-E8FB-4970-8725-754101881273}.Release|Any CPU.Build.0 = Release|Any CPU
	EndGlobalSection
	GlobalSection(SolutionProperties) = preSolution
		HideSolutionNode = FALSE
	EndGlobalSection
	GlobalSection(ExtensibilityGlobals) = postSolution
		SolutionGuid = {38C194B0-3367-412B-9B5C-237A7DFFFFE3}
	EndGlobalSection
EndGlobal
