
Microsoft Visual Studio Solution File, Format Version 12.00
# Visual Studio Express 15 for Windows Desktop
VisualStudioVersion = 15.0.28307.1231
MinimumVisualStudioVersion = 10.0.40219.1
Project("{FAE04EC0-301F-11D3-BF4B-00C04F79EFBC}") = "ex1_1", "ex1_1.csproj", "{0928DD2E-3A8B-4CE0-9820-00FC2CBAC563}"
EndProject
Global
	GlobalSection(SolutionConfigurationPlatforms) = preSolution
		Debug|Any CPU = Debug|Any CPU
		Release|Any CPU = Release|Any CPU
	EndGlobalSection
	GlobalSection(ProjectConfigurationPlatforms) = postSolution
		{0928DD2E-3A8B-4CE0-9820-00FC2CBAC563}.Debug|Any CPU.ActiveCfg = Debug|Any CPU
		{0928DD2E-3A8B-4CE0-9820-00FC2CBAC563}.Debug|Any CPU.Build.0 = Debug|Any CPU
		{0928DD2E-3A8B-4CE0-9820-00FC2CBAC563}.Release|Any CPU.ActiveCfg = Release|Any CPU
		{0928DD2E-3A8B-4CE0-9820-00FC2CBAC563}.Release|Any CPU.Build.0 = Release|Any CPU
	EndGlobalSection
	GlobalSection(SolutionProperties) = preSolution
		HideSolutionNode = FALSE
	EndGlobalSection
	GlobalSection(ExtensibilityGlobals) = postSolution
		SolutionGuid = {B0779449-A23B-4E2B-8BA0-AEF8B9A61E88}
	EndGlobalSection
EndGlobal
