
Microsoft Visual Studio Solution File, Format Version 12.00
# Visual Studio Express 15 for Windows Desktop
VisualStudioVersion = 15.0.28307.1231
MinimumVisualStudioVersion = 10.0.40219.1
Project("{FAE04EC0-301F-11D3-BF4B-00C04F79EFBC}") = "ex4_51", "ex4_51.csproj", "{3B7DE1D3-5139-4FCB-9F16-0598C7285736}"
EndProject
Global
	GlobalSection(SolutionConfigurationPlatforms) = preSolution
		Debug|Any CPU = Debug|Any CPU
		Release|Any CPU = Release|Any CPU
	EndGlobalSection
	GlobalSection(ProjectConfigurationPlatforms) = postSolution
		{3B7DE1D3-5139-4FCB-9F16-0598C7285736}.Debug|Any CPU.ActiveCfg = Debug|Any CPU
		{3B7DE1D3-5139-4FCB-9F16-0598C7285736}.Debug|Any CPU.Build.0 = Debug|Any CPU
		{3B7DE1D3-5139-4FCB-9F16-0598C7285736}.Release|Any CPU.ActiveCfg = Release|Any CPU
		{3B7DE1D3-5139-4FCB-9F16-0598C7285736}.Release|Any CPU.Build.0 = Release|Any CPU
	EndGlobalSection
	GlobalSection(SolutionProperties) = preSolution
		HideSolutionNode = FALSE
	EndGlobalSection
	GlobalSection(ExtensibilityGlobals) = postSolution
		SolutionGuid = {B6648ADD-00E9-4C15-993F-A9B12BB002AD}
	EndGlobalSection
EndGlobal
