
Microsoft Visual Studio Solution File, Format Version 12.00
# Visual Studio Express 15 for Windows Desktop
VisualStudioVersion = 15.0.28307.1231
MinimumVisualStudioVersion = 10.0.40219.1
Project("{FAE04EC0-301F-11D3-BF4B-00C04F79EFBC}") = "test1_1", "test1_1.csproj", "{936CA674-7C2F-44E2-B2B0-378381CEFCA5}"
EndProject
Global
	GlobalSection(SolutionConfigurationPlatforms) = preSolution
		Debug|Any CPU = Debug|Any CPU
		Release|Any CPU = Release|Any CPU
	EndGlobalSection
	GlobalSection(ProjectConfigurationPlatforms) = postSolution
		{936CA674-7C2F-44E2-B2B0-378381CEFCA5}.Debug|Any CPU.ActiveCfg = Debug|Any CPU
		{936CA674-7C2F-44E2-B2B0-378381CEFCA5}.Debug|Any CPU.Build.0 = Debug|Any CPU
		{936CA674-7C2F-44E2-B2B0-378381CEFCA5}.Release|Any CPU.ActiveCfg = Release|Any CPU
		{936CA674-7C2F-44E2-B2B0-378381CEFCA5}.Release|Any CPU.Build.0 = Release|Any CPU
	EndGlobalSection
	GlobalSection(SolutionProperties) = preSolution
		HideSolutionNode = FALSE
	EndGlobalSection
	GlobalSection(ExtensibilityGlobals) = postSolution
		SolutionGuid = {522C0E1D-BEF5-4365-BBF8-22E06D95BC99}
	EndGlobalSection
EndGlobal
