
Microsoft Visual Studio Solution File, Format Version 12.00
# Visual Studio Express 15 for Windows Desktop
VisualStudioVersion = 15.0.28307.1231
MinimumVisualStudioVersion = 10.0.40219.1
Project("{FAE04EC0-301F-11D3-BF4B-00C04F79EFBC}") = "ex13_3", "ex13_3.csproj", "{CBBB46B6-CF9B-4ADC-8E21-C619F0541833}"
EndProject
Global
	GlobalSection(SolutionConfigurationPlatforms) = preSolution
		Debug|Any CPU = Debug|Any CPU
		Release|Any CPU = Release|Any CPU
	EndGlobalSection
	GlobalSection(ProjectConfigurationPlatforms) = postSolution
		{CBBB46B6-CF9B-4ADC-8E21-C619F0541833}.Debug|Any CPU.ActiveCfg = Debug|Any CPU
		{CBBB46B6-CF9B-4ADC-8E21-C619F0541833}.Debug|Any CPU.Build.0 = Debug|Any CPU
		{CBBB46B6-CF9B-4ADC-8E21-C619F0541833}.Release|Any CPU.ActiveCfg = Release|Any CPU
		{CBBB46B6-CF9B-4ADC-8E21-C619F0541833}.Release|Any CPU.Build.0 = Release|Any CPU
	EndGlobalSection
	GlobalSection(SolutionProperties) = preSolution
		HideSolutionNode = FALSE
	EndGlobalSection
	GlobalSection(ExtensibilityGlobals) = postSolution
		SolutionGuid = {E8576E2A-16C0-4E97-A6F4-FCDEAF3D8955}
	EndGlobalSection
EndGlobal
