
Microsoft Visual Studio Solution File, Format Version 12.00
# Visual Studio Express 15 for Windows Desktop
VisualStudioVersion = 15.0.28307.1231
MinimumVisualStudioVersion = 10.0.40219.1
Project("{FAE04EC0-301F-11D3-BF4B-00C04F79EFBC}") = "ex4_34", "ex4_34.csproj", "{FAED2B24-D74D-4D1D-A5DF-3180AB77A76B}"
EndProject
Global
	GlobalSection(SolutionConfigurationPlatforms) = preSolution
		Debug|Any CPU = Debug|Any CPU
		Release|Any CPU = Release|Any CPU
	EndGlobalSection
	GlobalSection(ProjectConfigurationPlatforms) = postSolution
		{FAED2B24-D74D-4D1D-A5DF-3180AB77A76B}.Debug|Any CPU.ActiveCfg = Debug|Any CPU
		{FAED2B24-D74D-4D1D-A5DF-3180AB77A76B}.Debug|Any CPU.Build.0 = Debug|Any CPU
		{FAED2B24-D74D-4D1D-A5DF-3180AB77A76B}.Release|Any CPU.ActiveCfg = Release|Any CPU
		{FAED2B24-D74D-4D1D-A5DF-3180AB77A76B}.Release|Any CPU.Build.0 = Release|Any CPU
	EndGlobalSection
	GlobalSection(SolutionProperties) = preSolution
		HideSolutionNode = FALSE
	EndGlobalSection
	GlobalSection(ExtensibilityGlobals) = postSolution
		SolutionGuid = {F5149CC3-F5DF-47B6-B26C-CFBB5D55C944}
	EndGlobalSection
EndGlobal
