
Microsoft Visual Studio Solution File, Format Version 12.00
# Visual Studio Express 15 for Windows Desktop
VisualStudioVersion = 15.0.28307.1231
MinimumVisualStudioVersion = 10.0.40219.1
Project("{FAE04EC0-301F-11D3-BF4B-00C04F79EFBC}") = "ex15_7", "ex15_7.csproj", "{9CAEED3F-3437-4723-AE1F-9BF9DD73590D}"
EndProject
Global
	GlobalSection(SolutionConfigurationPlatforms) = preSolution
		Debug|Any CPU = Debug|Any CPU
		Release|Any CPU = Release|Any CPU
	EndGlobalSection
	GlobalSection(ProjectConfigurationPlatforms) = postSolution
		{9CAEED3F-3437-4723-AE1F-9BF9DD73590D}.Debug|Any CPU.ActiveCfg = Debug|Any CPU
		{9CAEED3F-3437-4723-AE1F-9BF9DD73590D}.Debug|Any CPU.Build.0 = Debug|Any CPU
		{9CAEED3F-3437-4723-AE1F-9BF9DD73590D}.Release|Any CPU.ActiveCfg = Release|Any CPU
		{9CAEED3F-3437-4723-AE1F-9BF9DD73590D}.Release|Any CPU.Build.0 = Release|Any CPU
	EndGlobalSection
	GlobalSection(SolutionProperties) = preSolution
		HideSolutionNode = FALSE
	EndGlobalSection
	GlobalSection(ExtensibilityGlobals) = postSolution
		SolutionGuid = {71B3CE87-4F49-441D-B03E-1D546AF8EEA5}
	EndGlobalSection
EndGlobal
