
Microsoft Visual Studio Solution File, Format Version 12.00
# Visual Studio Express 15 for Windows Desktop
VisualStudioVersion = 15.0.28307.1231
MinimumVisualStudioVersion = 10.0.40219.1
Project("{FAE04EC0-301F-11D3-BF4B-00C04F79EFBC}") = "ex6_45", "ex6_45.csproj", "{1EDEF43D-4353-4F54-8947-579F0BC182CE}"
EndProject
Global
	GlobalSection(SolutionConfigurationPlatforms) = preSolution
		Debug|Any CPU = Debug|Any CPU
		Release|Any CPU = Release|Any CPU
	EndGlobalSection
	GlobalSection(ProjectConfigurationPlatforms) = postSolution
		{1EDEF43D-4353-4F54-8947-579F0BC182CE}.Debug|Any CPU.ActiveCfg = Debug|Any CPU
		{1EDEF43D-4353-4F54-8947-579F0BC182CE}.Debug|Any CPU.Build.0 = Debug|Any CPU
		{1EDEF43D-4353-4F54-8947-579F0BC182CE}.Release|Any CPU.ActiveCfg = Release|Any CPU
		{1EDEF43D-4353-4F54-8947-579F0BC182CE}.Release|Any CPU.Build.0 = Release|Any CPU
	EndGlobalSection
	GlobalSection(SolutionProperties) = preSolution
		HideSolutionNode = FALSE
	EndGlobalSection
	GlobalSection(ExtensibilityGlobals) = postSolution
		SolutionGuid = {A69A6BC1-BBB2-4F09-92E5-4C98D6AE3E0D}
	EndGlobalSection
EndGlobal
