
Microsoft Visual Studio Solution File, Format Version 12.00
# Visual Studio Express 15 for Windows Desktop
VisualStudioVersion = 15.0.28307.1231
MinimumVisualStudioVersion = 10.0.40219.1
Project("{FAE04EC0-301F-11D3-BF4B-00C04F79EFBC}") = "ex4_48", "ex4_48.csproj", "{0B9A4D95-2364-4538-A92D-FD78E84A9C1E}"
EndProject
Global
	GlobalSection(SolutionConfigurationPlatforms) = preSolution
		Debug|Any CPU = Debug|Any CPU
		Release|Any CPU = Release|Any CPU
	EndGlobalSection
	GlobalSection(ProjectConfigurationPlatforms) = postSolution
		{0B9A4D95-2364-4538-A92D-FD78E84A9C1E}.Debug|Any CPU.ActiveCfg = Debug|Any CPU
		{0B9A4D95-2364-4538-A92D-FD78E84A9C1E}.Debug|Any CPU.Build.0 = Debug|Any CPU
		{0B9A4D95-2364-4538-A92D-FD78E84A9C1E}.Release|Any CPU.ActiveCfg = Release|Any CPU
		{0B9A4D95-2364-4538-A92D-FD78E84A9C1E}.Release|Any CPU.Build.0 = Release|Any CPU
	EndGlobalSection
	GlobalSection(SolutionProperties) = preSolution
		HideSolutionNode = FALSE
	EndGlobalSection
	GlobalSection(ExtensibilityGlobals) = postSolution
		SolutionGuid = {7DB6D247-F81F-4AC7-9016-B07B4F848A2C}
	EndGlobalSection
EndGlobal
