
Microsoft Visual Studio Solution File, Format Version 12.00
# Visual Studio Express 15 for Windows Desktop
VisualStudioVersion = 15.0.28307.1231
MinimumVisualStudioVersion = 10.0.40219.1
Project("{FAE04EC0-301F-11D3-BF4B-00C04F79EFBC}") = "ex3_16", "ex3_16.csproj", "{DB20516A-B2ED-4D63-AD9C-DD45E72583BB}"
EndProject
Global
	GlobalSection(SolutionConfigurationPlatforms) = preSolution
		Debug|Any CPU = Debug|Any CPU
		Release|Any CPU = Release|Any CPU
	EndGlobalSection
	GlobalSection(ProjectConfigurationPlatforms) = postSolution
		{DB20516A-B2ED-4D63-AD9C-DD45E72583BB}.Debug|Any CPU.ActiveCfg = Debug|Any CPU
		{DB20516A-B2ED-4D63-AD9C-DD45E72583BB}.Debug|Any CPU.Build.0 = Debug|Any CPU
		{DB20516A-B2ED-4D63-AD9C-DD45E72583BB}.Release|Any CPU.ActiveCfg = Release|Any CPU
		{DB20516A-B2ED-4D63-AD9C-DD45E72583BB}.Release|Any CPU.Build.0 = Release|Any CPU
	EndGlobalSection
	GlobalSection(SolutionProperties) = preSolution
		HideSolutionNode = FALSE
	EndGlobalSection
	GlobalSection(ExtensibilityGlobals) = postSolution
		SolutionGuid = {D24738A2-DB85-4D50-A239-D7231AF8CFF1}
	EndGlobalSection
EndGlobal
