
Microsoft Visual Studio Solution File, Format Version 12.00
# Visual Studio Express 15 for Windows Desktop
VisualStudioVersion = 15.0.28307.1231
MinimumVisualStudioVersion = 10.0.40219.1
Project("{FAE04EC0-301F-11D3-BF4B-00C04F79EFBC}") = "ex_028", "ex_028.csproj", "{0B7140B8-9A8E-4FBD-BD71-1AD017DAF579}"
EndProject
Global
	GlobalSection(SolutionConfigurationPlatforms) = preSolution
		Debug|Any CPU = Debug|Any CPU
		Release|Any CPU = Release|Any CPU
	EndGlobalSection
	GlobalSection(ProjectConfigurationPlatforms) = postSolution
		{0B7140B8-9A8E-4FBD-BD71-1AD017DAF579}.Debug|Any CPU.ActiveCfg = Debug|Any CPU
		{0B7140B8-9A8E-4FBD-BD71-1AD017DAF579}.Debug|Any CPU.Build.0 = Debug|Any CPU
		{0B7140B8-9A8E-4FBD-BD71-1AD017DAF579}.Release|Any CPU.ActiveCfg = Release|Any CPU
		{0B7140B8-9A8E-4FBD-BD71-1AD017DAF579}.Release|Any CPU.Build.0 = Release|Any CPU
	EndGlobalSection
	GlobalSection(SolutionProperties) = preSolution
		HideSolutionNode = FALSE
	EndGlobalSection
	GlobalSection(ExtensibilityGlobals) = postSolution
		SolutionGuid = {E00A410C-6FDB-45D1-A38F-EE31E119A023}
	EndGlobalSection
EndGlobal
