
Microsoft Visual Studio Solution File, Format Version 12.00
# Visual Studio Express 15 for Windows Desktop
VisualStudioVersion = 15.0.28307.1231
MinimumVisualStudioVersion = 10.0.40219.1
Project("{FAE04EC0-301F-11D3-BF4B-00C04F79EFBC}") = "ex10_1", "ex10_1.csproj", "{2EF1B19D-6794-4C24-B1BE-9FF6D5D8461B}"
EndProject
Global
	GlobalSection(SolutionConfigurationPlatforms) = preSolution
		Debug|Any CPU = Debug|Any CPU
		Release|Any CPU = Release|Any CPU
	EndGlobalSection
	GlobalSection(ProjectConfigurationPlatforms) = postSolution
		{2EF1B19D-6794-4C24-B1BE-9FF6D5D8461B}.Debug|Any CPU.ActiveCfg = Debug|Any CPU
		{2EF1B19D-6794-4C24-B1BE-9FF6D5D8461B}.Debug|Any CPU.Build.0 = Debug|Any CPU
		{2EF1B19D-6794-4C24-B1BE-9FF6D5D8461B}.Release|Any CPU.ActiveCfg = Release|Any CPU
		{2EF1B19D-6794-4C24-B1BE-9FF6D5D8461B}.Release|Any CPU.Build.0 = Release|Any CPU
	EndGlobalSection
	GlobalSection(SolutionProperties) = preSolution
		HideSolutionNode = FALSE
	EndGlobalSection
	GlobalSection(ExtensibilityGlobals) = postSolution
		SolutionGuid = {3326A87A-CFAC-4382-AD1D-378CE82AB647}
	EndGlobalSection
EndGlobal
