
Microsoft Visual Studio Solution File, Format Version 12.00
# Visual Studio Express 15 for Windows Desktop
VisualStudioVersion = 15.0.28307.1231
MinimumVisualStudioVersion = 10.0.40219.1
Project("{FAE04EC0-301F-11D3-BF4B-00C04F79EFBC}") = "ex6_5", "ex6_5.csproj", "{78568788-CF8C-441E-A3ED-EDE3D46D5136}"
EndProject
Global
	GlobalSection(SolutionConfigurationPlatforms) = preSolution
		Debug|Any CPU = Debug|Any CPU
		Release|Any CPU = Release|Any CPU
	EndGlobalSection
	GlobalSection(ProjectConfigurationPlatforms) = postSolution
		{78568788-CF8C-441E-A3ED-EDE3D46D5136}.Debug|Any CPU.ActiveCfg = Debug|Any CPU
		{78568788-CF8C-441E-A3ED-EDE3D46D5136}.Debug|Any CPU.Build.0 = Debug|Any CPU
		{78568788-CF8C-441E-A3ED-EDE3D46D5136}.Release|Any CPU.ActiveCfg = Release|Any CPU
		{78568788-CF8C-441E-A3ED-EDE3D46D5136}.Release|Any CPU.Build.0 = Release|Any CPU
	EndGlobalSection
	GlobalSection(SolutionProperties) = preSolution
		HideSolutionNode = FALSE
	EndGlobalSection
	GlobalSection(ExtensibilityGlobals) = postSolution
		SolutionGuid = {BE933626-6825-42CF-B5BD-3A08E8C0D3C3}
	EndGlobalSection
EndGlobal
