
Microsoft Visual Studio Solution File, Format Version 12.00
# Visual Studio Express 15 for Windows Desktop
VisualStudioVersion = 15.0.28307.1231
MinimumVisualStudioVersion = 10.0.40219.1
Project("{FAE04EC0-301F-11D3-BF4B-00C04F79EFBC}") = "ex_067", "ex_067.csproj", "{1D2F0699-710A-48C5-995E-E12921DB917C}"
EndProject
Global
	GlobalSection(SolutionConfigurationPlatforms) = preSolution
		Debug|Any CPU = Debug|Any CPU
		Release|Any CPU = Release|Any CPU
	EndGlobalSection
	GlobalSection(ProjectConfigurationPlatforms) = postSolution
		{1D2F0699-710A-48C5-995E-E12921DB917C}.Debug|Any CPU.ActiveCfg = Debug|Any CPU
		{1D2F0699-710A-48C5-995E-E12921DB917C}.Debug|Any CPU.Build.0 = Debug|Any CPU
		{1D2F0699-710A-48C5-995E-E12921DB917C}.Release|Any CPU.ActiveCfg = Release|Any CPU
		{1D2F0699-710A-48C5-995E-E12921DB917C}.Release|Any CPU.Build.0 = Release|Any CPU
	EndGlobalSection
	GlobalSection(SolutionProperties) = preSolution
		HideSolutionNode = FALSE
	EndGlobalSection
	GlobalSection(ExtensibilityGlobals) = postSolution
		SolutionGuid = {6FDB11AE-293A-457D-BACD-701D845077A0}
	EndGlobalSection
EndGlobal
