
Microsoft Visual Studio Solution File, Format Version 12.00
# Visual Studio Express 15 for Windows Desktop
VisualStudioVersion = 15.0.28307.1231
MinimumVisualStudioVersion = 10.0.40219.1
Project("{FAE04EC0-301F-11D3-BF4B-00C04F79EFBC}") = "ex3_3", "ex3_3.csproj", "{4AE14C0B-BFFB-42CA-8A60-6480EF6D5859}"
EndProject
Global
	GlobalSection(SolutionConfigurationPlatforms) = preSolution
		Debug|Any CPU = Debug|Any CPU
		Release|Any CPU = Release|Any CPU
	EndGlobalSection
	GlobalSection(ProjectConfigurationPlatforms) = postSolution
		{4AE14C0B-BFFB-42CA-8A60-6480EF6D5859}.Debug|Any CPU.ActiveCfg = Debug|Any CPU
		{4AE14C0B-BFFB-42CA-8A60-6480EF6D5859}.Debug|Any CPU.Build.0 = Debug|Any CPU
		{4AE14C0B-BFFB-42CA-8A60-6480EF6D5859}.Release|Any CPU.ActiveCfg = Release|Any CPU
		{4AE14C0B-BFFB-42CA-8A60-6480EF6D5859}.Release|Any CPU.Build.0 = Release|Any CPU
	EndGlobalSection
	GlobalSection(SolutionProperties) = preSolution
		HideSolutionNode = FALSE
	EndGlobalSection
	GlobalSection(ExtensibilityGlobals) = postSolution
		SolutionGuid = {DE123CF5-9D59-414E-846A-B967BE94293F}
	EndGlobalSection
EndGlobal
